// !$*UTF8*$!
{
	archiveVersion = 1;
	classes = {
	};
	objectVersion = 46;
	objects = {

/* Begin PBXBuildFile section */
		1813E37A1BE1EDB100B2514F /* SnapshotViewController.swift in Sources */ = {isa = PBXBuildFile; fileRef = 1813E3791BE1EDB000B2514F /* SnapshotViewController.swift */; };
		1838BEED1BD9CFAB005D7D8B /* GalleryBrowserViewController.swift in Sources */ = {isa = PBXBuildFile; fileRef = 1838BEEC1BD9CFAB005D7D8B /* GalleryBrowserViewController.swift */; };
		1838BEEF1BDA0570005D7D8B /* JSProcess.swift in Sources */ = {isa = PBXBuildFile; fileRef = 1838BEEE1BDA0570005D7D8B /* JSProcess.swift */; };
		1838BEF11BDA204F005D7D8B /* GalleryDetailViewController.swift in Sources */ = {isa = PBXBuildFile; fileRef = 1838BEF01BDA204F005D7D8B /* GalleryDetailViewController.swift */; };
		1868A3731BE87E8D007D5F47 /* CustomizedNavigationController.swift in Sources */ = {isa = PBXBuildFile; fileRef = 1868A3721BE87E8D007D5F47 /* CustomizedNavigationController.swift */; };
		1868A3751BE883A9007D5F47 /* TestNavigationController.swift in Sources */ = {isa = PBXBuildFile; fileRef = 1868A3741BE883A9007D5F47 /* TestNavigationController.swift */; };
		1892CEC21BDF0FCF006CBA03 /* RCPop.swift in Sources */ = {isa = PBXBuildFile; fileRef = 1892CEC11BDF0FCF006CBA03 /* RCPop.swift */; };
		189830A51BDDD60E00FFE854 /* ImagesCell.swift in Sources */ = {isa = PBXBuildFile; fileRef = 189830A41BDDD60E00FFE854 /* ImagesCell.swift */; };
		189B6DA11BCF32A70083C02B /* Components.storyboard in Resources */ = {isa = PBXBuildFile; fileRef = 189B6DA01BCF32A70083C02B /* Components.storyboard */; };
		189B6DA41BCF32D50083C02B /* ParagraphViewController.swift in Sources */ = {isa = PBXBuildFile; fileRef = 189B6DA31BCF32D50083C02B /* ParagraphViewController.swift */; };
		18A9BB691BD5D93C00532575 /* DictionaryViewController.swift in Sources */ = {isa = PBXBuildFile; fileRef = 18A9BB681BD5D93C00532575 /* DictionaryViewController.swift */; };
		18A9BB6B1BD5D9D900532575 /* ComponentsTableViewController.swift in Sources */ = {isa = PBXBuildFile; fileRef = 18A9BB6A1BD5D9D900532575 /* ComponentsTableViewController.swift */; };
		18B5ED051BE0ADC700B29BCC /* Graphic.storyboard in Resources */ = {isa = PBXBuildFile; fileRef = 18B5ED041BE0ADC700B29BCC /* Graphic.storyboard */; };
		18B5ED071BE0AE4400B29BCC /* GraphicTableViewController.swift in Sources */ = {isa = PBXBuildFile; fileRef = 18B5ED061BE0AE4400B29BCC /* GraphicTableViewController.swift */; };
		18B5ED091BE0AEA900B29BCC /* CarMovingViewController.swift in Sources */ = {isa = PBXBuildFile; fileRef = 18B5ED081BE0AEA900B29BCC /* CarMovingViewController.swift */; };
		18E03B081BD08FDB0080FA72 /* UIVerticalLabel.swift in Sources */ = {isa = PBXBuildFile; fileRef = 18E03B071BD08FDB0080FA72 /* UIVerticalLabel.swift */; };
		18E5C7481BD740430095D216 /* RCGlimmer.swift in Sources */ = {isa = PBXBuildFile; fileRef = 18E5C7471BD740430095D216 /* RCGlimmer.swift */; };
		18E5C74A1BD740AB0095D216 /* GlimmerViewController.swift in Sources */ = {isa = PBXBuildFile; fileRef = 18E5C7491BD740AB0095D216 /* GlimmerViewController.swift */; };
		CD13C91A1BABE5B4007CDA32 /* SecondBeenPresentedViewController.swift in Sources */ = {isa = PBXBuildFile; fileRef = CD13C9191BABE5B4007CDA32 /* SecondBeenPresentedViewController.swift */; };
		CD2B4D941BABB7D7003FFF19 /* BeenPresentedViewController.swift in Sources */ = {isa = PBXBuildFile; fileRef = CD2B4D931BABB7D7003FFF19 /* BeenPresentedViewController.swift */; };
		CD2B4D971BABC263003FFF19 /* WithNavBeenPresentedViewController.swift in Sources */ = {isa = PBXBuildFile; fileRef = CD2B4D961BABC263003FFF19 /* WithNavBeenPresentedViewController.swift */; };
		CD2B4D9A1BABC5FA003FFF19 /* TestWindowMask.swift in Sources */ = {isa = PBXBuildFile; fileRef = CD2B4D991BABC5FA003FFF19 /* TestWindowMask.swift */; };
		CD2D80741C1A75A300E49AED /* LabelViewController.swift in Sources */ = {isa = PBXBuildFile; fileRef = CD2D80731C1A75A300E49AED /* LabelViewController.swift */; };
		CD4661DA1BBA100B00FDFBDC /* FirstViewController.swift in Sources */ = {isa = PBXBuildFile; fileRef = CD4661D91BBA100B00FDFBDC /* FirstViewController.swift */; };
		CD4661DC1BBA101600FDFBDC /* SecondViewController.swift in Sources */ = {isa = PBXBuildFile; fileRef = CD4661DB1BBA101600FDFBDC /* SecondViewController.swift */; };
		CD4661DE1BBA102000FDFBDC /* ThirdViewController.swift in Sources */ = {isa = PBXBuildFile; fileRef = CD4661DD1BBA102000FDFBDC /* ThirdViewController.swift */; };
		CD4BB2371BAA6D2300072773 /* AppDelegate.swift in Sources */ = {isa = PBXBuildFile; fileRef = CD4BB2361BAA6D2300072773 /* AppDelegate.swift */; };
		CD4BB2391BAA6D2300072773 /* ViewController.swift in Sources */ = {isa = PBXBuildFile; fileRef = CD4BB2381BAA6D2300072773 /* ViewController.swift */; };
		CD4BB23C1BAA6D2300072773 /* Main.storyboard in Resources */ = {isa = PBXBuildFile; fileRef = CD4BB23A1BAA6D2300072773 /* Main.storyboard */; };
		CD4BB23E1BAA6D2300072773 /* Images.xcassets in Resources */ = {isa = PBXBuildFile; fileRef = CD4BB23D1BAA6D2300072773 /* Images.xcassets */; };
		CD4BB2411BAA6D2300072773 /* LaunchScreen.xib in Resources */ = {isa = PBXBuildFile; fileRef = CD4BB23F1BAA6D2300072773 /* LaunchScreen.xib */; };
		CD4BB24D1BAA6D2400072773 /* RCToolsDemoTests.swift in Sources */ = {isa = PBXBuildFile; fileRef = CD4BB24C1BAA6D2400072773 /* RCToolsDemoTests.swift */; };
		CD4BB2591BAA70B000072773 /* WindowMaskViewController.swift in Sources */ = {isa = PBXBuildFile; fileRef = CD4BB2581BAA70B000072773 /* WindowMaskViewController.swift */; };
		CD4BB25B1BAA70F000072773 /* RCTools.swift in Sources */ = {isa = PBXBuildFile; fileRef = CD4BB25A1BAA70F000072773 /* RCTools.swift */; };
		CD6582EF1BC7C9610053BD0E /* FifthViewController.swift in Sources */ = {isa = PBXBuildFile; fileRef = CD6582EE1BC7C9610053BD0E /* FifthViewController.swift */; };
		CD6582F11BC7C9710053BD0E /* PresentedViewController.swift in Sources */ = {isa = PBXBuildFile; fileRef = CD6582F01BC7C9710053BD0E /* PresentedViewController.swift */; };
		CD6DD93D1BCBD9280092F561 /* CurveShadowView.swift in Sources */ = {isa = PBXBuildFile; fileRef = CD6DD93C1BCBD9280092F561 /* CurveShadowView.swift */; };
		CD6DD9401BCBDC3A0092F561 /* ShadowViewController.swift in Sources */ = {isa = PBXBuildFile; fileRef = CD6DD93F1BCBDC3A0092F561 /* ShadowViewController.swift */; };
		CD6DFAF81BCFD39F0015E6CF /* MyUILabel.swift in Sources */ = {isa = PBXBuildFile; fileRef = CD6DFAF71BCFD39F0015E6CF /* MyUILabel.swift */; };
		CD765E421C83D524005B8C6E /* EWCFaceHelper.swift in Sources */ = {isa = PBXBuildFile; fileRef = CD765E411C83D524005B8C6E /* EWCFaceHelper.swift */; };
		CD7C96AC1BB4E311001754A1 /* ScenesTransitionViewController.swift in Sources */ = {isa = PBXBuildFile; fileRef = CD7C96AB1BB4E311001754A1 /* ScenesTransitionViewController.swift */; };
		CD7FCDEA1BC6433200A126A6 /* FourthViewController.swift in Sources */ = {isa = PBXBuildFile; fileRef = CD7FCDE91BC6433200A126A6 /* FourthViewController.swift */; };
		CD8816C41BBB959F0052EA45 /* SegueTools.swift in Sources */ = {isa = PBXBuildFile; fileRef = CD8816C31BBB959F0052EA45 /* SegueTools.swift */; };
		CD8E90F11C103D6E00BF50EA /* BadgeViewController.swift in Sources */ = {isa = PBXBuildFile; fileRef = CD8E90F01C103D6E00BF50EA /* BadgeViewController.swift */; };
		CD8E90F31C1045E500BF50EA /* RedCircleLayer.swift in Sources */ = {isa = PBXBuildFile; fileRef = CD8E90F21C1045E500BF50EA /* RedCircleLayer.swift */; };
		CD9193101C745E9000FA0011 /* RCTextField.swift in Sources */ = {isa = PBXBuildFile; fileRef = CD91930F1C745E9000FA0011 /* RCTextField.swift */; };
		CD9229E81BF4662B004BF267 /* AudioViewController.swift in Sources */ = {isa = PBXBuildFile; fileRef = CD9229E61BF4662B004BF267 /* AudioViewController.swift */; };
		CDB90D051BEC35D10090D802 /* BezierPathViewController.swift in Sources */ = {isa = PBXBuildFile; fileRef = CDB90D041BEC35D10090D802 /* BezierPathViewController.swift */; };
		CDBAC6E01BB5328200ADB568 /* ContainerViewController.swift in Sources */ = {isa = PBXBuildFile; fileRef = CDBAC6DF1BB5328200ADB568 /* ContainerViewController.swift */; };
		CDD515A01BE306F200C5765C /* ZeroGapViewController.swift in Sources */ = {isa = PBXBuildFile; fileRef = CDD5159F1BE306F200C5765C /* ZeroGapViewController.swift */; };
		CDD515A31BE3074200C5765C /* Controls.storyboard in Resources */ = {isa = PBXBuildFile; fileRef = CDD515A21BE3074200C5765C /* Controls.storyboard */; };
		CDD515A51BE307CF00C5765C /* ControlsTableViewController.swift in Sources */ = {isa = PBXBuildFile; fileRef = CDD515A41BE307CF00C5765C /* ControlsTableViewController.swift */; };
		CDD515A81BE30E9800C5765C /* ZeriGapCollectionViewLayout.swift in Sources */ = {isa = PBXBuildFile; fileRef = CDD515A71BE30E9800C5765C /* ZeriGapCollectionViewLayout.swift */; };
		CDE315831BAD3F8100D2C6AF /* MaskViewController.swift in Sources */ = {isa = PBXBuildFile; fileRef = CDE315821BAD3F8100D2C6AF /* MaskViewController.swift */; };
		E60E1DB71C3E1F16006F4D06 /* DateProc.swift in Sources */ = {isa = PBXBuildFile; fileRef = E60E1DB61C3E1F16006F4D06 /* DateProc.swift */; };
		E62CC7AD1C4F218500E8E84F /* TextFieldViewController.swift in Sources */ = {isa = PBXBuildFile; fileRef = E62CC7AC1C4F218500E8E84F /* TextFieldViewController.swift */; };
		E69049011C474EBE006C5314 /* DynamicBehaviorViewController.swift in Sources */ = {isa = PBXBuildFile; fileRef = E69049001C474EBE006C5314 /* DynamicBehaviorViewController.swift */; };
		E695290D1C7EF7C00032FDDC /* AutoLayoutViewController.swift in Sources */ = {isa = PBXBuildFile; fileRef = E695290C1C7EF7C00032FDDC /* AutoLayoutViewController.swift */; };
		E6AA01021C83F8A6009F3AB1 /* EWCTextMessageCell.swift in Sources */ = {isa = PBXBuildFile; fileRef = E6AA01011C83F8A6009F3AB1 /* EWCTextMessageCell.swift */; };
		E6AA01041C8415E0009F3AB1 /* EWCImageMessageCell.swift in Sources */ = {isa = PBXBuildFile; fileRef = E6AA01031C8415E0009F3AB1 /* EWCImageMessageCell.swift */; };
		E6AA01061C841A29009F3AB1 /* EWCVoiceMessageCell.swift in Sources */ = {isa = PBXBuildFile; fileRef = E6AA01051C841A29009F3AB1 /* EWCVoiceMessageCell.swift */; };
		E6AA01081C841A58009F3AB1 /* EWCSystemMessageCell.swift in Sources */ = {isa = PBXBuildFile; fileRef = E6AA01071C841A58009F3AB1 /* EWCSystemMessageCell.swift */; };
		E6D1ECBB1C1EABA400995844 /* ImageViewController.swift in Sources */ = {isa = PBXBuildFile; fileRef = E6D1ECBA1C1EABA400995844 /* ImageViewController.swift */; };
		E6D1ECBE1C1EAE2D00995844 /* 496.gif in Resources */ = {isa = PBXBuildFile; fileRef = E6D1ECBD1C1EAE2D00995844 /* 496.gif */; };
		E6D1ECC31C1EAF4100995844 /* UIImage+animatedGIF.m in Sources */ = {isa = PBXBuildFile; fileRef = E6D1ECC21C1EAF4100995844 /* UIImage+animatedGIF.m */; };
		E6F2DC1B1C7FFD1D008B9460 /* EWCViewController.swift in Sources */ = {isa = PBXBuildFile; fileRef = E6F2DC1A1C7FFD1D008B9460 /* EWCViewController.swift */; };
		E6F2DC1D1C8023D2008B9460 /* EWCChatMessageViewController.swift in Sources */ = {isa = PBXBuildFile; fileRef = E6F2DC1C1C8023D2008B9460 /* EWCChatMessageViewController.swift */; };
		E6F2DC1F1C80262E008B9460 /* EWCMessage.swift in Sources */ = {isa = PBXBuildFile; fileRef = E6F2DC1E1C80262E008B9460 /* EWCMessage.swift */; };
		E6F2DC211C80279F008B9460 /* EWCMessageCell.swift in Sources */ = {isa = PBXBuildFile; fileRef = E6F2DC201C80279F008B9460 /* EWCMessageCell.swift */; };
		E6F2DC231C8029B8008B9460 /* Readme in Resources */ = {isa = PBXBuildFile; fileRef = E6F2DC221C8029B8008B9460 /* Readme */; };
		E6F2DC271C802B03008B9460 /* EWCUser.swift in Sources */ = {isa = PBXBuildFile; fileRef = E6F2DC261C802B03008B9460 /* EWCUser.swift */; };
		E6F2DC2B1C802DEF008B9460 /* EWCChatBox.swift in Sources */ = {isa = PBXBuildFile; fileRef = E6F2DC2A1C802DEF008B9460 /* EWCChatBox.swift */; };
		E6F2DC2D1C8030FF008B9460 /* ChatViewImages.xcassets in Resources */ = {isa = PBXBuildFile; fileRef = E6F2DC2C1C8030FF008B9460 /* ChatViewImages.xcassets */; };
		E6F2DC2F1C804994008B9460 /* EWCChatBoxViewController.swift in Sources */ = {isa = PBXBuildFile; fileRef = E6F2DC2E1C804994008B9460 /* EWCChatBoxViewController.swift */; };
		E6F2DC321C804EAC008B9460 /* EWCChatHelper.swift in Sources */ = {isa = PBXBuildFile; fileRef = E6F2DC311C804EAC008B9460 /* EWCChatHelper.swift */; };
		F0E44003087A7F78739C3E76 /* Pods.framework in Frameworks */ = {isa = PBXBuildFile; fileRef = 2862304045F5F0A51216D43A /* Pods.framework */; };
/* End PBXBuildFile section */

/* Begin PBXContainerItemProxy section */
		CD4BB2471BAA6D2400072773 /* PBXContainerItemProxy */ = {
			isa = PBXContainerItemProxy;
			containerPortal = CD4BB2291BAA6D2300072773 /* Project object */;
			proxyType = 1;
			remoteGlobalIDString = CD4BB2301BAA6D2300072773;
			remoteInfo = RCToolsDemo;
		};
/* End PBXContainerItemProxy section */

/* Begin PBXFileReference section */
		1813E3791BE1EDB000B2514F /* SnapshotViewController.swift */ = {isa = PBXFileReference; fileEncoding = 4; lastKnownFileType = sourcecode.swift; path = SnapshotViewController.swift; sourceTree = "<group>"; };
		1838BEEC1BD9CFAB005D7D8B /* GalleryBrowserViewController.swift */ = {isa = PBXFileReference; fileEncoding = 4; lastKnownFileType = sourcecode.swift; path = GalleryBrowserViewController.swift; sourceTree = "<group>"; };
		1838BEEE1BDA0570005D7D8B /* JSProcess.swift */ = {isa = PBXFileReference; fileEncoding = 4; lastKnownFileType = sourcecode.swift; path = JSProcess.swift; sourceTree = "<group>"; };
		1838BEF01BDA204F005D7D8B /* GalleryDetailViewController.swift */ = {isa = PBXFileReference; fileEncoding = 4; lastKnownFileType = sourcecode.swift; path = GalleryDetailViewController.swift; sourceTree = "<group>"; };
		1868A3721BE87E8D007D5F47 /* CustomizedNavigationController.swift */ = {isa = PBXFileReference; fileEncoding = 4; lastKnownFileType = sourcecode.swift; path = CustomizedNavigationController.swift; sourceTree = "<group>"; };
		1868A3741BE883A9007D5F47 /* TestNavigationController.swift */ = {isa = PBXFileReference; fileEncoding = 4; lastKnownFileType = sourcecode.swift; path = TestNavigationController.swift; sourceTree = "<group>"; };
		1892CEC11BDF0FCF006CBA03 /* RCPop.swift */ = {isa = PBXFileReference; fileEncoding = 4; lastKnownFileType = sourcecode.swift; path = RCPop.swift; sourceTree = "<group>"; };
		189830A41BDDD60E00FFE854 /* ImagesCell.swift */ = {isa = PBXFileReference; fileEncoding = 4; lastKnownFileType = sourcecode.swift; path = ImagesCell.swift; sourceTree = "<group>"; };
		189B6DA01BCF32A70083C02B /* Components.storyboard */ = {isa = PBXFileReference; fileEncoding = 4; lastKnownFileType = file.storyboard; path = Components.storyboard; sourceTree = "<group>"; };
		189B6DA31BCF32D50083C02B /* ParagraphViewController.swift */ = {isa = PBXFileReference; fileEncoding = 4; lastKnownFileType = sourcecode.swift; path = ParagraphViewController.swift; sourceTree = "<group>"; };
		18A9BB681BD5D93C00532575 /* DictionaryViewController.swift */ = {isa = PBXFileReference; fileEncoding = 4; lastKnownFileType = sourcecode.swift; path = DictionaryViewController.swift; sourceTree = "<group>"; };
		18A9BB6A1BD5D9D900532575 /* ComponentsTableViewController.swift */ = {isa = PBXFileReference; fileEncoding = 4; lastKnownFileType = sourcecode.swift; path = ComponentsTableViewController.swift; sourceTree = "<group>"; };
		18B5ED041BE0ADC700B29BCC /* Graphic.storyboard */ = {isa = PBXFileReference; fileEncoding = 4; lastKnownFileType = file.storyboard; path = Graphic.storyboard; sourceTree = "<group>"; };
		18B5ED061BE0AE4400B29BCC /* GraphicTableViewController.swift */ = {isa = PBXFileReference; fileEncoding = 4; lastKnownFileType = sourcecode.swift; path = GraphicTableViewController.swift; sourceTree = "<group>"; };
		18B5ED081BE0AEA900B29BCC /* CarMovingViewController.swift */ = {isa = PBXFileReference; fileEncoding = 4; lastKnownFileType = sourcecode.swift; path = CarMovingViewController.swift; sourceTree = "<group>"; };
		18E03B071BD08FDB0080FA72 /* UIVerticalLabel.swift */ = {isa = PBXFileReference; fileEncoding = 4; lastKnownFileType = sourcecode.swift; path = UIVerticalLabel.swift; sourceTree = "<group>"; };
		18E5C7471BD740430095D216 /* RCGlimmer.swift */ = {isa = PBXFileReference; fileEncoding = 4; lastKnownFileType = sourcecode.swift; path = RCGlimmer.swift; sourceTree = "<group>"; };
		18E5C7491BD740AB0095D216 /* GlimmerViewController.swift */ = {isa = PBXFileReference; fileEncoding = 4; lastKnownFileType = sourcecode.swift; path = GlimmerViewController.swift; sourceTree = "<group>"; };
		2862304045F5F0A51216D43A /* Pods.framework */ = {isa = PBXFileReference; explicitFileType = wrapper.framework; includeInIndex = 0; path = Pods.framework; sourceTree = BUILT_PRODUCTS_DIR; };
		B0704147E1EBE1FADCB45EA6 /* Pods.debug.xcconfig */ = {isa = PBXFileReference; includeInIndex = 1; lastKnownFileType = text.xcconfig; name = Pods.debug.xcconfig; path = "../Pods/Target Support Files/Pods/Pods.debug.xcconfig"; sourceTree = "<group>"; };
		B955DFDD506B0E9E45209427 /* Pods.release.xcconfig */ = {isa = PBXFileReference; includeInIndex = 1; lastKnownFileType = text.xcconfig; name = Pods.release.xcconfig; path = "../Pods/Target Support Files/Pods/Pods.release.xcconfig"; sourceTree = "<group>"; };
		CD13C9191BABE5B4007CDA32 /* SecondBeenPresentedViewController.swift */ = {isa = PBXFileReference; fileEncoding = 4; lastKnownFileType = sourcecode.swift; path = SecondBeenPresentedViewController.swift; sourceTree = "<group>"; };
		CD2B4D931BABB7D7003FFF19 /* BeenPresentedViewController.swift */ = {isa = PBXFileReference; fileEncoding = 4; lastKnownFileType = sourcecode.swift; path = BeenPresentedViewController.swift; sourceTree = "<group>"; };
		CD2B4D961BABC263003FFF19 /* WithNavBeenPresentedViewController.swift */ = {isa = PBXFileReference; fileEncoding = 4; lastKnownFileType = sourcecode.swift; path = WithNavBeenPresentedViewController.swift; sourceTree = "<group>"; };
		CD2B4D991BABC5FA003FFF19 /* TestWindowMask.swift */ = {isa = PBXFileReference; fileEncoding = 4; lastKnownFileType = sourcecode.swift; path = TestWindowMask.swift; sourceTree = "<group>"; };
		CD2D80731C1A75A300E49AED /* LabelViewController.swift */ = {isa = PBXFileReference; fileEncoding = 4; lastKnownFileType = sourcecode.swift; path = LabelViewController.swift; sourceTree = "<group>"; };
		CD4661D91BBA100B00FDFBDC /* FirstViewController.swift */ = {isa = PBXFileReference; fileEncoding = 4; lastKnownFileType = sourcecode.swift; path = FirstViewController.swift; sourceTree = "<group>"; };
		CD4661DB1BBA101600FDFBDC /* SecondViewController.swift */ = {isa = PBXFileReference; fileEncoding = 4; lastKnownFileType = sourcecode.swift; path = SecondViewController.swift; sourceTree = "<group>"; };
		CD4661DD1BBA102000FDFBDC /* ThirdViewController.swift */ = {isa = PBXFileReference; fileEncoding = 4; lastKnownFileType = sourcecode.swift; path = ThirdViewController.swift; sourceTree = "<group>"; };
		CD4BB2311BAA6D2300072773 /* RCToolsDemo.app */ = {isa = PBXFileReference; explicitFileType = wrapper.application; includeInIndex = 0; path = RCToolsDemo.app; sourceTree = BUILT_PRODUCTS_DIR; };
		CD4BB2351BAA6D2300072773 /* Info.plist */ = {isa = PBXFileReference; lastKnownFileType = text.plist.xml; path = Info.plist; sourceTree = "<group>"; };
		CD4BB2361BAA6D2300072773 /* AppDelegate.swift */ = {isa = PBXFileReference; lastKnownFileType = sourcecode.swift; path = AppDelegate.swift; sourceTree = "<group>"; };
		CD4BB2381BAA6D2300072773 /* ViewController.swift */ = {isa = PBXFileReference; lastKnownFileType = sourcecode.swift; path = ViewController.swift; sourceTree = "<group>"; };
		CD4BB23B1BAA6D2300072773 /* Base */ = {isa = PBXFileReference; lastKnownFileType = file.storyboard; name = Base; path = Base.lproj/Main.storyboard; sourceTree = "<group>"; };
		CD4BB23D1BAA6D2300072773 /* Images.xcassets */ = {isa = PBXFileReference; lastKnownFileType = folder.assetcatalog; path = Images.xcassets; sourceTree = "<group>"; };
		CD4BB2401BAA6D2300072773 /* Base */ = {isa = PBXFileReference; lastKnownFileType = file.xib; name = Base; path = Base.lproj/LaunchScreen.xib; sourceTree = "<group>"; };
		CD4BB2461BAA6D2400072773 /* RCToolsDemoTests.xctest */ = {isa = PBXFileReference; explicitFileType = wrapper.cfbundle; includeInIndex = 0; path = RCToolsDemoTests.xctest; sourceTree = BUILT_PRODUCTS_DIR; };
		CD4BB24B1BAA6D2400072773 /* Info.plist */ = {isa = PBXFileReference; lastKnownFileType = text.plist.xml; path = Info.plist; sourceTree = "<group>"; };
		CD4BB24C1BAA6D2400072773 /* RCToolsDemoTests.swift */ = {isa = PBXFileReference; lastKnownFileType = sourcecode.swift; path = RCToolsDemoTests.swift; sourceTree = "<group>"; };
		CD4BB2581BAA70B000072773 /* WindowMaskViewController.swift */ = {isa = PBXFileReference; fileEncoding = 4; lastKnownFileType = sourcecode.swift; path = WindowMaskViewController.swift; sourceTree = "<group>"; };
		CD4BB25A1BAA70F000072773 /* RCTools.swift */ = {isa = PBXFileReference; fileEncoding = 4; lastKnownFileType = sourcecode.swift; path = RCTools.swift; sourceTree = "<group>"; };
		CD6582EE1BC7C9610053BD0E /* FifthViewController.swift */ = {isa = PBXFileReference; fileEncoding = 4; lastKnownFileType = sourcecode.swift; path = FifthViewController.swift; sourceTree = "<group>"; };
		CD6582F01BC7C9710053BD0E /* PresentedViewController.swift */ = {isa = PBXFileReference; fileEncoding = 4; lastKnownFileType = sourcecode.swift; path = PresentedViewController.swift; sourceTree = "<group>"; };
		CD6DD93C1BCBD9280092F561 /* CurveShadowView.swift */ = {isa = PBXFileReference; fileEncoding = 4; lastKnownFileType = sourcecode.swift; path = CurveShadowView.swift; sourceTree = "<group>"; };
		CD6DD93F1BCBDC3A0092F561 /* ShadowViewController.swift */ = {isa = PBXFileReference; fileEncoding = 4; lastKnownFileType = sourcecode.swift; path = ShadowViewController.swift; sourceTree = "<group>"; };
		CD6DFAF71BCFD39F0015E6CF /* MyUILabel.swift */ = {isa = PBXFileReference; fileEncoding = 4; lastKnownFileType = sourcecode.swift; path = MyUILabel.swift; sourceTree = "<group>"; };
		CD765E411C83D524005B8C6E /* EWCFaceHelper.swift */ = {isa = PBXFileReference; fileEncoding = 4; lastKnownFileType = sourcecode.swift; path = EWCFaceHelper.swift; sourceTree = "<group>"; };
		CD7C96AB1BB4E311001754A1 /* ScenesTransitionViewController.swift */ = {isa = PBXFileReference; fileEncoding = 4; lastKnownFileType = sourcecode.swift; path = ScenesTransitionViewController.swift; sourceTree = "<group>"; };
		CD7FCDE91BC6433200A126A6 /* FourthViewController.swift */ = {isa = PBXFileReference; fileEncoding = 4; lastKnownFileType = sourcecode.swift; path = FourthViewController.swift; sourceTree = "<group>"; };
		CD8816C31BBB959F0052EA45 /* SegueTools.swift */ = {isa = PBXFileReference; fileEncoding = 4; lastKnownFileType = sourcecode.swift; path = SegueTools.swift; sourceTree = "<group>"; };
		CD8E90F01C103D6E00BF50EA /* BadgeViewController.swift */ = {isa = PBXFileReference; fileEncoding = 4; lastKnownFileType = sourcecode.swift; path = BadgeViewController.swift; sourceTree = "<group>"; };
		CD8E90F21C1045E500BF50EA /* RedCircleLayer.swift */ = {isa = PBXFileReference; fileEncoding = 4; lastKnownFileType = sourcecode.swift; path = RedCircleLayer.swift; sourceTree = "<group>"; };
		CD91930F1C745E9000FA0011 /* RCTextField.swift */ = {isa = PBXFileReference; fileEncoding = 4; lastKnownFileType = sourcecode.swift; path = RCTextField.swift; sourceTree = "<group>"; };
		CD9229E61BF4662B004BF267 /* AudioViewController.swift */ = {isa = PBXFileReference; fileEncoding = 4; lastKnownFileType = sourcecode.swift; path = AudioViewController.swift; sourceTree = "<group>"; };
		CDB90D041BEC35D10090D802 /* BezierPathViewController.swift */ = {isa = PBXFileReference; fileEncoding = 4; lastKnownFileType = sourcecode.swift; path = BezierPathViewController.swift; sourceTree = "<group>"; };
		CDBAC6DF1BB5328200ADB568 /* ContainerViewController.swift */ = {isa = PBXFileReference; fileEncoding = 4; lastKnownFileType = sourcecode.swift; path = ContainerViewController.swift; sourceTree = "<group>"; };
		CDD5159F1BE306F200C5765C /* ZeroGapViewController.swift */ = {isa = PBXFileReference; fileEncoding = 4; lastKnownFileType = sourcecode.swift; path = ZeroGapViewController.swift; sourceTree = "<group>"; };
		CDD515A21BE3074200C5765C /* Controls.storyboard */ = {isa = PBXFileReference; fileEncoding = 4; lastKnownFileType = file.storyboard; path = Controls.storyboard; sourceTree = "<group>"; };
		CDD515A41BE307CF00C5765C /* ControlsTableViewController.swift */ = {isa = PBXFileReference; fileEncoding = 4; lastKnownFileType = sourcecode.swift; path = ControlsTableViewController.swift; sourceTree = "<group>"; };
		CDD515A71BE30E9800C5765C /* ZeriGapCollectionViewLayout.swift */ = {isa = PBXFileReference; fileEncoding = 4; lastKnownFileType = sourcecode.swift; path = ZeriGapCollectionViewLayout.swift; sourceTree = "<group>"; };
		CDE315821BAD3F8100D2C6AF /* MaskViewController.swift */ = {isa = PBXFileReference; fileEncoding = 4; lastKnownFileType = sourcecode.swift; path = MaskViewController.swift; sourceTree = "<group>"; };
		E60E1DB61C3E1F16006F4D06 /* DateProc.swift */ = {isa = PBXFileReference; fileEncoding = 4; lastKnownFileType = sourcecode.swift; path = DateProc.swift; sourceTree = "<group>"; };
		E62CC7AC1C4F218500E8E84F /* TextFieldViewController.swift */ = {isa = PBXFileReference; fileEncoding = 4; lastKnownFileType = sourcecode.swift; path = TextFieldViewController.swift; sourceTree = "<group>"; };
		E69049001C474EBE006C5314 /* DynamicBehaviorViewController.swift */ = {isa = PBXFileReference; fileEncoding = 4; lastKnownFileType = sourcecode.swift; path = DynamicBehaviorViewController.swift; sourceTree = "<group>"; };
		E695290C1C7EF7C00032FDDC /* AutoLayoutViewController.swift */ = {isa = PBXFileReference; fileEncoding = 4; lastKnownFileType = sourcecode.swift; path = AutoLayoutViewController.swift; sourceTree = "<group>"; };
		E6AA01011C83F8A6009F3AB1 /* EWCTextMessageCell.swift */ = {isa = PBXFileReference; fileEncoding = 4; lastKnownFileType = sourcecode.swift; path = EWCTextMessageCell.swift; sourceTree = "<group>"; };
		E6AA01031C8415E0009F3AB1 /* EWCImageMessageCell.swift */ = {isa = PBXFileReference; fileEncoding = 4; lastKnownFileType = sourcecode.swift; path = EWCImageMessageCell.swift; sourceTree = "<group>"; };
		E6AA01051C841A29009F3AB1 /* EWCVoiceMessageCell.swift */ = {isa = PBXFileReference; fileEncoding = 4; lastKnownFileType = sourcecode.swift; path = EWCVoiceMessageCell.swift; sourceTree = "<group>"; };
		E6AA01071C841A58009F3AB1 /* EWCSystemMessageCell.swift */ = {isa = PBXFileReference; fileEncoding = 4; lastKnownFileType = sourcecode.swift; path = EWCSystemMessageCell.swift; sourceTree = "<group>"; };
		E6D1ECBA1C1EABA400995844 /* ImageViewController.swift */ = {isa = PBXFileReference; fileEncoding = 4; lastKnownFileType = sourcecode.swift; path = ImageViewController.swift; sourceTree = "<group>"; };
		E6D1ECBD1C1EAE2D00995844 /* 496.gif */ = {isa = PBXFileReference; lastKnownFileType = image.gif; path = 496.gif; sourceTree = "<group>"; };
		E6D1ECC01C1EAF4000995844 /* RCToolsDemo-Bridging-Header.h */ = {isa = PBXFileReference; lastKnownFileType = sourcecode.c.h; path = "RCToolsDemo-Bridging-Header.h"; sourceTree = "<group>"; };
		E6D1ECC11C1EAF4100995844 /* UIImage+animatedGIF.h */ = {isa = PBXFileReference; fileEncoding = 4; lastKnownFileType = sourcecode.c.h; path = "UIImage+animatedGIF.h"; sourceTree = "<group>"; };
		E6D1ECC21C1EAF4100995844 /* UIImage+animatedGIF.m */ = {isa = PBXFileReference; fileEncoding = 4; lastKnownFileType = sourcecode.c.objc; path = "UIImage+animatedGIF.m"; sourceTree = "<group>"; };
		E6F2DC1A1C7FFD1D008B9460 /* EWCViewController.swift */ = {isa = PBXFileReference; fileEncoding = 4; lastKnownFileType = sourcecode.swift; path = EWCViewController.swift; sourceTree = "<group>"; };
		E6F2DC1C1C8023D2008B9460 /* EWCChatMessageViewController.swift */ = {isa = PBXFileReference; fileEncoding = 4; lastKnownFileType = sourcecode.swift; path = EWCChatMessageViewController.swift; sourceTree = "<group>"; };
		E6F2DC1E1C80262E008B9460 /* EWCMessage.swift */ = {isa = PBXFileReference; fileEncoding = 4; lastKnownFileType = sourcecode.swift; path = EWCMessage.swift; sourceTree = "<group>"; };
		E6F2DC201C80279F008B9460 /* EWCMessageCell.swift */ = {isa = PBXFileReference; fileEncoding = 4; lastKnownFileType = sourcecode.swift; path = EWCMessageCell.swift; sourceTree = "<group>"; };
		E6F2DC221C8029B8008B9460 /* Readme */ = {isa = PBXFileReference; fileEncoding = 4; lastKnownFileType = text; path = Readme; sourceTree = "<group>"; };
		E6F2DC261C802B03008B9460 /* EWCUser.swift */ = {isa = PBXFileReference; fileEncoding = 4; lastKnownFileType = sourcecode.swift; path = EWCUser.swift; sourceTree = "<group>"; };
		E6F2DC2A1C802DEF008B9460 /* EWCChatBox.swift */ = {isa = PBXFileReference; fileEncoding = 4; lastKnownFileType = sourcecode.swift; path = EWCChatBox.swift; sourceTree = "<group>"; };
		E6F2DC2C1C8030FF008B9460 /* ChatViewImages.xcassets */ = {isa = PBXFileReference; lastKnownFileType = folder.assetcatalog; path = ChatViewImages.xcassets; sourceTree = "<group>"; };
		E6F2DC2E1C804994008B9460 /* EWCChatBoxViewController.swift */ = {isa = PBXFileReference; fileEncoding = 4; lastKnownFileType = sourcecode.swift; path = EWCChatBoxViewController.swift; sourceTree = "<group>"; };
		E6F2DC311C804EAC008B9460 /* EWCChatHelper.swift */ = {isa = PBXFileReference; fileEncoding = 4; lastKnownFileType = sourcecode.swift; path = EWCChatHelper.swift; sourceTree = "<group>"; };
/* End PBXFileReference section */

/* Begin PBXFrameworksBuildPhase section */
		CD4BB22E1BAA6D2300072773 /* Frameworks */ = {
			isa = PBXFrameworksBuildPhase;
			buildActionMask = 2147483647;
			files = (
				F0E44003087A7F78739C3E76 /* Pods.framework in Frameworks */,
			);
			runOnlyForDeploymentPostprocessing = 0;
		};
		CD4BB2431BAA6D2400072773 /* Frameworks */ = {
			isa = PBXFrameworksBuildPhase;
			buildActionMask = 2147483647;
			files = (
			);
			runOnlyForDeploymentPostprocessing = 0;
		};
/* End PBXFrameworksBuildPhase section */

/* Begin PBXGroup section */
		189B6D9F1BCF32920083C02B /* Storyboard */ = {
			isa = PBXGroup;
			children = (
				CD4BB23A1BAA6D2300072773 /* Main.storyboard */,
				189B6DA01BCF32A70083C02B /* Components.storyboard */,
				18B5ED041BE0ADC700B29BCC /* Graphic.storyboard */,
				CDD515A21BE3074200C5765C /* Controls.storyboard */,
			);
			name = Storyboard;
			sourceTree = "<group>";
		};
		189B6DA21BCF32C30083C02B /* Components */ = {
			isa = PBXGroup;
			children = (
				189B6DA31BCF32D50083C02B /* ParagraphViewController.swift */,
				18A9BB681BD5D93C00532575 /* DictionaryViewController.swift */,
				18A9BB6A1BD5D9D900532575 /* ComponentsTableViewController.swift */,
				1838BEEC1BD9CFAB005D7D8B /* GalleryBrowserViewController.swift */,
				1838BEF01BDA204F005D7D8B /* GalleryDetailViewController.swift */,
				189830A41BDDD60E00FFE854 /* ImagesCell.swift */,
				CD9229E61BF4662B004BF267 /* AudioViewController.swift */,
			);
			name = Components;
			sourceTree = "<group>";
		};
		730512ACEF01BAE3426812D2 /* Pods */ = {
			isa = PBXGroup;
			children = (
				B0704147E1EBE1FADCB45EA6 /* Pods.debug.xcconfig */,
				B955DFDD506B0E9E45209427 /* Pods.release.xcconfig */,
			);
			name = Pods;
			sourceTree = "<group>";
		};
		B06190B4550DD57BAA0E2EAE /* Frameworks */ = {
			isa = PBXGroup;
			children = (
				2862304045F5F0A51216D43A /* Pods.framework */,
			);
			name = Frameworks;
			sourceTree = "<group>";
		};
		CD2B4D951BABC1A4003FFF19 /* Mask */ = {
			isa = PBXGroup;
			children = (
				CD4BB2581BAA70B000072773 /* WindowMaskViewController.swift */,
				CD2B4D931BABB7D7003FFF19 /* BeenPresentedViewController.swift */,
				CD2B4D961BABC263003FFF19 /* WithNavBeenPresentedViewController.swift */,
				CD13C9191BABE5B4007CDA32 /* SecondBeenPresentedViewController.swift */,
				CDE315821BAD3F8100D2C6AF /* MaskViewController.swift */,
			);
			name = Mask;
			sourceTree = "<group>";
		};
		CD2B4D981BABC5DD003FFF19 /* Classes */ = {
			isa = PBXGroup;
			children = (
				CD2B4D991BABC5FA003FFF19 /* TestWindowMask.swift */,
			);
			name = Classes;
			sourceTree = "<group>";
		};
		CD4BB2281BAA6D2300072773 = {
			isa = PBXGroup;
			children = (
				CD4BB2561BAA6D4100072773 /* RCTools */,
				CD4BB2331BAA6D2300072773 /* RCToolsDemo */,
				CD4BB2491BAA6D2400072773 /* RCToolsDemoTests */,
				CD4BB2321BAA6D2300072773 /* Products */,
				730512ACEF01BAE3426812D2 /* Pods */,
				B06190B4550DD57BAA0E2EAE /* Frameworks */,
			);
			sourceTree = "<group>";
		};
		CD4BB2321BAA6D2300072773 /* Products */ = {
			isa = PBXGroup;
			children = (
				CD4BB2311BAA6D2300072773 /* RCToolsDemo.app */,
				CD4BB2461BAA6D2400072773 /* RCToolsDemoTests.xctest */,
			);
			name = Products;
			sourceTree = "<group>";
		};
		CD4BB2331BAA6D2300072773 /* RCToolsDemo */ = {
			isa = PBXGroup;
			children = (
				E6F2DC101C7FF9EC008B9460 /* Experiment */,
				E6D1ECC01C1EAF4000995844 /* RCToolsDemo-Bridging-Header.h */,
				E6D1ECBF1C1EAF1A00995844 /* Utilities */,
				E6D1ECBC1C1EAE1A00995844 /* Resources */,
				189B6D9F1BCF32920083C02B /* Storyboard */,
				CD4BB2571BAA6D9800072773 /* Controllers */,
				CD4BB2341BAA6D2300072773 /* Supporting Files */,
			);
			path = RCToolsDemo;
			sourceTree = "<group>";
		};
		CD4BB2341BAA6D2300072773 /* Supporting Files */ = {
			isa = PBXGroup;
			children = (
				CD4BB2361BAA6D2300072773 /* AppDelegate.swift */,
				CD4BB23D1BAA6D2300072773 /* Images.xcassets */,
				CD4BB23F1BAA6D2300072773 /* LaunchScreen.xib */,
				CD4BB2351BAA6D2300072773 /* Info.plist */,
			);
			name = "Supporting Files";
			sourceTree = "<group>";
		};
		CD4BB2491BAA6D2400072773 /* RCToolsDemoTests */ = {
			isa = PBXGroup;
			children = (
				CD4BB24C1BAA6D2400072773 /* RCToolsDemoTests.swift */,
				CD4BB24A1BAA6D2400072773 /* Supporting Files */,
			);
			path = RCToolsDemoTests;
			sourceTree = "<group>";
		};
		CD4BB24A1BAA6D2400072773 /* Supporting Files */ = {
			isa = PBXGroup;
			children = (
				CD4BB24B1BAA6D2400072773 /* Info.plist */,
			);
			name = "Supporting Files";
			sourceTree = "<group>";
		};
		CD4BB2561BAA6D4100072773 /* RCTools */ = {
			isa = PBXGroup;
			children = (
				CD91930F1C745E9000FA0011 /* RCTextField.swift */,
				18E5C7471BD740430095D216 /* RCGlimmer.swift */,
				CD4BB25A1BAA70F000072773 /* RCTools.swift */,
				CD8816C31BBB959F0052EA45 /* SegueTools.swift */,
				CD6DD93C1BCBD9280092F561 /* CurveShadowView.swift */,
				CD6DFAF71BCFD39F0015E6CF /* MyUILabel.swift */,
				18E03B071BD08FDB0080FA72 /* UIVerticalLabel.swift */,
				1838BEEE1BDA0570005D7D8B /* JSProcess.swift */,
				1892CEC11BDF0FCF006CBA03 /* RCPop.swift */,
				CD8E90F21C1045E500BF50EA /* RedCircleLayer.swift */,
				E60E1DB61C3E1F16006F4D06 /* DateProc.swift */,
			);
			name = RCTools;
			sourceTree = "<group>";
		};
		CD4BB2571BAA6D9800072773 /* Controllers */ = {
			isa = PBXGroup;
			children = (
				CDD515A11BE3072C00C5765C /* Controls */,
				189B6DA21BCF32C30083C02B /* Components */,
				CD6DD93E1BCBDC170092F561 /* Graphics */,
				CD7C96AA1BB4E2FE001754A1 /* Transition */,
				CD2B4D981BABC5DD003FFF19 /* Classes */,
				CD2B4D951BABC1A4003FFF19 /* Mask */,
				CD4BB2381BAA6D2300072773 /* ViewController.swift */,
			);
			name = Controllers;
			sourceTree = "<group>";
		};
		CD6DD93E1BCBDC170092F561 /* Graphics */ = {
			isa = PBXGroup;
			children = (
				E695290C1C7EF7C00032FDDC /* AutoLayoutViewController.swift */,
				E69049001C474EBE006C5314 /* DynamicBehaviorViewController.swift */,
				CD6DD93F1BCBDC3A0092F561 /* ShadowViewController.swift */,
				18E5C7491BD740AB0095D216 /* GlimmerViewController.swift */,
				18B5ED061BE0AE4400B29BCC /* GraphicTableViewController.swift */,
				18B5ED081BE0AEA900B29BCC /* CarMovingViewController.swift */,
				1813E3791BE1EDB000B2514F /* SnapshotViewController.swift */,
				CDB90D041BEC35D10090D802 /* BezierPathViewController.swift */,
			);
			name = Graphics;
			sourceTree = "<group>";
		};
		CD7C96AA1BB4E2FE001754A1 /* Transition */ = {
			isa = PBXGroup;
			children = (
				CD7C96AB1BB4E311001754A1 /* ScenesTransitionViewController.swift */,
				CDBAC6DF1BB5328200ADB568 /* ContainerViewController.swift */,
				CD4661D91BBA100B00FDFBDC /* FirstViewController.swift */,
				CD4661DB1BBA101600FDFBDC /* SecondViewController.swift */,
				CD4661DD1BBA102000FDFBDC /* ThirdViewController.swift */,
				CD7FCDE91BC6433200A126A6 /* FourthViewController.swift */,
				CD6582EE1BC7C9610053BD0E /* FifthViewController.swift */,
				CD6582F01BC7C9710053BD0E /* PresentedViewController.swift */,
			);
			name = Transition;
			sourceTree = "<group>";
		};
		CDD515A11BE3072C00C5765C /* Controls */ = {
			isa = PBXGroup;
			children = (
				E62CC7AC1C4F218500E8E84F /* TextFieldViewController.swift */,
				E6D1ECBA1C1EABA400995844 /* ImageViewController.swift */,
				CDD515A61BE30E5F00C5765C /* Views */,
				CDD5159F1BE306F200C5765C /* ZeroGapViewController.swift */,
				CDD515A41BE307CF00C5765C /* ControlsTableViewController.swift */,
				1868A3721BE87E8D007D5F47 /* CustomizedNavigationController.swift */,
				1868A3741BE883A9007D5F47 /* TestNavigationController.swift */,
				CD8E90F01C103D6E00BF50EA /* BadgeViewController.swift */,
				CD2D80731C1A75A300E49AED /* LabelViewController.swift */,
			);
			name = Controls;
			sourceTree = "<group>";
		};
		CDD515A61BE30E5F00C5765C /* Views */ = {
			isa = PBXGroup;
			children = (
				CDD515A71BE30E9800C5765C /* ZeriGapCollectionViewLayout.swift */,
			);
			name = Views;
			sourceTree = "<group>";
		};
		E6D1ECBC1C1EAE1A00995844 /* Resources */ = {
			isa = PBXGroup;
			children = (
				E6D1ECBD1C1EAE2D00995844 /* 496.gif */,
			);
			name = Resources;
			sourceTree = "<group>";
		};
		E6D1ECBF1C1EAF1A00995844 /* Utilities */ = {
			isa = PBXGroup;
			children = (
				E6D1ECC41C1EAF6500995844 /* AnimatedGIF */,
			);
			name = Utilities;
			sourceTree = "<group>";
		};
		E6D1ECC41C1EAF6500995844 /* AnimatedGIF */ = {
			isa = PBXGroup;
			children = (
				E6D1ECC11C1EAF4100995844 /* UIImage+animatedGIF.h */,
				E6D1ECC21C1EAF4100995844 /* UIImage+animatedGIF.m */,
			);
			name = AnimatedGIF;
			sourceTree = "<group>";
		};
		E6F2DC101C7FF9EC008B9460 /* Experiment */ = {
			isa = PBXGroup;
			children = (
				E6F2DC111C7FF9FB008B9460 /* Wechat */,
			);
			name = Experiment;
			sourceTree = "<group>";
		};
		E6F2DC111C7FF9FB008B9460 /* Wechat */ = {
			isa = PBXGroup;
			children = (
				E6F2DC241C802AC6008B9460 /* Contacts */,
				E6F2DC121C7FFA13008B9460 /* Chat */,
				E6F2DC221C8029B8008B9460 /* Readme */,
			);
			name = Wechat;
			sourceTree = "<group>";
		};
		E6F2DC121C7FFA13008B9460 /* Chat */ = {
			isa = PBXGroup;
			children = (
				E6F2DC301C804E5F008B9460 /* Helper */,
				E6F2DC161C7FFA96008B9460 /* Resources */,
				E6F2DC151C7FFA8B008B9460 /* Models */,
				E6F2DC141C7FFA82008B9460 /* Views */,
				E6F2DC131C7FFA7A008B9460 /* Controllers */,
			);
			name = Chat;
			sourceTree = "<group>";
		};
		E6F2DC131C7FFA7A008B9460 /* Controllers */ = {
			isa = PBXGroup;
			children = (
				E6F2DC1A1C7FFD1D008B9460 /* EWCViewController.swift */,
				E6F2DC2E1C804994008B9460 /* EWCChatBoxViewController.swift */,
				E6F2DC1C1C8023D2008B9460 /* EWCChatMessageViewController.swift */,
			);
			name = Controllers;
			sourceTree = "<group>";
		};
		E6F2DC141C7FFA82008B9460 /* Views */ = {
			isa = PBXGroup;
			children = (
				E6F2DC291C802DCB008B9460 /* Message */,
				E6F2DC281C802DBF008B9460 /* InputBox */,
			);
			name = Views;
			sourceTree = "<group>";
		};
		E6F2DC151C7FFA8B008B9460 /* Models */ = {
			isa = PBXGroup;
			children = (
				E6F2DC1E1C80262E008B9460 /* EWCMessage.swift */,
			);
			name = Models;
			sourceTree = "<group>";
		};
		E6F2DC161C7FFA96008B9460 /* Resources */ = {
			isa = PBXGroup;
			children = (
				E6F2DC2C1C8030FF008B9460 /* ChatViewImages.xcassets */,
			);
			name = Resources;
			sourceTree = "<group>";
		};
		E6F2DC241C802AC6008B9460 /* Contacts */ = {
			isa = PBXGroup;
			children = (
				E6F2DC251C802AE8008B9460 /* Models */,
			);
			name = Contacts;
			sourceTree = "<group>";
		};
		E6F2DC251C802AE8008B9460 /* Models */ = {
			isa = PBXGroup;
			children = (
				E6F2DC261C802B03008B9460 /* EWCUser.swift */,
			);
			name = Models;
			sourceTree = "<group>";
		};
		E6F2DC281C802DBF008B9460 /* InputBox */ = {
			isa = PBXGroup;
			children = (
				E6F2DC2A1C802DEF008B9460 /* EWCChatBox.swift */,
			);
			name = InputBox;
			sourceTree = "<group>";
		};
		E6F2DC291C802DCB008B9460 /* Message */ = {
			isa = PBXGroup;
			children = (
				E6F2DC201C80279F008B9460 /* EWCMessageCell.swift */,
				E6AA01011C83F8A6009F3AB1 /* EWCTextMessageCell.swift */,
				E6AA01031C8415E0009F3AB1 /* EWCImageMessageCell.swift */,
				E6AA01051C841A29009F3AB1 /* EWCVoiceMessageCell.swift */,
				E6AA01071C841A58009F3AB1 /* EWCSystemMessageCell.swift */,
			);
			name = Message;
			sourceTree = "<group>";
		};
		E6F2DC301C804E5F008B9460 /* Helper */ = {
			isa = PBXGroup;
			children = (
				E6F2DC311C804EAC008B9460 /* EWCChatHelper.swift */,
				CD765E411C83D524005B8C6E /* EWCFaceHelper.swift */,
			);
			name = Helper;
			sourceTree = "<group>";
		};
/* End PBXGroup section */

/* Begin PBXNativeTarget section */
		CD4BB2301BAA6D2300072773 /* RCToolsDemo */ = {
			isa = PBXNativeTarget;
			buildConfigurationList = CD4BB2501BAA6D2400072773 /* Build configuration list for PBXNativeTarget "RCToolsDemo" */;
			buildPhases = (
				DC6F2AA9178180514F51CF1D /* Check Pods Manifest.lock */,
				CD4BB22D1BAA6D2300072773 /* Sources */,
				CD4BB22E1BAA6D2300072773 /* Frameworks */,
				CD4BB22F1BAA6D2300072773 /* Resources */,
				035D055DCC74232FFDA8C176 /* Embed Pods Frameworks */,
				A675652C0920F861DF2A0478 /* Copy Pods Resources */,
			);
			buildRules = (
			);
			dependencies = (
			);
			name = RCToolsDemo;
			productName = RCToolsDemo;
			productReference = CD4BB2311BAA6D2300072773 /* RCToolsDemo.app */;
			productType = "com.apple.product-type.application";
		};
		CD4BB2451BAA6D2400072773 /* RCToolsDemoTests */ = {
			isa = PBXNativeTarget;
			buildConfigurationList = CD4BB2531BAA6D2400072773 /* Build configuration list for PBXNativeTarget "RCToolsDemoTests" */;
			buildPhases = (
				CD4BB2421BAA6D2400072773 /* Sources */,
				CD4BB2431BAA6D2400072773 /* Frameworks */,
				CD4BB2441BAA6D2400072773 /* Resources */,
			);
			buildRules = (
			);
			dependencies = (
				CD4BB2481BAA6D2400072773 /* PBXTargetDependency */,
			);
			name = RCToolsDemoTests;
			productName = RCToolsDemoTests;
			productReference = CD4BB2461BAA6D2400072773 /* RCToolsDemoTests.xctest */;
			productType = "com.apple.product-type.bundle.unit-test";
		};
/* End PBXNativeTarget section */

/* Begin PBXProject section */
		CD4BB2291BAA6D2300072773 /* Project object */ = {
			isa = PBXProject;
			attributes = {
				LastSwiftUpdateCheck = 0710;
				LastUpgradeCheck = 0640;
				ORGANIZATIONNAME = rexcao;
				TargetAttributes = {
					CD4BB2301BAA6D2300072773 = {
						CreatedOnToolsVersion = 6.4;
						DevelopmentTeam = B682JMM4T7;
					};
					CD4BB2451BAA6D2400072773 = {
						CreatedOnToolsVersion = 6.4;
						TestTargetID = CD4BB2301BAA6D2300072773;
					};
				};
			};
			buildConfigurationList = CD4BB22C1BAA6D2300072773 /* Build configuration list for PBXProject "RCToolsDemo" */;
			compatibilityVersion = "Xcode 3.2";
			developmentRegion = English;
			hasScannedForEncodings = 0;
			knownRegions = (
				en,
				Base,
			);
			mainGroup = CD4BB2281BAA6D2300072773;
			productRefGroup = CD4BB2321BAA6D2300072773 /* Products */;
			projectDirPath = "";
			projectRoot = "";
			targets = (
				CD4BB2301BAA6D2300072773 /* RCToolsDemo */,
				CD4BB2451BAA6D2400072773 /* RCToolsDemoTests */,
			);
		};
/* End PBXProject section */

/* Begin PBXResourcesBuildPhase section */
		CD4BB22F1BAA6D2300072773 /* Resources */ = {
			isa = PBXResourcesBuildPhase;
			buildActionMask = 2147483647;
			files = (
				CDD515A31BE3074200C5765C /* Controls.storyboard in Resources */,
				E6F2DC2D1C8030FF008B9460 /* ChatViewImages.xcassets in Resources */,
				CD4BB23C1BAA6D2300072773 /* Main.storyboard in Resources */,
				CD4BB2411BAA6D2300072773 /* LaunchScreen.xib in Resources */,
				E6D1ECBE1C1EAE2D00995844 /* 496.gif in Resources */,
				E6F2DC231C8029B8008B9460 /* Readme in Resources */,
				189B6DA11BCF32A70083C02B /* Components.storyboard in Resources */,
				18B5ED051BE0ADC700B29BCC /* Graphic.storyboard in Resources */,
				CD4BB23E1BAA6D2300072773 /* Images.xcassets in Resources */,
			);
			runOnlyForDeploymentPostprocessing = 0;
		};
		CD4BB2441BAA6D2400072773 /* Resources */ = {
			isa = PBXResourcesBuildPhase;
			buildActionMask = 2147483647;
			files = (
			);
			runOnlyForDeploymentPostprocessing = 0;
		};
/* End PBXResourcesBuildPhase section */

/* Begin PBXShellScriptBuildPhase section */
		035D055DCC74232FFDA8C176 /* Embed Pods Frameworks */ = {
			isa = PBXShellScriptBuildPhase;
			buildActionMask = 2147483647;
			files = (
			);
			inputPaths = (
			);
			name = "Embed Pods Frameworks";
			outputPaths = (
			);
			runOnlyForDeploymentPostprocessing = 0;
			shellPath = /bin/sh;
			shellScript = "\"${SRCROOT}/../Pods/Target Support Files/Pods/Pods-frameworks.sh\"\n";
			showEnvVarsInLog = 0;
		};
		A675652C0920F861DF2A0478 /* Copy Pods Resources */ = {
			isa = PBXShellScriptBuildPhase;
			buildActionMask = 2147483647;
			files = (
			);
			inputPaths = (
			);
			name = "Copy Pods Resources";
			outputPaths = (
			);
			runOnlyForDeploymentPostprocessing = 0;
			shellPath = /bin/sh;
			shellScript = "\"${SRCROOT}/../Pods/Target Support Files/Pods/Pods-resources.sh\"\n";
			showEnvVarsInLog = 0;
		};
		DC6F2AA9178180514F51CF1D /* Check Pods Manifest.lock */ = {
			isa = PBXShellScriptBuildPhase;
			buildActionMask = 2147483647;
			files = (
			);
			inputPaths = (
			);
			name = "Check Pods Manifest.lock";
			outputPaths = (
			);
			runOnlyForDeploymentPostprocessing = 0;
			shellPath = /bin/sh;
			shellScript = "diff \"${PODS_ROOT}/../Podfile.lock\" \"${PODS_ROOT}/Manifest.lock\" > /dev/null\nif [[ $? != 0 ]] ; then\n    cat << EOM\nerror: The sandbox is not in sync with the Podfile.lock. Run 'pod install' or update your CocoaPods installation.\nEOM\n    exit 1\nfi\n";
			showEnvVarsInLog = 0;
		};
/* End PBXShellScriptBuildPhase section */

/* Begin PBXSourcesBuildPhase section */
		CD4BB22D1BAA6D2300072773 /* Sources */ = {
			isa = PBXSourcesBuildPhase;
			buildActionMask = 2147483647;
			files = (
				E6AA01041C8415E0009F3AB1 /* EWCImageMessageCell.swift in Sources */,
				1813E37A1BE1EDB100B2514F /* SnapshotViewController.swift in Sources */,
				CD8816C41BBB959F0052EA45 /* SegueTools.swift in Sources */,
				189B6DA41BCF32D50083C02B /* ParagraphViewController.swift in Sources */,
				CD6582EF1BC7C9610053BD0E /* FifthViewController.swift in Sources */,
				CD2B4D9A1BABC5FA003FFF19 /* TestWindowMask.swift in Sources */,
				CD8E90F31C1045E500BF50EA /* RedCircleLayer.swift in Sources */,
				E6D1ECBB1C1EABA400995844 /* ImageViewController.swift in Sources */,
				CD9229E81BF4662B004BF267 /* AudioViewController.swift in Sources */,
				E6AA01021C83F8A6009F3AB1 /* EWCTextMessageCell.swift in Sources */,
				CDD515A01BE306F200C5765C /* ZeroGapViewController.swift in Sources */,
				CD6DFAF81BCFD39F0015E6CF /* MyUILabel.swift in Sources */,
				18B5ED071BE0AE4400B29BCC /* GraphicTableViewController.swift in Sources */,
				E6F2DC2B1C802DEF008B9460 /* EWCChatBox.swift in Sources */,
				E6AA01061C841A29009F3AB1 /* EWCVoiceMessageCell.swift in Sources */,
				CD13C91A1BABE5B4007CDA32 /* SecondBeenPresentedViewController.swift in Sources */,
				18A9BB691BD5D93C00532575 /* DictionaryViewController.swift in Sources */,
				CD2B4D941BABB7D7003FFF19 /* BeenPresentedViewController.swift in Sources */,
				CD6582F11BC7C9710053BD0E /* PresentedViewController.swift in Sources */,
				E6F2DC1B1C7FFD1D008B9460 /* EWCViewController.swift in Sources */,
				E695290D1C7EF7C00032FDDC /* AutoLayoutViewController.swift in Sources */,
				1892CEC21BDF0FCF006CBA03 /* RCPop.swift in Sources */,
				189830A51BDDD60E00FFE854 /* ImagesCell.swift in Sources */,
				CD4661DA1BBA100B00FDFBDC /* FirstViewController.swift in Sources */,
				18A9BB6B1BD5D9D900532575 /* ComponentsTableViewController.swift in Sources */,
				E6F2DC1F1C80262E008B9460 /* EWCMessage.swift in Sources */,
				CD6DD93D1BCBD9280092F561 /* CurveShadowView.swift in Sources */,
				18E5C74A1BD740AB0095D216 /* GlimmerViewController.swift in Sources */,
				CD8E90F11C103D6E00BF50EA /* BadgeViewController.swift in Sources */,
				E6F2DC1D1C8023D2008B9460 /* EWCChatMessageViewController.swift in Sources */,
				E69049011C474EBE006C5314 /* DynamicBehaviorViewController.swift in Sources */,
				CDB90D051BEC35D10090D802 /* BezierPathViewController.swift in Sources */,
				E6F2DC271C802B03008B9460 /* EWCUser.swift in Sources */,
				CD9193101C745E9000FA0011 /* RCTextField.swift in Sources */,
				18E5C7481BD740430095D216 /* RCGlimmer.swift in Sources */,
				CD4BB2391BAA6D2300072773 /* ViewController.swift in Sources */,
				CD7C96AC1BB4E311001754A1 /* ScenesTransitionViewController.swift in Sources */,
				1868A3751BE883A9007D5F47 /* TestNavigationController.swift in Sources */,
				E6F2DC2F1C804994008B9460 /* EWCChatBoxViewController.swift in Sources */,
				E6AA01081C841A58009F3AB1 /* EWCSystemMessageCell.swift in Sources */,
				1838BEF11BDA204F005D7D8B /* GalleryDetailViewController.swift in Sources */,
				CD4661DC1BBA101600FDFBDC /* SecondViewController.swift in Sources */,
				E62CC7AD1C4F218500E8E84F /* TextFieldViewController.swift in Sources */,
				1838BEEF1BDA0570005D7D8B /* JSProcess.swift in Sources */,
				CD4BB2591BAA70B000072773 /* WindowMaskViewController.swift in Sources */,
				18B5ED091BE0AEA900B29BCC /* CarMovingViewController.swift in Sources */,
				CD4BB25B1BAA70F000072773 /* RCTools.swift in Sources */,
				CD765E421C83D524005B8C6E /* EWCFaceHelper.swift in Sources */,
				CD4BB2371BAA6D2300072773 /* AppDelegate.swift in Sources */,
				CD4661DE1BBA102000FDFBDC /* ThirdViewController.swift in Sources */,
				18E03B081BD08FDB0080FA72 /* UIVerticalLabel.swift in Sources */,
				CDD515A51BE307CF00C5765C /* ControlsTableViewController.swift in Sources */,
				CDD515A81BE30E9800C5765C /* ZeriGapCollectionViewLayout.swift in Sources */,
				E6D1ECC31C1EAF4100995844 /* UIImage+animatedGIF.m in Sources */,
				CD6DD9401BCBDC3A0092F561 /* ShadowViewController.swift in Sources */,
				1868A3731BE87E8D007D5F47 /* CustomizedNavigationController.swift in Sources */,
				CD7FCDEA1BC6433200A126A6 /* FourthViewController.swift in Sources */,
				1838BEED1BD9CFAB005D7D8B /* GalleryBrowserViewController.swift in Sources */,
				E6F2DC321C804EAC008B9460 /* EWCChatHelper.swift in Sources */,
				E60E1DB71C3E1F16006F4D06 /* DateProc.swift in Sources */,
				E6F2DC211C80279F008B9460 /* EWCMessageCell.swift in Sources */,
				CD2D80741C1A75A300E49AED /* LabelViewController.swift in Sources */,
				CDE315831BAD3F8100D2C6AF /* MaskViewController.swift in Sources */,
				CDBAC6E01BB5328200ADB568 /* ContainerViewController.swift in Sources */,
				CD2B4D971BABC263003FFF19 /* WithNavBeenPresentedViewController.swift in Sources */,
			);
			runOnlyForDeploymentPostprocessing = 0;
		};
		CD4BB2421BAA6D2400072773 /* Sources */ = {
			isa = PBXSourcesBuildPhase;
			buildActionMask = 2147483647;
			files = (
				CD4BB24D1BAA6D2400072773 /* RCToolsDemoTests.swift in Sources */,
			);
			runOnlyForDeploymentPostprocessing = 0;
		};
/* End PBXSourcesBuildPhase section */

/* Begin PBXTargetDependency section */
		CD4BB2481BAA6D2400072773 /* PBXTargetDependency */ = {
			isa = PBXTargetDependency;
			target = CD4BB2301BAA6D2300072773 /* RCToolsDemo */;
			targetProxy = CD4BB2471BAA6D2400072773 /* PBXContainerItemProxy */;
		};
/* End PBXTargetDependency section */

/* Begin PBXVariantGroup section */
		CD4BB23A1BAA6D2300072773 /* Main.storyboard */ = {
			isa = PBXVariantGroup;
			children = (
				CD4BB23B1BAA6D2300072773 /* Base */,
			);
			name = Main.storyboard;
			sourceTree = "<group>";
		};
		CD4BB23F1BAA6D2300072773 /* LaunchScreen.xib */ = {
			isa = PBXVariantGroup;
			children = (
				CD4BB2401BAA6D2300072773 /* Base */,
			);
			name = LaunchScreen.xib;
			sourceTree = "<group>";
		};
/* End PBXVariantGroup section */

/* Begin XCBuildConfiguration section */
		CD4BB24E1BAA6D2400072773 /* Debug */ = {
			isa = XCBuildConfiguration;
			buildSettings = {
				ALWAYS_SEARCH_USER_PATHS = NO;
				CLANG_CXX_LANGUAGE_STANDARD = "gnu++0x";
				CLANG_CXX_LIBRARY = "libc++";
				CLANG_ENABLE_MODULES = YES;
				CLANG_ENABLE_OBJC_ARC = YES;
				CLANG_WARN_BOOL_CONVERSION = YES;
				CLANG_WARN_CONSTANT_CONVERSION = YES;
				CLANG_WARN_DIRECT_OBJC_ISA_USAGE = YES_ERROR;
				CLANG_WARN_EMPTY_BODY = YES;
				CLANG_WARN_ENUM_CONVERSION = YES;
				CLANG_WARN_INT_CONVERSION = YES;
				CLANG_WARN_OBJC_ROOT_CLASS = YES_ERROR;
				CLANG_WARN_UNREACHABLE_CODE = YES;
				CLANG_WARN__DUPLICATE_METHOD_MATCH = YES;
				"CODE_SIGN_IDENTITY[sdk=iphoneos*]" = "iPhone Developer";
				COPY_PHASE_STRIP = NO;
				DEBUG_INFORMATION_FORMAT = "dwarf-with-dsym";
				ENABLE_STRICT_OBJC_MSGSEND = YES;
				GCC_C_LANGUAGE_STANDARD = gnu99;
				GCC_DYNAMIC_NO_PIC = NO;
				GCC_NO_COMMON_BLOCKS = YES;
				GCC_OPTIMIZATION_LEVEL = 0;
				GCC_PREPROCESSOR_DEFINITIONS = (
					"DEBUG=1",
					"$(inherited)",
				);
				GCC_SYMBOLS_PRIVATE_EXTERN = NO;
				GCC_WARN_64_TO_32_BIT_CONVERSION = YES;
				GCC_WARN_ABOUT_RETURN_TYPE = YES_ERROR;
				GCC_WARN_UNDECLARED_SELECTOR = YES;
				GCC_WARN_UNINITIALIZED_AUTOS = YES_AGGRESSIVE;
				GCC_WARN_UNUSED_FUNCTION = YES;
				GCC_WARN_UNUSED_VARIABLE = YES;
				IPHONEOS_DEPLOYMENT_TARGET = 8.4;
				MTL_ENABLE_DEBUG_INFO = YES;
				ONLY_ACTIVE_ARCH = YES;
				SDKROOT = iphoneos;
				SWIFT_OPTIMIZATION_LEVEL = "-Onone";
				TARGETED_DEVICE_FAMILY = "1,2";
			};
			name = Debug;
		};
		CD4BB24F1BAA6D2400072773 /* Release */ = {
			isa = XCBuildConfiguration;
			buildSettings = {
				ALWAYS_SEARCH_USER_PATHS = NO;
				CLANG_CXX_LANGUAGE_STANDARD = "gnu++0x";
				CLANG_CXX_LIBRARY = "libc++";
				CLANG_ENABLE_MODULES = YES;
				CLANG_ENABLE_OBJC_ARC = YES;
				CLANG_WARN_BOOL_CONVERSION = YES;
				CLANG_WARN_CONSTANT_CONVERSION = YES;
				CLANG_WARN_DIRECT_OBJC_ISA_USAGE = YES_ERROR;
				CLANG_WARN_EMPTY_BODY = YES;
				CLANG_WARN_ENUM_CONVERSION = YES;
				CLANG_WARN_INT_CONVERSION = YES;
				CLANG_WARN_OBJC_ROOT_CLASS = YES_ERROR;
				CLANG_WARN_UNREACHABLE_CODE = YES;
				CLANG_WARN__DUPLICATE_METHOD_MATCH = YES;
				"CODE_SIGN_IDENTITY[sdk=iphoneos*]" = "iPhone Developer";
				COPY_PHASE_STRIP = NO;
				DEBUG_INFORMATION_FORMAT = "dwarf-with-dsym";
				ENABLE_NS_ASSERTIONS = NO;
				ENABLE_STRICT_OBJC_MSGSEND = YES;
				GCC_C_LANGUAGE_STANDARD = gnu99;
				GCC_NO_COMMON_BLOCKS = YES;
				GCC_WARN_64_TO_32_BIT_CONVERSION = YES;
				GCC_WARN_ABOUT_RETURN_TYPE = YES_ERROR;
				GCC_WARN_UNDECLARED_SELECTOR = YES;
				GCC_WARN_UNINITIALIZED_AUTOS = YES_AGGRESSIVE;
				GCC_WARN_UNUSED_FUNCTION = YES;
				GCC_WARN_UNUSED_VARIABLE = YES;
				IPHONEOS_DEPLOYMENT_TARGET = 8.4;
				MTL_ENABLE_DEBUG_INFO = NO;
				SDKROOT = iphoneos;
				TARGETED_DEVICE_FAMILY = "1,2";
				VALIDATE_PRODUCT = YES;
			};
			name = Release;
		};
		CD4BB2511BAA6D2400072773 /* Debug */ = {
			isa = XCBuildConfiguration;
			baseConfigurationReference = B0704147E1EBE1FADCB45EA6 /* Pods.debug.xcconfig */;
			buildSettings = {
				ASSETCATALOG_COMPILER_APPICON_NAME = AppIcon;
				CLANG_ENABLE_MODULES = YES;
				CODE_SIGN_IDENTITY = "iPhone Developer";
				INFOPLIST_FILE = RCToolsDemo/Info.plist;
				LD_RUNPATH_SEARCH_PATHS = "$(inherited) @executable_path/Frameworks";
				PRODUCT_NAME = "$(TARGET_NAME)";
				SWIFT_OBJC_BRIDGING_HEADER = "RCToolsDemo/RCToolsDemo-Bridging-Header.h";
				SWIFT_OPTIMIZATION_LEVEL = "-Onone";
			};
			name = Debug;
		};
		CD4BB2521BAA6D2400072773 /* Release */ = {
			isa = XCBuildConfiguration;
			baseConfigurationReference = B955DFDD506B0E9E45209427 /* Pods.release.xcconfig */;
			buildSettings = {
				ASSETCATALOG_COMPILER_APPICON_NAME = AppIcon;
				CLANG_ENABLE_MODULES = YES;
				CODE_SIGN_IDENTITY = "iPhone Developer";
				INFOPLIST_FILE = RCToolsDemo/Info.plist;
				LD_RUNPATH_SEARCH_PATHS = "$(inherited) @executable_path/Frameworks";
				PRODUCT_NAME = "$(TARGET_NAME)";
				SWIFT_OBJC_BRIDGING_HEADER = "RCToolsDemo/RCToolsDemo-Bridging-Header.h";
			};
			name = Release;
		};
		CD4BB2541BAA6D2400072773 /* Debug */ = {
			isa = XCBuildConfiguration;
			buildSettings = {
				BUNDLE_LOADER = "$(TEST_HOST)";
				FRAMEWORK_SEARCH_PATHS = (
					"$(SDKROOT)/Developer/Library/Frameworks",
					"$(inherited)",
				);
				GCC_PREPROCESSOR_DEFINITIONS = (
					"DEBUG=1",
					"$(inherited)",
				);
				INFOPLIST_FILE = RCToolsDemoTests/Info.plist;
				LD_RUNPATH_SEARCH_PATHS = "$(inherited) @executable_path/Frameworks @loader_path/Frameworks";
				PRODUCT_NAME = "$(TARGET_NAME)";
				TEST_HOST = "$(BUILT_PRODUCTS_DIR)/RCToolsDemo.app/RCToolsDemo";
			};
			name = Debug;
		};
		CD4BB2551BAA6D2400072773 /* Release */ = {
			isa = XCBuildConfiguration;
			buildSettings = {
				BUNDLE_LOADER = "$(TEST_HOST)";
				FRAMEWORK_SEARCH_PATHS = (
					"$(SDKROOT)/Developer/Library/Frameworks",
					"$(inherited)",
				);
				INFOPLIST_FILE = RCToolsDemoTests/Info.plist;
				LD_RUNPATH_SEARCH_PATHS = "$(inherited) @executable_path/Frameworks @loader_path/Frameworks";
				PRODUCT_NAME = "$(TARGET_NAME)";
				TEST_HOST = "$(BUILT_PRODUCTS_DIR)/RCToolsDemo.app/RCToolsDemo";
			};
			name = Release;
		};
/* End XCBuildConfiguration section */

/* Begin XCConfigurationList section */
		CD4BB22C1BAA6D2300072773 /* Build configuration list for PBXProject "RCToolsDemo" */ = {
			isa = XCConfigurationList;
			buildConfigurations = (
				CD4BB24E1BAA6D2400072773 /* Debug */,
				CD4BB24F1BAA6D2400072773 /* Release */,
			);
			defaultConfigurationIsVisible = 0;
			defaultConfigurationName = Release;
		};
		CD4BB2501BAA6D2400072773 /* Build configuration list for PBXNativeTarget "RCToolsDemo" */ = {
			isa = XCConfigurationList;
			buildConfigurations = (
				CD4BB2511BAA6D2400072773 /* Debug */,
				CD4BB2521BAA6D2400072773 /* Release */,
			);
			defaultConfigurationIsVisible = 0;
			defaultConfigurationName = Release;
		};
		CD4BB2531BAA6D2400072773 /* Build configuration list for PBXNativeTarget "RCToolsDemoTests" */ = {
			isa = XCConfigurationList;
			buildConfigurations = (
				CD4BB2541BAA6D2400072773 /* Debug */,
				CD4BB2551BAA6D2400072773 /* Release */,
			);
			defaultConfigurationIsVisible = 0;
			defaultConfigurationName = Release;
		};
/* End XCConfigurationList section */
	};
	rootObject = CD4BB2291BAA6D2300072773 /* Project object */;
}
