// !$*UTF8*$!
{
	archiveVersion = 1;
	classes = {
	};
	objectVersion = 46;
	objects = {

/* Begin PBXBuildFile section */
		1813E37A1BE1EDB100B2514F /* SnapshotViewController.swift in Sources */ = {isa = PBXBuildFile; fileRef = 1813E3791BE1EDB000B2514F /* SnapshotViewController.swift */; };
		1838BEED1BD9CFAB005D7D8B /* GalleryBrowserViewController.swift in Sources */ = {isa = PBXBuildFile; fileRef = 1838BEEC1BD9CFAB005D7D8B /* GalleryBrowserViewController.swift */; };
		1838BEF11BDA204F005D7D8B /* GalleryDetailViewController.swift in Sources */ = {isa = PBXBuildFile; fileRef = 1838BEF01BDA204F005D7D8B /* GalleryDetailViewController.swift */; };
		1868A3731BE87E8D007D5F47 /* CustomizedNavigationController.swift in Sources */ = {isa = PBXBuildFile; fileRef = 1868A3721BE87E8D007D5F47 /* CustomizedNavigationController.swift */; };
		1868A3751BE883A9007D5F47 /* TestNavigationController.swift in Sources */ = {isa = PBXBuildFile; fileRef = 1868A3741BE883A9007D5F47 /* TestNavigationController.swift */; };
		189830A51BDDD60E00FFE854 /* ImagesCell.swift in Sources */ = {isa = PBXBuildFile; fileRef = 189830A41BDDD60E00FFE854 /* ImagesCell.swift */; };
		189B6DA11BCF32A70083C02B /* Components.storyboard in Resources */ = {isa = PBXBuildFile; fileRef = 189B6DA01BCF32A70083C02B /* Components.storyboard */; };
		189B6DA41BCF32D50083C02B /* ParagraphViewController.swift in Sources */ = {isa = PBXBuildFile; fileRef = 189B6DA31BCF32D50083C02B /* ParagraphViewController.swift */; };
		18A9BB691BD5D93C00532575 /* DictionaryViewController.swift in Sources */ = {isa = PBXBuildFile; fileRef = 18A9BB681BD5D93C00532575 /* DictionaryViewController.swift */; };
		18A9BB6B1BD5D9D900532575 /* ComponentsTableViewController.swift in Sources */ = {isa = PBXBuildFile; fileRef = 18A9BB6A1BD5D9D900532575 /* ComponentsTableViewController.swift */; };
		18B5ED051BE0ADC700B29BCC /* Graphic.storyboard in Resources */ = {isa = PBXBuildFile; fileRef = 18B5ED041BE0ADC700B29BCC /* Graphic.storyboard */; };
		18B5ED071BE0AE4400B29BCC /* GraphicTableViewController.swift in Sources */ = {isa = PBXBuildFile; fileRef = 18B5ED061BE0AE4400B29BCC /* GraphicTableViewController.swift */; };
		18B5ED091BE0AEA900B29BCC /* CarMovingViewController.swift in Sources */ = {isa = PBXBuildFile; fileRef = 18B5ED081BE0AEA900B29BCC /* CarMovingViewController.swift */; };
		18E03B081BD08FDB0080FA72 /* UIVerticalLabel.swift in Sources */ = {isa = PBXBuildFile; fileRef = 18E03B071BD08FDB0080FA72 /* UIVerticalLabel.swift */; };
		18E5C7481BD740430095D216 /* RCGlimmer.swift in Sources */ = {isa = PBXBuildFile; fileRef = 18E5C7471BD740430095D216 /* RCGlimmer.swift */; };
		18E5C74A1BD740AB0095D216 /* GlimmerViewController.swift in Sources */ = {isa = PBXBuildFile; fileRef = 18E5C7491BD740AB0095D216 /* GlimmerViewController.swift */; };
		CD08E1F81CD21C7300615692 /* SnapViewController.swift in Sources */ = {isa = PBXBuildFile; fileRef = CD08E1F71CD21C7300615692 /* SnapViewController.swift */; };
		CD0E779F1CD0A9E50086C038 /* ButtonViewController.swift in Sources */ = {isa = PBXBuildFile; fileRef = CD0E779E1CD0A9E50086C038 /* ButtonViewController.swift */; };
		CD13C91A1BABE5B4007CDA32 /* SecondBeenPresentedViewController.swift in Sources */ = {isa = PBXBuildFile; fileRef = CD13C9191BABE5B4007CDA32 /* SecondBeenPresentedViewController.swift */; };
		CD2B4D941BABB7D7003FFF19 /* BeenPresentedViewController.swift in Sources */ = {isa = PBXBuildFile; fileRef = CD2B4D931BABB7D7003FFF19 /* BeenPresentedViewController.swift */; };
		CD2B4D971BABC263003FFF19 /* WithNavBeenPresentedViewController.swift in Sources */ = {isa = PBXBuildFile; fileRef = CD2B4D961BABC263003FFF19 /* WithNavBeenPresentedViewController.swift */; };
		CD2B4D9A1BABC5FA003FFF19 /* TestWindowMask.swift in Sources */ = {isa = PBXBuildFile; fileRef = CD2B4D991BABC5FA003FFF19 /* TestWindowMask.swift */; };
		CD2D80741C1A75A300E49AED /* LabelViewController.swift in Sources */ = {isa = PBXBuildFile; fileRef = CD2D80731C1A75A300E49AED /* LabelViewController.swift */; };
		CD4661DA1BBA100B00FDFBDC /* FirstViewController.swift in Sources */ = {isa = PBXBuildFile; fileRef = CD4661D91BBA100B00FDFBDC /* FirstViewController.swift */; };
		CD4661DC1BBA101600FDFBDC /* SecondViewController.swift in Sources */ = {isa = PBXBuildFile; fileRef = CD4661DB1BBA101600FDFBDC /* SecondViewController.swift */; };
		CD4661DE1BBA102000FDFBDC /* ThirdViewController.swift in Sources */ = {isa = PBXBuildFile; fileRef = CD4661DD1BBA102000FDFBDC /* ThirdViewController.swift */; };
		CD4BB2371BAA6D2300072773 /* AppDelegate.swift in Sources */ = {isa = PBXBuildFile; fileRef = CD4BB2361BAA6D2300072773 /* AppDelegate.swift */; };
		CD4BB2391BAA6D2300072773 /* ViewController.swift in Sources */ = {isa = PBXBuildFile; fileRef = CD4BB2381BAA6D2300072773 /* ViewController.swift */; };
		CD4BB23C1BAA6D2300072773 /* Main.storyboard in Resources */ = {isa = PBXBuildFile; fileRef = CD4BB23A1BAA6D2300072773 /* Main.storyboard */; };
		CD4BB23E1BAA6D2300072773 /* Images.xcassets in Resources */ = {isa = PBXBuildFile; fileRef = CD4BB23D1BAA6D2300072773 /* Images.xcassets */; };
		CD4BB2411BAA6D2300072773 /* LaunchScreen.xib in Resources */ = {isa = PBXBuildFile; fileRef = CD4BB23F1BAA6D2300072773 /* LaunchScreen.xib */; };
		CD4BB24D1BAA6D2400072773 /* RCToolsDemoTests.swift in Sources */ = {isa = PBXBuildFile; fileRef = CD4BB24C1BAA6D2400072773 /* RCToolsDemoTests.swift */; };
		CD4BB2591BAA70B000072773 /* WindowMaskViewController.swift in Sources */ = {isa = PBXBuildFile; fileRef = CD4BB2581BAA70B000072773 /* WindowMaskViewController.swift */; };
		CD5C7DBF1CC64DEC00DB4448 /* RTAnimation.swift in Sources */ = {isa = PBXBuildFile; fileRef = CD5C7DB61CC64DEC00DB4448 /* RTAnimation.swift */; };
		CD5C7DC01CC64DEC00DB4448 /* RTAudio.swift in Sources */ = {isa = PBXBuildFile; fileRef = CD5C7DB71CC64DEC00DB4448 /* RTAudio.swift */; };
		CD5C7DC11CC64DEC00DB4448 /* RTFile.swift in Sources */ = {isa = PBXBuildFile; fileRef = CD5C7DB81CC64DEC00DB4448 /* RTFile.swift */; };
		CD5C7DC21CC64DEC00DB4448 /* RTMath.swift in Sources */ = {isa = PBXBuildFile; fileRef = CD5C7DB91CC64DEC00DB4448 /* RTMath.swift */; };
		CD5C7DC31CC64DEC00DB4448 /* RTNumber.swift in Sources */ = {isa = PBXBuildFile; fileRef = CD5C7DBA1CC64DEC00DB4448 /* RTNumber.swift */; };
		CD5C7DC41CC64DEC00DB4448 /* RTText.swift in Sources */ = {isa = PBXBuildFile; fileRef = CD5C7DBB1CC64DEC00DB4448 /* RTText.swift */; };
		CD5C7DC51CC64DEC00DB4448 /* RTTimer.swift in Sources */ = {isa = PBXBuildFile; fileRef = CD5C7DBC1CC64DEC00DB4448 /* RTTimer.swift */; };
		CD5C7DC61CC64DEC00DB4448 /* RTView.swift in Sources */ = {isa = PBXBuildFile; fileRef = CD5C7DBD1CC64DEC00DB4448 /* RTView.swift */; };
		CD5C7DC71CC64DEC00DB4448 /* RTWindow.swift in Sources */ = {isa = PBXBuildFile; fileRef = CD5C7DBE1CC64DEC00DB4448 /* RTWindow.swift */; };
		CD5C7DCA1CC6504200DB4448 /* AnimationTableViewController.swift in Sources */ = {isa = PBXBuildFile; fileRef = CD5C7DC91CC6504200DB4448 /* AnimationTableViewController.swift */; };
		CD5C7DCC1CC654CE00DB4448 /* AnimationCircleViewController.swift in Sources */ = {isa = PBXBuildFile; fileRef = CD5C7DCB1CC654CE00DB4448 /* AnimationCircleViewController.swift */; };
		CD6582EF1BC7C9610053BD0E /* FifthViewController.swift in Sources */ = {isa = PBXBuildFile; fileRef = CD6582EE1BC7C9610053BD0E /* FifthViewController.swift */; };
		CD6582F11BC7C9710053BD0E /* PresentedViewController.swift in Sources */ = {isa = PBXBuildFile; fileRef = CD6582F01BC7C9710053BD0E /* PresentedViewController.swift */; };
		CD680CFA1CCF27A70002EA9D /* SixViewController.swift in Sources */ = {isa = PBXBuildFile; fileRef = CD680CF91CCF27A70002EA9D /* SixViewController.swift */; };
		CD6DD9401BCBDC3A0092F561 /* ShadowViewController.swift in Sources */ = {isa = PBXBuildFile; fileRef = CD6DD93F1BCBDC3A0092F561 /* ShadowViewController.swift */; };
		CD6DFAF81BCFD39F0015E6CF /* MyUILabel.swift in Sources */ = {isa = PBXBuildFile; fileRef = CD6DFAF71BCFD39F0015E6CF /* MyUILabel.swift */; };
		CD7C96AC1BB4E311001754A1 /* ScenesTransitionViewController.swift in Sources */ = {isa = PBXBuildFile; fileRef = CD7C96AB1BB4E311001754A1 /* ScenesTransitionViewController.swift */; };
		CD7FCDEA1BC6433200A126A6 /* FourthViewController.swift in Sources */ = {isa = PBXBuildFile; fileRef = CD7FCDE91BC6433200A126A6 /* FourthViewController.swift */; };
		CD8E90F11C103D6E00BF50EA /* BadgeViewController.swift in Sources */ = {isa = PBXBuildFile; fileRef = CD8E90F01C103D6E00BF50EA /* BadgeViewController.swift */; };
		CD8E90F31C1045E500BF50EA /* RedCircleLayer.swift in Sources */ = {isa = PBXBuildFile; fileRef = CD8E90F21C1045E500BF50EA /* RedCircleLayer.swift */; };
		CD9193101C745E9000FA0011 /* RCTextField.swift in Sources */ = {isa = PBXBuildFile; fileRef = CD91930F1C745E9000FA0011 /* RCTextField.swift */; };
		CD9229E81BF4662B004BF267 /* AudioViewController.swift in Sources */ = {isa = PBXBuildFile; fileRef = CD9229E61BF4662B004BF267 /* AudioViewController.swift */; };
		CDA79E531CD33C0200DB5ABD /* RTBorder.swift in Sources */ = {isa = PBXBuildFile; fileRef = CDA79E521CD33C0200DB5ABD /* RTBorder.swift */; };
		CDB905551CFA9CD90063048D /* RTFuncs.swift in Sources */ = {isa = PBXBuildFile; fileRef = CDB905541CFA9CD90063048D /* RTFuncs.swift */; };
		CDB90D051BEC35D10090D802 /* BezierPathViewController.swift in Sources */ = {isa = PBXBuildFile; fileRef = CDB90D041BEC35D10090D802 /* BezierPathViewController.swift */; };
		CDBAC6E01BB5328200ADB568 /* ContainerViewController.swift in Sources */ = {isa = PBXBuildFile; fileRef = CDBAC6DF1BB5328200ADB568 /* ContainerViewController.swift */; };
		CDC3350D1CD0F6C40050F3A8 /* AttachmentViewController.swift in Sources */ = {isa = PBXBuildFile; fileRef = CDC3350C1CD0F6C40050F3A8 /* AttachmentViewController.swift */; };
		CDC3FBAD1CCFA18400CDB11D /* GravityViewController.swift in Sources */ = {isa = PBXBuildFile; fileRef = CDC3FBAC1CCFA18400CDB11D /* GravityViewController.swift */; };
		CDCB3E8C1CFBF061008CA765 /* ScrollCatViewController.swift in Sources */ = {isa = PBXBuildFile; fileRef = CDCB3E8B1CFBF061008CA765 /* ScrollCatViewController.swift */; };
		CDCD51631CE1847C0000A86B /* AFSoundItem.m in Sources */ = {isa = PBXBuildFile; fileRef = CDCD51591CE1847C0000A86B /* AFSoundItem.m */; };
		CDCD51641CE1847C0000A86B /* AFSoundPlayback.m in Sources */ = {isa = PBXBuildFile; fileRef = CDCD515C1CE1847C0000A86B /* AFSoundPlayback.m */; };
		CDCD51651CE1847C0000A86B /* AFSoundQueue.m in Sources */ = {isa = PBXBuildFile; fileRef = CDCD515E1CE1847C0000A86B /* AFSoundQueue.m */; };
		CDCD51661CE1847C0000A86B /* AFSoundRecord.m in Sources */ = {isa = PBXBuildFile; fileRef = CDCD51601CE1847C0000A86B /* AFSoundRecord.m */; };
		CDCD51671CE1847C0000A86B /* NSTimer+AFSoundManager.m in Sources */ = {isa = PBXBuildFile; fileRef = CDCD51621CE1847C0000A86B /* NSTimer+AFSoundManager.m */; };
		CDCD516D1CE193AD0000A86B /* RTAudioItem.swift in Sources */ = {isa = PBXBuildFile; fileRef = CDCD516C1CE193AD0000A86B /* RTAudioItem.swift */; };
		CDCD516F1CE19A790000A86B /* RTAudioPlayback.swift in Sources */ = {isa = PBXBuildFile; fileRef = CDCD516E1CE19A790000A86B /* RTAudioPlayback.swift */; };
		CDCD51711CE1BBF90000A86B /* AudioSingleViewController.swift in Sources */ = {isa = PBXBuildFile; fileRef = CDCD51701CE1BBF90000A86B /* AudioSingleViewController.swift */; };
		CDCD51731CE1C7330000A86B /* RTAudioManager.swift in Sources */ = {isa = PBXBuildFile; fileRef = CDCD51721CE1C7330000A86B /* RTAudioManager.swift */; };
		CDD515A01BE306F200C5765C /* ZeroGapViewController.swift in Sources */ = {isa = PBXBuildFile; fileRef = CDD5159F1BE306F200C5765C /* ZeroGapViewController.swift */; };
		CDD515A31BE3074200C5765C /* Controls.storyboard in Resources */ = {isa = PBXBuildFile; fileRef = CDD515A21BE3074200C5765C /* Controls.storyboard */; };
		CDD515A51BE307CF00C5765C /* ControlsTableViewController.swift in Sources */ = {isa = PBXBuildFile; fileRef = CDD515A41BE307CF00C5765C /* ControlsTableViewController.swift */; };
		CDD515A81BE30E9800C5765C /* ZeriGapCollectionViewLayout.swift in Sources */ = {isa = PBXBuildFile; fileRef = CDD515A71BE30E9800C5765C /* ZeriGapCollectionViewLayout.swift */; };
		CDE315831BAD3F8100D2C6AF /* MaskViewController.swift in Sources */ = {isa = PBXBuildFile; fileRef = CDE315821BAD3F8100D2C6AF /* MaskViewController.swift */; };
		CDF1158F1CC719240007547D /* TextTableViewController.swift in Sources */ = {isa = PBXBuildFile; fileRef = CDF1158E1CC719240007547D /* TextTableViewController.swift */; };
		CDF4EB7B1CD2F5B6006E713D /* PushViewController.swift in Sources */ = {isa = PBXBuildFile; fileRef = CDF4EB7A1CD2F5B6006E713D /* PushViewController.swift */; };
		E62B4D6B1C9263B70092F14F /* RTAudioStream.swift in Sources */ = {isa = PBXBuildFile; fileRef = E62B4D6A1C9263B70092F14F /* RTAudioStream.swift */; };
		E62CC7AD1C4F218500E8E84F /* TextFieldViewController.swift in Sources */ = {isa = PBXBuildFile; fileRef = E62CC7AC1C4F218500E8E84F /* TextFieldViewController.swift */; };
		E631A9BA1CEC101A002251EA /* RTRC.swift in Sources */ = {isa = PBXBuildFile; fileRef = E631A9B91CEC101A002251EA /* RTRC.swift */; };
		E63317A71C867790008980DC /* ChatTextCell.swift in Sources */ = {isa = PBXBuildFile; fileRef = E63317A61C867790008980DC /* ChatTextCell.swift */; };
		E63317A91C8677B0008980DC /* ChatCell.swift in Sources */ = {isa = PBXBuildFile; fileRef = E63317A81C8677B0008980DC /* ChatCell.swift */; };
		E63317AC1C867A3D008980DC /* ChatMessage.swift in Sources */ = {isa = PBXBuildFile; fileRef = E63317AB1C867A3D008980DC /* ChatMessage.swift */; };
		E63317AF1C868260008980DC /* ChatTextMessage.swift in Sources */ = {isa = PBXBuildFile; fileRef = E63317AE1C868260008980DC /* ChatTextMessage.swift */; };
		E63317B11C8682C8008980DC /* ChatVoiceMessage.swift in Sources */ = {isa = PBXBuildFile; fileRef = E63317B01C8682C8008980DC /* ChatVoiceMessage.swift */; };
		E63317B41C869448008980DC /* 10.jpeg in Resources */ = {isa = PBXBuildFile; fileRef = E63317B31C869448008980DC /* 10.jpeg */; };
		E63317B61C869A94008980DC /* ChatVoiceCell.swift in Sources */ = {isa = PBXBuildFile; fileRef = E63317B51C869A94008980DC /* ChatVoiceCell.swift */; };
		E63FD0331C8FCCC8002D8ADD /* SoundTableViewController.swift in Sources */ = {isa = PBXBuildFile; fileRef = E63FD0321C8FCCC8002D8ADD /* SoundTableViewController.swift */; };
		E63FD0351C8FCDF9002D8ADD /* VibrateViewController.swift in Sources */ = {isa = PBXBuildFile; fileRef = E63FD0341C8FCDF9002D8ADD /* VibrateViewController.swift */; };
		E641004F1CE421900071DEDB /* RTError.swift in Sources */ = {isa = PBXBuildFile; fileRef = E641004E1CE421900071DEDB /* RTError.swift */; };
		E64100521CE4235B0071DEDB /* SkeletonTableViewController.swift in Sources */ = {isa = PBXBuildFile; fileRef = E64100511CE4235B0071DEDB /* SkeletonTableViewController.swift */; };
		E64100541CE4241D0071DEDB /* ErrorViewController.swift in Sources */ = {isa = PBXBuildFile; fileRef = E64100531CE4241D0071DEDB /* ErrorViewController.swift */; };
		E64CBF511CED555600157626 /* MenuViewController.swift in Sources */ = {isa = PBXBuildFile; fileRef = E64CBF501CED555600157626 /* MenuViewController.swift */; };
		E64CBF531CED732500157626 /* MenuCustomCellViewController.swift in Sources */ = {isa = PBXBuildFile; fileRef = E64CBF521CED732500157626 /* MenuCustomCellViewController.swift */; };
		E64CBF551CED73B800157626 /* MenuButton.swift in Sources */ = {isa = PBXBuildFile; fileRef = E64CBF541CED73B800157626 /* MenuButton.swift */; };
		E64CBF571CED756A00157626 /* MenuButtonTableViewCell.swift in Sources */ = {isa = PBXBuildFile; fileRef = E64CBF561CED756A00157626 /* MenuButtonTableViewCell.swift */; };
		E69049011C474EBE006C5314 /* DynamicBehaviorViewController.swift in Sources */ = {isa = PBXBuildFile; fileRef = E69049001C474EBE006C5314 /* DynamicBehaviorViewController.swift */; };
		E694936E1C85940C009F90D6 /* ChatViewController.swift in Sources */ = {isa = PBXBuildFile; fileRef = E694936D1C85940C009F90D6 /* ChatViewController.swift */; };
		E695290D1C7EF7C00032FDDC /* AutoLayoutViewController.swift in Sources */ = {isa = PBXBuildFile; fileRef = E695290C1C7EF7C00032FDDC /* AutoLayoutViewController.swift */; };
		E6BE7EE31CA1191F00193597 /* AddressBookViewController.swift in Sources */ = {isa = PBXBuildFile; fileRef = E6BE7EE21CA1191F00193597 /* AddressBookViewController.swift */; };
		E6BE7EE51CA1193700193597 /* AddressBook.framework in Frameworks */ = {isa = PBXBuildFile; fileRef = E6BE7EE41CA1193700193597 /* AddressBook.framework */; };
		E6C35AC21C96B9FC0087771D /* AudioStreamViewController.swift in Sources */ = {isa = PBXBuildFile; fileRef = E6C35AC11C96B9FC0087771D /* AudioStreamViewController.swift */; };
		E6C35AC41C96BA8F0087771D /* MediaPlayer.framework in Frameworks */ = {isa = PBXBuildFile; fileRef = E6C35AC31C96BA8F0087771D /* MediaPlayer.framework */; };
		E6C35AC61C96BA9D0087771D /* AVFoundation.framework in Frameworks */ = {isa = PBXBuildFile; fileRef = E6C35AC51C96BA9D0087771D /* AVFoundation.framework */; };
		E6C35AC71C96BAA40087771D /* AudioToolbox.framework in Frameworks */ = {isa = PBXBuildFile; fileRef = E63FD0361C8FE397002D8ADD /* AudioToolbox.framework */; };
		E6D1ECBB1C1EABA400995844 /* ImageViewController.swift in Sources */ = {isa = PBXBuildFile; fileRef = E6D1ECBA1C1EABA400995844 /* ImageViewController.swift */; };
		E6D1ECBE1C1EAE2D00995844 /* 496.gif in Resources */ = {isa = PBXBuildFile; fileRef = E6D1ECBD1C1EAE2D00995844 /* 496.gif */; };
		E6D1ECC31C1EAF4100995844 /* UIImage+animatedGIF.m in Sources */ = {isa = PBXBuildFile; fileRef = E6D1ECC21C1EAF4100995844 /* UIImage+animatedGIF.m */; };
		E6EB898A1CF7FE420084F5A2 /* RTPrint.swift in Sources */ = {isa = PBXBuildFile; fileRef = E6EB89891CF7FE420084F5A2 /* RTPrint.swift */; };
		E6EB898B1CF7FE420084F5A2 /* RTPrint.swift in Sources */ = {isa = PBXBuildFile; fileRef = E6EB89891CF7FE420084F5A2 /* RTPrint.swift */; };
		E6F2DC231C8029B8008B9460 /* Readme in Resources */ = {isa = PBXBuildFile; fileRef = E6F2DC221C8029B8008B9460 /* Readme */; };
		E6F2DC2D1C8030FF008B9460 /* ChatViewImages.xcassets in Resources */ = {isa = PBXBuildFile; fileRef = E6F2DC2C1C8030FF008B9460 /* ChatViewImages.xcassets */; };
		E6F7B6651C9650FD00CEFBD8 /* CFNetwork.framework in Frameworks */ = {isa = PBXBuildFile; fileRef = E6F7B6641C9650FD00CEFBD8 /* CFNetwork.framework */; };
		F0E44003087A7F78739C3E76 /* Pods.framework in Frameworks */ = {isa = PBXBuildFile; fileRef = 2862304045F5F0A51216D43A /* Pods.framework */; };
/* End PBXBuildFile section */

/* Begin PBXContainerItemProxy section */
		CD4BB2471BAA6D2400072773 /* PBXContainerItemProxy */ = {
			isa = PBXContainerItemProxy;
			containerPortal = CD4BB2291BAA6D2300072773 /* Project object */;
			proxyType = 1;
			remoteGlobalIDString = CD4BB2301BAA6D2300072773;
			remoteInfo = RCToolsDemo;
		};
/* End PBXContainerItemProxy section */

/* Begin PBXCopyFilesBuildPhase section */
		E64BA81A1CC0C96400F330EB /* Embed Frameworks */ = {
			isa = PBXCopyFilesBuildPhase;
			buildActionMask = 2147483647;
			dstPath = "";
			dstSubfolderSpec = 10;
			files = (
			);
			name = "Embed Frameworks";
			runOnlyForDeploymentPostprocessing = 0;
		};
/* End PBXCopyFilesBuildPhase section */

/* Begin PBXFileReference section */
		1813E3791BE1EDB000B2514F /* SnapshotViewController.swift */ = {isa = PBXFileReference; fileEncoding = 4; lastKnownFileType = sourcecode.swift; path = SnapshotViewController.swift; sourceTree = "<group>"; };
		1838BEEC1BD9CFAB005D7D8B /* GalleryBrowserViewController.swift */ = {isa = PBXFileReference; fileEncoding = 4; lastKnownFileType = sourcecode.swift; path = GalleryBrowserViewController.swift; sourceTree = "<group>"; };
		1838BEF01BDA204F005D7D8B /* GalleryDetailViewController.swift */ = {isa = PBXFileReference; fileEncoding = 4; lastKnownFileType = sourcecode.swift; path = GalleryDetailViewController.swift; sourceTree = "<group>"; };
		1868A3721BE87E8D007D5F47 /* CustomizedNavigationController.swift */ = {isa = PBXFileReference; fileEncoding = 4; lastKnownFileType = sourcecode.swift; path = CustomizedNavigationController.swift; sourceTree = "<group>"; };
		1868A3741BE883A9007D5F47 /* TestNavigationController.swift */ = {isa = PBXFileReference; fileEncoding = 4; lastKnownFileType = sourcecode.swift; path = TestNavigationController.swift; sourceTree = "<group>"; };
		189830A41BDDD60E00FFE854 /* ImagesCell.swift */ = {isa = PBXFileReference; fileEncoding = 4; lastKnownFileType = sourcecode.swift; path = ImagesCell.swift; sourceTree = "<group>"; };
		189B6DA01BCF32A70083C02B /* Components.storyboard */ = {isa = PBXFileReference; fileEncoding = 4; lastKnownFileType = file.storyboard; path = Components.storyboard; sourceTree = "<group>"; };
		189B6DA31BCF32D50083C02B /* ParagraphViewController.swift */ = {isa = PBXFileReference; fileEncoding = 4; lastKnownFileType = sourcecode.swift; path = ParagraphViewController.swift; sourceTree = "<group>"; };
		18A9BB681BD5D93C00532575 /* DictionaryViewController.swift */ = {isa = PBXFileReference; fileEncoding = 4; lastKnownFileType = sourcecode.swift; path = DictionaryViewController.swift; sourceTree = "<group>"; };
		18A9BB6A1BD5D9D900532575 /* ComponentsTableViewController.swift */ = {isa = PBXFileReference; fileEncoding = 4; lastKnownFileType = sourcecode.swift; path = ComponentsTableViewController.swift; sourceTree = "<group>"; };
		18B5ED041BE0ADC700B29BCC /* Graphic.storyboard */ = {isa = PBXFileReference; fileEncoding = 4; lastKnownFileType = file.storyboard; path = Graphic.storyboard; sourceTree = "<group>"; };
		18B5ED061BE0AE4400B29BCC /* GraphicTableViewController.swift */ = {isa = PBXFileReference; fileEncoding = 4; lastKnownFileType = sourcecode.swift; path = GraphicTableViewController.swift; sourceTree = "<group>"; };
		18B5ED081BE0AEA900B29BCC /* CarMovingViewController.swift */ = {isa = PBXFileReference; fileEncoding = 4; lastKnownFileType = sourcecode.swift; path = CarMovingViewController.swift; sourceTree = "<group>"; };
		18E03B071BD08FDB0080FA72 /* UIVerticalLabel.swift */ = {isa = PBXFileReference; fileEncoding = 4; lastKnownFileType = sourcecode.swift; path = UIVerticalLabel.swift; sourceTree = "<group>"; };
		18E5C7471BD740430095D216 /* RCGlimmer.swift */ = {isa = PBXFileReference; fileEncoding = 4; lastKnownFileType = sourcecode.swift; path = RCGlimmer.swift; sourceTree = "<group>"; };
		18E5C7491BD740AB0095D216 /* GlimmerViewController.swift */ = {isa = PBXFileReference; fileEncoding = 4; lastKnownFileType = sourcecode.swift; path = GlimmerViewController.swift; sourceTree = "<group>"; };
		2862304045F5F0A51216D43A /* Pods.framework */ = {isa = PBXFileReference; explicitFileType = wrapper.framework; includeInIndex = 0; path = Pods.framework; sourceTree = BUILT_PRODUCTS_DIR; };
		B0704147E1EBE1FADCB45EA6 /* Pods.debug.xcconfig */ = {isa = PBXFileReference; includeInIndex = 1; lastKnownFileType = text.xcconfig; name = Pods.debug.xcconfig; path = "../Pods/Target Support Files/Pods/Pods.debug.xcconfig"; sourceTree = "<group>"; };
		B955DFDD506B0E9E45209427 /* Pods.release.xcconfig */ = {isa = PBXFileReference; includeInIndex = 1; lastKnownFileType = text.xcconfig; name = Pods.release.xcconfig; path = "../Pods/Target Support Files/Pods/Pods.release.xcconfig"; sourceTree = "<group>"; };
		CD08E1F71CD21C7300615692 /* SnapViewController.swift */ = {isa = PBXFileReference; fileEncoding = 4; lastKnownFileType = sourcecode.swift; path = SnapViewController.swift; sourceTree = "<group>"; };
		CD0E779E1CD0A9E50086C038 /* ButtonViewController.swift */ = {isa = PBXFileReference; fileEncoding = 4; lastKnownFileType = sourcecode.swift; path = ButtonViewController.swift; sourceTree = "<group>"; };
		CD13C9191BABE5B4007CDA32 /* SecondBeenPresentedViewController.swift */ = {isa = PBXFileReference; fileEncoding = 4; lastKnownFileType = sourcecode.swift; path = SecondBeenPresentedViewController.swift; sourceTree = "<group>"; };
		CD2B4D931BABB7D7003FFF19 /* BeenPresentedViewController.swift */ = {isa = PBXFileReference; fileEncoding = 4; lastKnownFileType = sourcecode.swift; path = BeenPresentedViewController.swift; sourceTree = "<group>"; };
		CD2B4D961BABC263003FFF19 /* WithNavBeenPresentedViewController.swift */ = {isa = PBXFileReference; fileEncoding = 4; lastKnownFileType = sourcecode.swift; path = WithNavBeenPresentedViewController.swift; sourceTree = "<group>"; };
		CD2B4D991BABC5FA003FFF19 /* TestWindowMask.swift */ = {isa = PBXFileReference; fileEncoding = 4; lastKnownFileType = sourcecode.swift; path = TestWindowMask.swift; sourceTree = "<group>"; };
		CD2D80731C1A75A300E49AED /* LabelViewController.swift */ = {isa = PBXFileReference; fileEncoding = 4; lastKnownFileType = sourcecode.swift; path = LabelViewController.swift; sourceTree = "<group>"; };
		CD4661D91BBA100B00FDFBDC /* FirstViewController.swift */ = {isa = PBXFileReference; fileEncoding = 4; lastKnownFileType = sourcecode.swift; path = FirstViewController.swift; sourceTree = "<group>"; };
		CD4661DB1BBA101600FDFBDC /* SecondViewController.swift */ = {isa = PBXFileReference; fileEncoding = 4; lastKnownFileType = sourcecode.swift; path = SecondViewController.swift; sourceTree = "<group>"; };
		CD4661DD1BBA102000FDFBDC /* ThirdViewController.swift */ = {isa = PBXFileReference; fileEncoding = 4; lastKnownFileType = sourcecode.swift; path = ThirdViewController.swift; sourceTree = "<group>"; };
		CD4BB2311BAA6D2300072773 /* RCToolsDemo.app */ = {isa = PBXFileReference; explicitFileType = wrapper.application; includeInIndex = 0; path = RCToolsDemo.app; sourceTree = BUILT_PRODUCTS_DIR; };
		CD4BB2351BAA6D2300072773 /* Info.plist */ = {isa = PBXFileReference; lastKnownFileType = text.plist.xml; path = Info.plist; sourceTree = "<group>"; };
		CD4BB2361BAA6D2300072773 /* AppDelegate.swift */ = {isa = PBXFileReference; lastKnownFileType = sourcecode.swift; path = AppDelegate.swift; sourceTree = "<group>"; };
		CD4BB2381BAA6D2300072773 /* ViewController.swift */ = {isa = PBXFileReference; lastKnownFileType = sourcecode.swift; path = ViewController.swift; sourceTree = "<group>"; };
		CD4BB23B1BAA6D2300072773 /* Base */ = {isa = PBXFileReference; lastKnownFileType = file.storyboard; name = Base; path = Base.lproj/Main.storyboard; sourceTree = "<group>"; };
		CD4BB23D1BAA6D2300072773 /* Images.xcassets */ = {isa = PBXFileReference; lastKnownFileType = folder.assetcatalog; path = Images.xcassets; sourceTree = "<group>"; };
		CD4BB2401BAA6D2300072773 /* Base */ = {isa = PBXFileReference; lastKnownFileType = file.xib; name = Base; path = Base.lproj/LaunchScreen.xib; sourceTree = "<group>"; };
		CD4BB2461BAA6D2400072773 /* RCToolsDemoTests.xctest */ = {isa = PBXFileReference; explicitFileType = wrapper.cfbundle; includeInIndex = 0; path = RCToolsDemoTests.xctest; sourceTree = BUILT_PRODUCTS_DIR; };
		CD4BB24B1BAA6D2400072773 /* Info.plist */ = {isa = PBXFileReference; lastKnownFileType = text.plist.xml; path = Info.plist; sourceTree = "<group>"; };
		CD4BB24C1BAA6D2400072773 /* RCToolsDemoTests.swift */ = {isa = PBXFileReference; lastKnownFileType = sourcecode.swift; path = RCToolsDemoTests.swift; sourceTree = "<group>"; };
		CD4BB2581BAA70B000072773 /* WindowMaskViewController.swift */ = {isa = PBXFileReference; fileEncoding = 4; lastKnownFileType = sourcecode.swift; path = WindowMaskViewController.swift; sourceTree = "<group>"; };
		CD5C7DB61CC64DEC00DB4448 /* RTAnimation.swift */ = {isa = PBXFileReference; fileEncoding = 4; lastKnownFileType = sourcecode.swift; path = RTAnimation.swift; sourceTree = "<group>"; };
		CD5C7DB71CC64DEC00DB4448 /* RTAudio.swift */ = {isa = PBXFileReference; fileEncoding = 4; lastKnownFileType = sourcecode.swift; path = RTAudio.swift; sourceTree = "<group>"; };
		CD5C7DB81CC64DEC00DB4448 /* RTFile.swift */ = {isa = PBXFileReference; fileEncoding = 4; lastKnownFileType = sourcecode.swift; path = RTFile.swift; sourceTree = "<group>"; };
		CD5C7DB91CC64DEC00DB4448 /* RTMath.swift */ = {isa = PBXFileReference; fileEncoding = 4; lastKnownFileType = sourcecode.swift; path = RTMath.swift; sourceTree = "<group>"; };
		CD5C7DBA1CC64DEC00DB4448 /* RTNumber.swift */ = {isa = PBXFileReference; fileEncoding = 4; lastKnownFileType = sourcecode.swift; path = RTNumber.swift; sourceTree = "<group>"; };
		CD5C7DBB1CC64DEC00DB4448 /* RTText.swift */ = {isa = PBXFileReference; fileEncoding = 4; lastKnownFileType = sourcecode.swift; path = RTText.swift; sourceTree = "<group>"; };
		CD5C7DBC1CC64DEC00DB4448 /* RTTimer.swift */ = {isa = PBXFileReference; fileEncoding = 4; lastKnownFileType = sourcecode.swift; path = RTTimer.swift; sourceTree = "<group>"; };
		CD5C7DBD1CC64DEC00DB4448 /* RTView.swift */ = {isa = PBXFileReference; fileEncoding = 4; lastKnownFileType = sourcecode.swift; path = RTView.swift; sourceTree = "<group>"; };
		CD5C7DBE1CC64DEC00DB4448 /* RTWindow.swift */ = {isa = PBXFileReference; fileEncoding = 4; lastKnownFileType = sourcecode.swift; path = RTWindow.swift; sourceTree = "<group>"; };
		CD5C7DC91CC6504200DB4448 /* AnimationTableViewController.swift */ = {isa = PBXFileReference; fileEncoding = 4; lastKnownFileType = sourcecode.swift; path = AnimationTableViewController.swift; sourceTree = "<group>"; };
		CD5C7DCB1CC654CE00DB4448 /* AnimationCircleViewController.swift */ = {isa = PBXFileReference; fileEncoding = 4; lastKnownFileType = sourcecode.swift; path = AnimationCircleViewController.swift; sourceTree = "<group>"; };
		CD6582EE1BC7C9610053BD0E /* FifthViewController.swift */ = {isa = PBXFileReference; fileEncoding = 4; lastKnownFileType = sourcecode.swift; path = FifthViewController.swift; sourceTree = "<group>"; };
		CD6582F01BC7C9710053BD0E /* PresentedViewController.swift */ = {isa = PBXFileReference; fileEncoding = 4; lastKnownFileType = sourcecode.swift; path = PresentedViewController.swift; sourceTree = "<group>"; };
		CD680CF91CCF27A70002EA9D /* SixViewController.swift */ = {isa = PBXFileReference; fileEncoding = 4; lastKnownFileType = sourcecode.swift; path = SixViewController.swift; sourceTree = "<group>"; };
		CD6DD93F1BCBDC3A0092F561 /* ShadowViewController.swift */ = {isa = PBXFileReference; fileEncoding = 4; lastKnownFileType = sourcecode.swift; path = ShadowViewController.swift; sourceTree = "<group>"; };
		CD6DFAF71BCFD39F0015E6CF /* MyUILabel.swift */ = {isa = PBXFileReference; fileEncoding = 4; lastKnownFileType = sourcecode.swift; path = MyUILabel.swift; sourceTree = "<group>"; };
		CD7C96AB1BB4E311001754A1 /* ScenesTransitionViewController.swift */ = {isa = PBXFileReference; fileEncoding = 4; lastKnownFileType = sourcecode.swift; path = ScenesTransitionViewController.swift; sourceTree = "<group>"; };
		CD7FCDE91BC6433200A126A6 /* FourthViewController.swift */ = {isa = PBXFileReference; fileEncoding = 4; lastKnownFileType = sourcecode.swift; path = FourthViewController.swift; sourceTree = "<group>"; };
		CD8E90F01C103D6E00BF50EA /* BadgeViewController.swift */ = {isa = PBXFileReference; fileEncoding = 4; lastKnownFileType = sourcecode.swift; path = BadgeViewController.swift; sourceTree = "<group>"; };
		CD8E90F21C1045E500BF50EA /* RedCircleLayer.swift */ = {isa = PBXFileReference; fileEncoding = 4; lastKnownFileType = sourcecode.swift; path = RedCircleLayer.swift; sourceTree = "<group>"; };
		CD91930F1C745E9000FA0011 /* RCTextField.swift */ = {isa = PBXFileReference; fileEncoding = 4; lastKnownFileType = sourcecode.swift; path = RCTextField.swift; sourceTree = "<group>"; };
		CD9229E61BF4662B004BF267 /* AudioViewController.swift */ = {isa = PBXFileReference; fileEncoding = 4; lastKnownFileType = sourcecode.swift; path = AudioViewController.swift; sourceTree = "<group>"; };
		CDA79E521CD33C0200DB5ABD /* RTBorder.swift */ = {isa = PBXFileReference; fileEncoding = 4; lastKnownFileType = sourcecode.swift; path = RTBorder.swift; sourceTree = "<group>"; };
		CDB905541CFA9CD90063048D /* RTFuncs.swift */ = {isa = PBXFileReference; fileEncoding = 4; lastKnownFileType = sourcecode.swift; path = RTFuncs.swift; sourceTree = "<group>"; };
		CDB90D041BEC35D10090D802 /* BezierPathViewController.swift */ = {isa = PBXFileReference; fileEncoding = 4; lastKnownFileType = sourcecode.swift; path = BezierPathViewController.swift; sourceTree = "<group>"; };
		CDBAC6DF1BB5328200ADB568 /* ContainerViewController.swift */ = {isa = PBXFileReference; fileEncoding = 4; lastKnownFileType = sourcecode.swift; path = ContainerViewController.swift; sourceTree = "<group>"; };
		CDC3350C1CD0F6C40050F3A8 /* AttachmentViewController.swift */ = {isa = PBXFileReference; fileEncoding = 4; lastKnownFileType = sourcecode.swift; path = AttachmentViewController.swift; sourceTree = "<group>"; };
		CDC3FBAC1CCFA18400CDB11D /* GravityViewController.swift */ = {isa = PBXFileReference; fileEncoding = 4; lastKnownFileType = sourcecode.swift; path = GravityViewController.swift; sourceTree = "<group>"; };
		CDCB3E8B1CFBF061008CA765 /* ScrollCatViewController.swift */ = {isa = PBXFileReference; fileEncoding = 4; lastKnownFileType = sourcecode.swift; path = ScrollCatViewController.swift; sourceTree = "<group>"; };
		CDCD51581CE1847C0000A86B /* AFSoundItem.h */ = {isa = PBXFileReference; fileEncoding = 4; lastKnownFileType = sourcecode.c.h; path = AFSoundItem.h; sourceTree = "<group>"; };
		CDCD51591CE1847C0000A86B /* AFSoundItem.m */ = {isa = PBXFileReference; fileEncoding = 4; lastKnownFileType = sourcecode.c.objc; path = AFSoundItem.m; sourceTree = "<group>"; };
		CDCD515A1CE1847C0000A86B /* AFSoundManager.h */ = {isa = PBXFileReference; fileEncoding = 4; lastKnownFileType = sourcecode.c.h; path = AFSoundManager.h; sourceTree = "<group>"; };
		CDCD515B1CE1847C0000A86B /* AFSoundPlayback.h */ = {isa = PBXFileReference; fileEncoding = 4; lastKnownFileType = sourcecode.c.h; path = AFSoundPlayback.h; sourceTree = "<group>"; };
		CDCD515C1CE1847C0000A86B /* AFSoundPlayback.m */ = {isa = PBXFileReference; fileEncoding = 4; lastKnownFileType = sourcecode.c.objc; path = AFSoundPlayback.m; sourceTree = "<group>"; };
		CDCD515D1CE1847C0000A86B /* AFSoundQueue.h */ = {isa = PBXFileReference; fileEncoding = 4; lastKnownFileType = sourcecode.c.h; path = AFSoundQueue.h; sourceTree = "<group>"; };
		CDCD515E1CE1847C0000A86B /* AFSoundQueue.m */ = {isa = PBXFileReference; fileEncoding = 4; lastKnownFileType = sourcecode.c.objc; path = AFSoundQueue.m; sourceTree = "<group>"; };
		CDCD515F1CE1847C0000A86B /* AFSoundRecord.h */ = {isa = PBXFileReference; fileEncoding = 4; lastKnownFileType = sourcecode.c.h; path = AFSoundRecord.h; sourceTree = "<group>"; };
		CDCD51601CE1847C0000A86B /* AFSoundRecord.m */ = {isa = PBXFileReference; fileEncoding = 4; lastKnownFileType = sourcecode.c.objc; path = AFSoundRecord.m; sourceTree = "<group>"; };
		CDCD51611CE1847C0000A86B /* NSTimer+AFSoundManager.h */ = {isa = PBXFileReference; fileEncoding = 4; lastKnownFileType = sourcecode.c.h; path = "NSTimer+AFSoundManager.h"; sourceTree = "<group>"; };
		CDCD51621CE1847C0000A86B /* NSTimer+AFSoundManager.m */ = {isa = PBXFileReference; fileEncoding = 4; lastKnownFileType = sourcecode.c.objc; path = "NSTimer+AFSoundManager.m"; sourceTree = "<group>"; };
		CDCD516C1CE193AD0000A86B /* RTAudioItem.swift */ = {isa = PBXFileReference; fileEncoding = 4; lastKnownFileType = sourcecode.swift; path = RTAudioItem.swift; sourceTree = "<group>"; };
		CDCD516E1CE19A790000A86B /* RTAudioPlayback.swift */ = {isa = PBXFileReference; fileEncoding = 4; lastKnownFileType = sourcecode.swift; path = RTAudioPlayback.swift; sourceTree = "<group>"; };
		CDCD51701CE1BBF90000A86B /* AudioSingleViewController.swift */ = {isa = PBXFileReference; fileEncoding = 4; lastKnownFileType = sourcecode.swift; path = AudioSingleViewController.swift; sourceTree = "<group>"; };
		CDCD51721CE1C7330000A86B /* RTAudioManager.swift */ = {isa = PBXFileReference; fileEncoding = 4; lastKnownFileType = sourcecode.swift; path = RTAudioManager.swift; sourceTree = "<group>"; };
		CDD5159F1BE306F200C5765C /* ZeroGapViewController.swift */ = {isa = PBXFileReference; fileEncoding = 4; lastKnownFileType = sourcecode.swift; path = ZeroGapViewController.swift; sourceTree = "<group>"; };
		CDD515A21BE3074200C5765C /* Controls.storyboard */ = {isa = PBXFileReference; fileEncoding = 4; lastKnownFileType = file.storyboard; path = Controls.storyboard; sourceTree = "<group>"; };
		CDD515A41BE307CF00C5765C /* ControlsTableViewController.swift */ = {isa = PBXFileReference; fileEncoding = 4; lastKnownFileType = sourcecode.swift; path = ControlsTableViewController.swift; sourceTree = "<group>"; };
		CDD515A71BE30E9800C5765C /* ZeriGapCollectionViewLayout.swift */ = {isa = PBXFileReference; fileEncoding = 4; lastKnownFileType = sourcecode.swift; path = ZeriGapCollectionViewLayout.swift; sourceTree = "<group>"; };
		CDE315821BAD3F8100D2C6AF /* MaskViewController.swift */ = {isa = PBXFileReference; fileEncoding = 4; lastKnownFileType = sourcecode.swift; path = MaskViewController.swift; sourceTree = "<group>"; };
		CDEA9CDD1CF82E070096ACF9 /* test.playground */ = {isa = PBXFileReference; lastKnownFileType = file.playground; path = test.playground; sourceTree = "<group>"; };
		CDF1158E1CC719240007547D /* TextTableViewController.swift */ = {isa = PBXFileReference; fileEncoding = 4; lastKnownFileType = sourcecode.swift; path = TextTableViewController.swift; sourceTree = "<group>"; };
		CDF4EB7A1CD2F5B6006E713D /* PushViewController.swift */ = {isa = PBXFileReference; fileEncoding = 4; lastKnownFileType = sourcecode.swift; path = PushViewController.swift; sourceTree = "<group>"; };
		E62B4D6A1C9263B70092F14F /* RTAudioStream.swift */ = {isa = PBXFileReference; fileEncoding = 4; lastKnownFileType = sourcecode.swift; path = RTAudioStream.swift; sourceTree = "<group>"; };
		E62CC7AC1C4F218500E8E84F /* TextFieldViewController.swift */ = {isa = PBXFileReference; fileEncoding = 4; lastKnownFileType = sourcecode.swift; path = TextFieldViewController.swift; sourceTree = "<group>"; };
		E631A9B91CEC101A002251EA /* RTRC.swift */ = {isa = PBXFileReference; fileEncoding = 4; lastKnownFileType = sourcecode.swift; path = RTRC.swift; sourceTree = "<group>"; };
		E63317A61C867790008980DC /* ChatTextCell.swift */ = {isa = PBXFileReference; fileEncoding = 4; lastKnownFileType = sourcecode.swift; path = ChatTextCell.swift; sourceTree = "<group>"; };
		E63317A81C8677B0008980DC /* ChatCell.swift */ = {isa = PBXFileReference; fileEncoding = 4; lastKnownFileType = sourcecode.swift; path = ChatCell.swift; sourceTree = "<group>"; };
		E63317AB1C867A3D008980DC /* ChatMessage.swift */ = {isa = PBXFileReference; fileEncoding = 4; lastKnownFileType = sourcecode.swift; path = ChatMessage.swift; sourceTree = "<group>"; };
		E63317AE1C868260008980DC /* ChatTextMessage.swift */ = {isa = PBXFileReference; fileEncoding = 4; lastKnownFileType = sourcecode.swift; path = ChatTextMessage.swift; sourceTree = "<group>"; };
		E63317B01C8682C8008980DC /* ChatVoiceMessage.swift */ = {isa = PBXFileReference; fileEncoding = 4; lastKnownFileType = sourcecode.swift; path = ChatVoiceMessage.swift; sourceTree = "<group>"; };
		E63317B31C869448008980DC /* 10.jpeg */ = {isa = PBXFileReference; lastKnownFileType = image.jpeg; path = 10.jpeg; sourceTree = "<group>"; };
		E63317B51C869A94008980DC /* ChatVoiceCell.swift */ = {isa = PBXFileReference; fileEncoding = 4; lastKnownFileType = sourcecode.swift; path = ChatVoiceCell.swift; sourceTree = "<group>"; };
		E63FD0321C8FCCC8002D8ADD /* SoundTableViewController.swift */ = {isa = PBXFileReference; fileEncoding = 4; lastKnownFileType = sourcecode.swift; path = SoundTableViewController.swift; sourceTree = "<group>"; };
		E63FD0341C8FCDF9002D8ADD /* VibrateViewController.swift */ = {isa = PBXFileReference; fileEncoding = 4; lastKnownFileType = sourcecode.swift; path = VibrateViewController.swift; sourceTree = "<group>"; };
		E63FD0361C8FE397002D8ADD /* AudioToolbox.framework */ = {isa = PBXFileReference; lastKnownFileType = wrapper.framework; name = AudioToolbox.framework; path = System/Library/Frameworks/AudioToolbox.framework; sourceTree = SDKROOT; };
		E641004E1CE421900071DEDB /* RTError.swift */ = {isa = PBXFileReference; fileEncoding = 4; lastKnownFileType = sourcecode.swift; path = RTError.swift; sourceTree = "<group>"; };
		E64100511CE4235B0071DEDB /* SkeletonTableViewController.swift */ = {isa = PBXFileReference; fileEncoding = 4; lastKnownFileType = sourcecode.swift; path = SkeletonTableViewController.swift; sourceTree = "<group>"; };
		E64100531CE4241D0071DEDB /* ErrorViewController.swift */ = {isa = PBXFileReference; fileEncoding = 4; lastKnownFileType = sourcecode.swift; path = ErrorViewController.swift; sourceTree = "<group>"; };
		E64CBF501CED555600157626 /* MenuViewController.swift */ = {isa = PBXFileReference; fileEncoding = 4; lastKnownFileType = sourcecode.swift; path = MenuViewController.swift; sourceTree = "<group>"; };
		E64CBF521CED732500157626 /* MenuCustomCellViewController.swift */ = {isa = PBXFileReference; fileEncoding = 4; lastKnownFileType = sourcecode.swift; path = MenuCustomCellViewController.swift; sourceTree = "<group>"; };
		E64CBF541CED73B800157626 /* MenuButton.swift */ = {isa = PBXFileReference; fileEncoding = 4; lastKnownFileType = sourcecode.swift; path = MenuButton.swift; sourceTree = "<group>"; };
		E64CBF561CED756A00157626 /* MenuButtonTableViewCell.swift */ = {isa = PBXFileReference; fileEncoding = 4; lastKnownFileType = sourcecode.swift; path = MenuButtonTableViewCell.swift; sourceTree = "<group>"; };
		E69049001C474EBE006C5314 /* DynamicBehaviorViewController.swift */ = {isa = PBXFileReference; fileEncoding = 4; lastKnownFileType = sourcecode.swift; path = DynamicBehaviorViewController.swift; sourceTree = "<group>"; };
		E694936D1C85940C009F90D6 /* ChatViewController.swift */ = {isa = PBXFileReference; fileEncoding = 4; lastKnownFileType = sourcecode.swift; path = ChatViewController.swift; sourceTree = "<group>"; };
		E695290C1C7EF7C00032FDDC /* AutoLayoutViewController.swift */ = {isa = PBXFileReference; fileEncoding = 4; lastKnownFileType = sourcecode.swift; path = AutoLayoutViewController.swift; sourceTree = "<group>"; };
		E6B879241CF403A3002EA261 /* CodeSnippet.playground */ = {isa = PBXFileReference; lastKnownFileType = file.playground; path = CodeSnippet.playground; sourceTree = "<group>"; };
		E6BE7EE21CA1191F00193597 /* AddressBookViewController.swift */ = {isa = PBXFileReference; fileEncoding = 4; lastKnownFileType = sourcecode.swift; path = AddressBookViewController.swift; sourceTree = "<group>"; };
		E6BE7EE41CA1193700193597 /* AddressBook.framework */ = {isa = PBXFileReference; lastKnownFileType = wrapper.framework; name = AddressBook.framework; path = System/Library/Frameworks/AddressBook.framework; sourceTree = SDKROOT; };
		E6C35AC11C96B9FC0087771D /* AudioStreamViewController.swift */ = {isa = PBXFileReference; fileEncoding = 4; lastKnownFileType = sourcecode.swift; path = AudioStreamViewController.swift; sourceTree = "<group>"; };
		E6C35AC31C96BA8F0087771D /* MediaPlayer.framework */ = {isa = PBXFileReference; lastKnownFileType = wrapper.framework; name = MediaPlayer.framework; path = System/Library/Frameworks/MediaPlayer.framework; sourceTree = SDKROOT; };
		E6C35AC51C96BA9D0087771D /* AVFoundation.framework */ = {isa = PBXFileReference; lastKnownFileType = wrapper.framework; name = AVFoundation.framework; path = System/Library/Frameworks/AVFoundation.framework; sourceTree = SDKROOT; };
		E6D1ECBA1C1EABA400995844 /* ImageViewController.swift */ = {isa = PBXFileReference; fileEncoding = 4; lastKnownFileType = sourcecode.swift; path = ImageViewController.swift; sourceTree = "<group>"; };
		E6D1ECBD1C1EAE2D00995844 /* 496.gif */ = {isa = PBXFileReference; lastKnownFileType = image.gif; path = 496.gif; sourceTree = "<group>"; };
		E6D1ECC01C1EAF4000995844 /* RCToolsDemo-Bridging-Header.h */ = {isa = PBXFileReference; lastKnownFileType = sourcecode.c.h; path = "RCToolsDemo-Bridging-Header.h"; sourceTree = "<group>"; };
		E6D1ECC11C1EAF4100995844 /* UIImage+animatedGIF.h */ = {isa = PBXFileReference; fileEncoding = 4; lastKnownFileType = sourcecode.c.h; path = "UIImage+animatedGIF.h"; sourceTree = "<group>"; };
		E6D1ECC21C1EAF4100995844 /* UIImage+animatedGIF.m */ = {isa = PBXFileReference; fileEncoding = 4; lastKnownFileType = sourcecode.c.objc; path = "UIImage+animatedGIF.m"; sourceTree = "<group>"; };
		E6EB89891CF7FE420084F5A2 /* RTPrint.swift */ = {isa = PBXFileReference; fileEncoding = 4; lastKnownFileType = sourcecode.swift; path = RTPrint.swift; sourceTree = "<group>"; };
		E6F2DC221C8029B8008B9460 /* Readme */ = {isa = PBXFileReference; fileEncoding = 4; lastKnownFileType = text; path = Readme; sourceTree = "<group>"; };
		E6F2DC2C1C8030FF008B9460 /* ChatViewImages.xcassets */ = {isa = PBXFileReference; lastKnownFileType = folder.assetcatalog; path = ChatViewImages.xcassets; sourceTree = "<group>"; };
		E6F7B6641C9650FD00CEFBD8 /* CFNetwork.framework */ = {isa = PBXFileReference; lastKnownFileType = wrapper.framework; name = CFNetwork.framework; path = System/Library/Frameworks/CFNetwork.framework; sourceTree = SDKROOT; };
/* End PBXFileReference section */

/* Begin PBXFrameworksBuildPhase section */
		CD4BB22E1BAA6D2300072773 /* Frameworks */ = {
			isa = PBXFrameworksBuildPhase;
			buildActionMask = 2147483647;
			files = (
				E6BE7EE51CA1193700193597 /* AddressBook.framework in Frameworks */,
				E6C35AC71C96BAA40087771D /* AudioToolbox.framework in Frameworks */,
				E6C35AC61C96BA9D0087771D /* AVFoundation.framework in Frameworks */,
				E6C35AC41C96BA8F0087771D /* MediaPlayer.framework in Frameworks */,
				E6F7B6651C9650FD00CEFBD8 /* CFNetwork.framework in Frameworks */,
				F0E44003087A7F78739C3E76 /* Pods.framework in Frameworks */,
			);
			runOnlyForDeploymentPostprocessing = 0;
		};
		CD4BB2431BAA6D2400072773 /* Frameworks */ = {
			isa = PBXFrameworksBuildPhase;
			buildActionMask = 2147483647;
			files = (
			);
			runOnlyForDeploymentPostprocessing = 0;
		};
/* End PBXFrameworksBuildPhase section */

/* Begin PBXGroup section */
		189B6D9F1BCF32920083C02B /* Storyboard */ = {
			isa = PBXGroup;
			children = (
				CD4BB23A1BAA6D2300072773 /* Main.storyboard */,
				189B6DA01BCF32A70083C02B /* Components.storyboard */,
				18B5ED041BE0ADC700B29BCC /* Graphic.storyboard */,
				CDD515A21BE3074200C5765C /* Controls.storyboard */,
			);
			name = Storyboard;
			sourceTree = "<group>";
		};
		189B6DA21BCF32C30083C02B /* Components */ = {
			isa = PBXGroup;
			children = (
				E63317A31C867593008980DC /* Chat */,
				189B6DA31BCF32D50083C02B /* ParagraphViewController.swift */,
				18A9BB681BD5D93C00532575 /* DictionaryViewController.swift */,
				18A9BB6A1BD5D9D900532575 /* ComponentsTableViewController.swift */,
				1838BEEC1BD9CFAB005D7D8B /* GalleryBrowserViewController.swift */,
				1838BEF01BDA204F005D7D8B /* GalleryDetailViewController.swift */,
				189830A41BDDD60E00FFE854 /* ImagesCell.swift */,
				CD9229E61BF4662B004BF267 /* AudioViewController.swift */,
				E6BE7EE21CA1191F00193597 /* AddressBookViewController.swift */,
			);
			name = Components;
			sourceTree = "<group>";
		};
		730512ACEF01BAE3426812D2 /* Pods */ = {
			isa = PBXGroup;
			children = (
				B0704147E1EBE1FADCB45EA6 /* Pods.debug.xcconfig */,
				B955DFDD506B0E9E45209427 /* Pods.release.xcconfig */,
			);
			name = Pods;
			sourceTree = "<group>";
		};
		B06190B4550DD57BAA0E2EAE /* Frameworks */ = {
			isa = PBXGroup;
			children = (
				E6BE7EE41CA1193700193597 /* AddressBook.framework */,
				E6C35AC51C96BA9D0087771D /* AVFoundation.framework */,
				E6C35AC31C96BA8F0087771D /* MediaPlayer.framework */,
				E6F7B6641C9650FD00CEFBD8 /* CFNetwork.framework */,
				E63FD0361C8FE397002D8ADD /* AudioToolbox.framework */,
				2862304045F5F0A51216D43A /* Pods.framework */,
			);
			name = Frameworks;
			sourceTree = "<group>";
		};
		CD0E77A01CD0BD310086C038 /* View */ = {
			isa = PBXGroup;
			children = (
				CD5C7DBD1CC64DEC00DB4448 /* RTView.swift */,
				CD5C7DBE1CC64DEC00DB4448 /* RTWindow.swift */,
				CDA79E521CD33C0200DB5ABD /* RTBorder.swift */,
			);
			name = View;
			sourceTree = "<group>";
		};
		CD2B4D951BABC1A4003FFF19 /* Mask */ = {
			isa = PBXGroup;
			children = (
				CD4BB2581BAA70B000072773 /* WindowMaskViewController.swift */,
				CD2B4D931BABB7D7003FFF19 /* BeenPresentedViewController.swift */,
				CD2B4D961BABC263003FFF19 /* WithNavBeenPresentedViewController.swift */,
				CD13C9191BABE5B4007CDA32 /* SecondBeenPresentedViewController.swift */,
				CDE315821BAD3F8100D2C6AF /* MaskViewController.swift */,
			);
			name = Mask;
			sourceTree = "<group>";
		};
		CD2B4D981BABC5DD003FFF19 /* Classes */ = {
			isa = PBXGroup;
			children = (
				CD2B4D991BABC5FA003FFF19 /* TestWindowMask.swift */,
			);
			name = Classes;
			sourceTree = "<group>";
		};
		CD4BB2281BAA6D2300072773 = {
			isa = PBXGroup;
			children = (
				CD5C7DB51CC64DE100DB4448 /* RTKit */,
				CD4BB2561BAA6D4100072773 /* RCTools */,
				CD4BB2331BAA6D2300072773 /* RCToolsDemo */,
				CD4BB2491BAA6D2400072773 /* RCToolsDemoTests */,
				CD4BB2321BAA6D2300072773 /* Products */,
				730512ACEF01BAE3426812D2 /* Pods */,
				B06190B4550DD57BAA0E2EAE /* Frameworks */,
			);
			sourceTree = "<group>";
		};
		CD4BB2321BAA6D2300072773 /* Products */ = {
			isa = PBXGroup;
			children = (
				CD4BB2311BAA6D2300072773 /* RCToolsDemo.app */,
				CD4BB2461BAA6D2400072773 /* RCToolsDemoTests.xctest */,
			);
			name = Products;
			sourceTree = "<group>";
		};
		CD4BB2331BAA6D2300072773 /* RCToolsDemo */ = {
			isa = PBXGroup;
			children = (
				E6D1ECC01C1EAF4000995844 /* RCToolsDemo-Bridging-Header.h */,
				E6D1ECBF1C1EAF1A00995844 /* Utilities */,
				E6D1ECBC1C1EAE1A00995844 /* Resources */,
				189B6D9F1BCF32920083C02B /* Storyboard */,
				CD4BB2571BAA6D9800072773 /* Categories */,
				CD4BB2341BAA6D2300072773 /* Supporting Files */,
				E6B879241CF403A3002EA261 /* CodeSnippet.playground */,
				CDEA9CDD1CF82E070096ACF9 /* test.playground */,
			);
			path = RCToolsDemo;
			sourceTree = "<group>";
		};
		CD4BB2341BAA6D2300072773 /* Supporting Files */ = {
			isa = PBXGroup;
			children = (
				CD4BB2361BAA6D2300072773 /* AppDelegate.swift */,
				CD4BB23D1BAA6D2300072773 /* Images.xcassets */,
				CD4BB23F1BAA6D2300072773 /* LaunchScreen.xib */,
				CD4BB2351BAA6D2300072773 /* Info.plist */,
			);
			name = "Supporting Files";
			sourceTree = "<group>";
		};
		CD4BB2491BAA6D2400072773 /* RCToolsDemoTests */ = {
			isa = PBXGroup;
			children = (
				CD4BB24C1BAA6D2400072773 /* RCToolsDemoTests.swift */,
				CD4BB24A1BAA6D2400072773 /* Supporting Files */,
			);
			path = RCToolsDemoTests;
			sourceTree = "<group>";
		};
		CD4BB24A1BAA6D2400072773 /* Supporting Files */ = {
			isa = PBXGroup;
			children = (
				CD4BB24B1BAA6D2400072773 /* Info.plist */,
			);
			name = "Supporting Files";
			sourceTree = "<group>";
		};
		CD4BB2561BAA6D4100072773 /* RCTools */ = {
			isa = PBXGroup;
			children = (
				CD91930F1C745E9000FA0011 /* RCTextField.swift */,
				18E5C7471BD740430095D216 /* RCGlimmer.swift */,
				CD6DFAF71BCFD39F0015E6CF /* MyUILabel.swift */,
				18E03B071BD08FDB0080FA72 /* UIVerticalLabel.swift */,
				CD8E90F21C1045E500BF50EA /* RedCircleLayer.swift */,
			);
			name = RCTools;
			sourceTree = "<group>";
		};
		CD4BB2571BAA6D9800072773 /* Categories */ = {
			isa = PBXGroup;
			children = (
				E64100501CE423430071DEDB /* Skeleton */,
				CDF1158D1CC7190F0007547D /* Text */,
				E63FD0311C8FCC6A002D8ADD /* Sound */,
				CDD515A11BE3072C00C5765C /* Controls */,
				189B6DA21BCF32C30083C02B /* Components */,
				CD6DD93E1BCBDC170092F561 /* Graphics */,
				CD7C96AA1BB4E2FE001754A1 /* Transition */,
				CD2B4D981BABC5DD003FFF19 /* Classes */,
				CD2B4D951BABC1A4003FFF19 /* Mask */,
				CD4BB2381BAA6D2300072773 /* ViewController.swift */,
			);
			name = Categories;
			sourceTree = "<group>";
		};
		CD5C7DB51CC64DE100DB4448 /* RTKit */ = {
			isa = PBXGroup;
			children = (
				E641004D1CE421780071DEDB /* Skeleton */,
				CDCD51681CE191D80000A86B /* Audio */,
				CD0E77A01CD0BD310086C038 /* View */,
				CD5C7DB61CC64DEC00DB4448 /* RTAnimation.swift */,
				CD5C7DB81CC64DEC00DB4448 /* RTFile.swift */,
				CD5C7DB91CC64DEC00DB4448 /* RTMath.swift */,
				CD5C7DBA1CC64DEC00DB4448 /* RTNumber.swift */,
				CD5C7DBB1CC64DEC00DB4448 /* RTText.swift */,
				CD5C7DBC1CC64DEC00DB4448 /* RTTimer.swift */,
			);
			name = RTKit;
			sourceTree = "<group>";
		};
		CD5C7DC81CC6501900DB4448 /* Animations */ = {
			isa = PBXGroup;
			children = (
				CDCB3E8A1CFBEFD5008CA765 /* LayerAnimation */,
				CDC3350B1CD0F6A00050F3A8 /* DynamicAnimator */,
				CD5C7DC91CC6504200DB4448 /* AnimationTableViewController.swift */,
			);
			name = Animations;
			sourceTree = "<group>";
		};
		CD6DD93E1BCBDC170092F561 /* Graphics */ = {
			isa = PBXGroup;
			children = (
				CD5C7DC81CC6501900DB4448 /* Animations */,
				E695290C1C7EF7C00032FDDC /* AutoLayoutViewController.swift */,
				E69049001C474EBE006C5314 /* DynamicBehaviorViewController.swift */,
				CD6DD93F1BCBDC3A0092F561 /* ShadowViewController.swift */,
				18E5C7491BD740AB0095D216 /* GlimmerViewController.swift */,
				18B5ED061BE0AE4400B29BCC /* GraphicTableViewController.swift */,
				18B5ED081BE0AEA900B29BCC /* CarMovingViewController.swift */,
				1813E3791BE1EDB000B2514F /* SnapshotViewController.swift */,
				CDB90D041BEC35D10090D802 /* BezierPathViewController.swift */,
			);
			name = Graphics;
			sourceTree = "<group>";
		};
		CD7C96AA1BB4E2FE001754A1 /* Transition */ = {
			isa = PBXGroup;
			children = (
				CD7C96AB1BB4E311001754A1 /* ScenesTransitionViewController.swift */,
				CDBAC6DF1BB5328200ADB568 /* ContainerViewController.swift */,
				CD4661D91BBA100B00FDFBDC /* FirstViewController.swift */,
				CD4661DB1BBA101600FDFBDC /* SecondViewController.swift */,
				CD4661DD1BBA102000FDFBDC /* ThirdViewController.swift */,
				CD7FCDE91BC6433200A126A6 /* FourthViewController.swift */,
				CD6582EE1BC7C9610053BD0E /* FifthViewController.swift */,
				CD6582F01BC7C9710053BD0E /* PresentedViewController.swift */,
				CD680CF91CCF27A70002EA9D /* SixViewController.swift */,
			);
			name = Transition;
			sourceTree = "<group>";
		};
		CDC3350B1CD0F6A00050F3A8 /* DynamicAnimator */ = {
			isa = PBXGroup;
			children = (
				CDC3FBAC1CCFA18400CDB11D /* GravityViewController.swift */,
				CDC3350C1CD0F6C40050F3A8 /* AttachmentViewController.swift */,
				CD08E1F71CD21C7300615692 /* SnapViewController.swift */,
				CDF4EB7A1CD2F5B6006E713D /* PushViewController.swift */,
			);
			name = DynamicAnimator;
			sourceTree = "<group>";
		};
		CDCB3E8A1CFBEFD5008CA765 /* LayerAnimation */ = {
			isa = PBXGroup;
			children = (
				CD5C7DCB1CC654CE00DB4448 /* AnimationCircleViewController.swift */,
				CDCB3E8B1CFBF061008CA765 /* ScrollCatViewController.swift */,
			);
			name = LayerAnimation;
			sourceTree = "<group>";
		};
		CDCD51681CE191D80000A86B /* Audio */ = {
			isa = PBXGroup;
			children = (
				CDCD51691CE191E70000A86B /* Streamer */,
				CD5C7DB71CC64DEC00DB4448 /* RTAudio.swift */,
			);
			name = Audio;
			sourceTree = "<group>";
		};
		CDCD51691CE191E70000A86B /* Streamer */ = {
			isa = PBXGroup;
			children = (
				CDCD516C1CE193AD0000A86B /* RTAudioItem.swift */,
				CDCD516E1CE19A790000A86B /* RTAudioPlayback.swift */,
				CDCD51721CE1C7330000A86B /* RTAudioManager.swift */,
			);
			name = Streamer;
			sourceTree = "<group>";
		};
		CDD515A11BE3072C00C5765C /* Controls */ = {
			isa = PBXGroup;
			children = (
				E62CC7AC1C4F218500E8E84F /* TextFieldViewController.swift */,
				E6D1ECBA1C1EABA400995844 /* ImageViewController.swift */,
				CDD515A61BE30E5F00C5765C /* Views */,
				CDD5159F1BE306F200C5765C /* ZeroGapViewController.swift */,
				CDD515A41BE307CF00C5765C /* ControlsTableViewController.swift */,
				1868A3721BE87E8D007D5F47 /* CustomizedNavigationController.swift */,
				1868A3741BE883A9007D5F47 /* TestNavigationController.swift */,
				CD8E90F01C103D6E00BF50EA /* BadgeViewController.swift */,
				CD2D80731C1A75A300E49AED /* LabelViewController.swift */,
				CD0E779E1CD0A9E50086C038 /* ButtonViewController.swift */,
				E64CBF501CED555600157626 /* MenuViewController.swift */,
				E64CBF521CED732500157626 /* MenuCustomCellViewController.swift */,
			);
			name = Controls;
			sourceTree = "<group>";
		};
		CDD515A61BE30E5F00C5765C /* Views */ = {
			isa = PBXGroup;
			children = (
				CDD515A71BE30E9800C5765C /* ZeriGapCollectionViewLayout.swift */,
				E64CBF541CED73B800157626 /* MenuButton.swift */,
				E64CBF561CED756A00157626 /* MenuButtonTableViewCell.swift */,
			);
			name = Views;
			sourceTree = "<group>";
		};
		CDF1158D1CC7190F0007547D /* Text */ = {
			isa = PBXGroup;
			children = (
				CDF1158E1CC719240007547D /* TextTableViewController.swift */,
			);
			name = Text;
			sourceTree = "<group>";
		};
		E62B4D681C92633D0092F14F /* Controllers */ = {
			isa = PBXGroup;
			children = (
				E63FD0321C8FCCC8002D8ADD /* SoundTableViewController.swift */,
				E63FD0341C8FCDF9002D8ADD /* VibrateViewController.swift */,
				E6C35AC11C96B9FC0087771D /* AudioStreamViewController.swift */,
				CDCD51701CE1BBF90000A86B /* AudioSingleViewController.swift */,
			);
			name = Controllers;
			sourceTree = "<group>";
		};
		E62B4D691C9263550092F14F /* Classes */ = {
			isa = PBXGroup;
			children = (
				E62B4D6A1C9263B70092F14F /* RTAudioStream.swift */,
			);
			name = Classes;
			sourceTree = "<group>";
		};
		E63317A31C867593008980DC /* Chat */ = {
			isa = PBXGroup;
			children = (
				E6F2DC221C8029B8008B9460 /* Readme */,
				E63317AD1C867B53008980DC /* Resources */,
				E63317AA1C8677DF008980DC /* Models */,
				E63317A51C8675AC008980DC /* Views */,
				E63317A41C8675A1008980DC /* Controllers */,
			);
			name = Chat;
			sourceTree = "<group>";
		};
		E63317A41C8675A1008980DC /* Controllers */ = {
			isa = PBXGroup;
			children = (
				E694936D1C85940C009F90D6 /* ChatViewController.swift */,
			);
			name = Controllers;
			sourceTree = "<group>";
		};
		E63317A51C8675AC008980DC /* Views */ = {
			isa = PBXGroup;
			children = (
				E63317A81C8677B0008980DC /* ChatCell.swift */,
				E63317A61C867790008980DC /* ChatTextCell.swift */,
				E63317B51C869A94008980DC /* ChatVoiceCell.swift */,
			);
			name = Views;
			sourceTree = "<group>";
		};
		E63317AA1C8677DF008980DC /* Models */ = {
			isa = PBXGroup;
			children = (
				E63317AB1C867A3D008980DC /* ChatMessage.swift */,
				E63317AE1C868260008980DC /* ChatTextMessage.swift */,
				E63317B01C8682C8008980DC /* ChatVoiceMessage.swift */,
			);
			name = Models;
			sourceTree = "<group>";
		};
		E63317AD1C867B53008980DC /* Resources */ = {
			isa = PBXGroup;
			children = (
				E6F2DC2C1C8030FF008B9460 /* ChatViewImages.xcassets */,
			);
			name = Resources;
			sourceTree = "<group>";
		};
		E63317B21C86942F008980DC /* Images */ = {
			isa = PBXGroup;
			children = (
				E6D1ECBD1C1EAE2D00995844 /* 496.gif */,
				E63317B31C869448008980DC /* 10.jpeg */,
			);
			name = Images;
			sourceTree = "<group>";
		};
		E63FD0311C8FCC6A002D8ADD /* Sound */ = {
			isa = PBXGroup;
			children = (
				E62B4D691C9263550092F14F /* Classes */,
				E62B4D681C92633D0092F14F /* Controllers */,
			);
			name = Sound;
			sourceTree = "<group>";
		};
		E641004D1CE421780071DEDB /* Skeleton */ = {
			isa = PBXGroup;
			children = (
				E641004E1CE421900071DEDB /* RTError.swift */,
				E631A9B91CEC101A002251EA /* RTRC.swift */,
				E6EB89891CF7FE420084F5A2 /* RTPrint.swift */,
				CDB905541CFA9CD90063048D /* RTFuncs.swift */,
			);
			name = Skeleton;
			sourceTree = "<group>";
		};
		E64100501CE423430071DEDB /* Skeleton */ = {
			isa = PBXGroup;
			children = (
				E64100511CE4235B0071DEDB /* SkeletonTableViewController.swift */,
				E64100531CE4241D0071DEDB /* ErrorViewController.swift */,
			);
			name = Skeleton;
			sourceTree = "<group>";
		};
		E6C35AB01C96B8D10087771D /* AFSoundManager */ = {
			isa = PBXGroup;
			children = (
				CDCD51581CE1847C0000A86B /* AFSoundItem.h */,
				CDCD51591CE1847C0000A86B /* AFSoundItem.m */,
				CDCD515A1CE1847C0000A86B /* AFSoundManager.h */,
				CDCD515B1CE1847C0000A86B /* AFSoundPlayback.h */,
				CDCD515C1CE1847C0000A86B /* AFSoundPlayback.m */,
				CDCD515D1CE1847C0000A86B /* AFSoundQueue.h */,
				CDCD515E1CE1847C0000A86B /* AFSoundQueue.m */,
				CDCD515F1CE1847C0000A86B /* AFSoundRecord.h */,
				CDCD51601CE1847C0000A86B /* AFSoundRecord.m */,
				CDCD51611CE1847C0000A86B /* NSTimer+AFSoundManager.h */,
				CDCD51621CE1847C0000A86B /* NSTimer+AFSoundManager.m */,
			);
			name = AFSoundManager;
			sourceTree = "<group>";
		};
		E6D1ECBC1C1EAE1A00995844 /* Resources */ = {
			isa = PBXGroup;
			children = (
				E63317B21C86942F008980DC /* Images */,
			);
			name = Resources;
			sourceTree = "<group>";
		};
		E6D1ECBF1C1EAF1A00995844 /* Utilities */ = {
			isa = PBXGroup;
			children = (
				E6C35AB01C96B8D10087771D /* AFSoundManager */,
				E6D1ECC41C1EAF6500995844 /* AnimatedGIF */,
			);
			name = Utilities;
			sourceTree = "<group>";
		};
		E6D1ECC41C1EAF6500995844 /* AnimatedGIF */ = {
			isa = PBXGroup;
			children = (
				E6D1ECC11C1EAF4100995844 /* UIImage+animatedGIF.h */,
				E6D1ECC21C1EAF4100995844 /* UIImage+animatedGIF.m */,
			);
			name = AnimatedGIF;
			sourceTree = "<group>";
		};
/* End PBXGroup section */

/* Begin PBXNativeTarget section */
		CD4BB2301BAA6D2300072773 /* RCToolsDemo */ = {
			isa = PBXNativeTarget;
			buildConfigurationList = CD4BB2501BAA6D2400072773 /* Build configuration list for PBXNativeTarget "RCToolsDemo" */;
			buildPhases = (
				DC6F2AA9178180514F51CF1D /* Check Pods Manifest.lock */,
				CD4BB22D1BAA6D2300072773 /* Sources */,
				CD4BB22E1BAA6D2300072773 /* Frameworks */,
				CD4BB22F1BAA6D2300072773 /* Resources */,
				035D055DCC74232FFDA8C176 /* Embed Pods Frameworks */,
				A675652C0920F861DF2A0478 /* Copy Pods Resources */,
				E64BA81A1CC0C96400F330EB /* Embed Frameworks */,
			);
			buildRules = (
			);
			dependencies = (
			);
			name = RCToolsDemo;
			productName = RCToolsDemo;
			productReference = CD4BB2311BAA6D2300072773 /* RCToolsDemo.app */;
			productType = "com.apple.product-type.application";
		};
		CD4BB2451BAA6D2400072773 /* RCToolsDemoTests */ = {
			isa = PBXNativeTarget;
			buildConfigurationList = CD4BB2531BAA6D2400072773 /* Build configuration list for PBXNativeTarget "RCToolsDemoTests" */;
			buildPhases = (
				CD4BB2421BAA6D2400072773 /* Sources */,
				CD4BB2431BAA6D2400072773 /* Frameworks */,
				CD4BB2441BAA6D2400072773 /* Resources */,
			);
			buildRules = (
			);
			dependencies = (
				CD4BB2481BAA6D2400072773 /* PBXTargetDependency */,
			);
			name = RCToolsDemoTests;
			productName = RCToolsDemoTests;
			productReference = CD4BB2461BAA6D2400072773 /* RCToolsDemoTests.xctest */;
			productType = "com.apple.product-type.bundle.unit-test";
		};
/* End PBXNativeTarget section */

/* Begin PBXProject section */
		CD4BB2291BAA6D2300072773 /* Project object */ = {
			isa = PBXProject;
			attributes = {
				LastSwiftMigration = 0730;
				LastSwiftUpdateCheck = 0710;
				LastUpgradeCheck = 0730;
				ORGANIZATIONNAME = rexcao;
				TargetAttributes = {
					CD4BB2301BAA6D2300072773 = {
						CreatedOnToolsVersion = 6.4;
						DevelopmentTeam = 6N5ZULSDUP;
					};
					CD4BB2451BAA6D2400072773 = {
						CreatedOnToolsVersion = 6.4;
						TestTargetID = CD4BB2301BAA6D2300072773;
					};
				};
			};
			buildConfigurationList = CD4BB22C1BAA6D2300072773 /* Build configuration list for PBXProject "RCToolsDemo" */;
			compatibilityVersion = "Xcode 3.2";
			developmentRegion = English;
			hasScannedForEncodings = 0;
			knownRegions = (
				en,
				Base,
			);
			mainGroup = CD4BB2281BAA6D2300072773;
			productRefGroup = CD4BB2321BAA6D2300072773 /* Products */;
			projectDirPath = "";
			projectRoot = "";
			targets = (
				CD4BB2301BAA6D2300072773 /* RCToolsDemo */,
				CD4BB2451BAA6D2400072773 /* RCToolsDemoTests */,
			);
		};
/* End PBXProject section */

/* Begin PBXResourcesBuildPhase section */
		CD4BB22F1BAA6D2300072773 /* Resources */ = {
			isa = PBXResourcesBuildPhase;
			buildActionMask = 2147483647;
			files = (
				CDD515A31BE3074200C5765C /* Controls.storyboard in Resources */,
				E6F2DC2D1C8030FF008B9460 /* ChatViewImages.xcassets in Resources */,
				CD4BB23C1BAA6D2300072773 /* Main.storyboard in Resources */,
				CD4BB2411BAA6D2300072773 /* LaunchScreen.xib in Resources */,
				E6D1ECBE1C1EAE2D00995844 /* 496.gif in Resources */,
				E6F2DC231C8029B8008B9460 /* Readme in Resources */,
				E63317B41C869448008980DC /* 10.jpeg in Resources */,
				189B6DA11BCF32A70083C02B /* Components.storyboard in Resources */,
				18B5ED051BE0ADC700B29BCC /* Graphic.storyboard in Resources */,
				CD4BB23E1BAA6D2300072773 /* Images.xcassets in Resources */,
			);
			runOnlyForDeploymentPostprocessing = 0;
		};
		CD4BB2441BAA6D2400072773 /* Resources */ = {
			isa = PBXResourcesBuildPhase;
			buildActionMask = 2147483647;
			files = (
			);
			runOnlyForDeploymentPostprocessing = 0;
		};
/* End PBXResourcesBuildPhase section */

/* Begin PBXShellScriptBuildPhase section */
		035D055DCC74232FFDA8C176 /* Embed Pods Frameworks */ = {
			isa = PBXShellScriptBuildPhase;
			buildActionMask = 2147483647;
			files = (
			);
			inputPaths = (
			);
			name = "Embed Pods Frameworks";
			outputPaths = (
			);
			runOnlyForDeploymentPostprocessing = 0;
			shellPath = /bin/sh;
			shellScript = "\"${SRCROOT}/../Pods/Target Support Files/Pods/Pods-frameworks.sh\"\n";
			showEnvVarsInLog = 0;
		};
		A675652C0920F861DF2A0478 /* Copy Pods Resources */ = {
			isa = PBXShellScriptBuildPhase;
			buildActionMask = 2147483647;
			files = (
			);
			inputPaths = (
			);
			name = "Copy Pods Resources";
			outputPaths = (
			);
			runOnlyForDeploymentPostprocessing = 0;
			shellPath = /bin/sh;
			shellScript = "\"${SRCROOT}/../Pods/Target Support Files/Pods/Pods-resources.sh\"\n";
			showEnvVarsInLog = 0;
		};
		DC6F2AA9178180514F51CF1D /* Check Pods Manifest.lock */ = {
			isa = PBXShellScriptBuildPhase;
			buildActionMask = 2147483647;
			files = (
			);
			inputPaths = (
			);
			name = "Check Pods Manifest.lock";
			outputPaths = (
			);
			runOnlyForDeploymentPostprocessing = 0;
			shellPath = /bin/sh;
			shellScript = "diff \"${PODS_ROOT}/../Podfile.lock\" \"${PODS_ROOT}/Manifest.lock\" > /dev/null\nif [[ $? != 0 ]] ; then\n    cat << EOM\nerror: The sandbox is not in sync with the Podfile.lock. Run 'pod install' or update your CocoaPods installation.\nEOM\n    exit 1\nfi\n";
			showEnvVarsInLog = 0;
		};
/* End PBXShellScriptBuildPhase section */

/* Begin PBXSourcesBuildPhase section */
		CD4BB22D1BAA6D2300072773 /* Sources */ = {
			isa = PBXSourcesBuildPhase;
			buildActionMask = 2147483647;
			files = (
				CDC3FBAD1CCFA18400CDB11D /* GravityViewController.swift in Sources */,
				1813E37A1BE1EDB100B2514F /* SnapshotViewController.swift in Sources */,
				CD5C7DCC1CC654CE00DB4448 /* AnimationCircleViewController.swift in Sources */,
				189B6DA41BCF32D50083C02B /* ParagraphViewController.swift in Sources */,
				CD6582EF1BC7C9610053BD0E /* FifthViewController.swift in Sources */,
				CDF4EB7B1CD2F5B6006E713D /* PushViewController.swift in Sources */,
				CD2B4D9A1BABC5FA003FFF19 /* TestWindowMask.swift in Sources */,
				CD8E90F31C1045E500BF50EA /* RedCircleLayer.swift in Sources */,
				E631A9BA1CEC101A002251EA /* RTRC.swift in Sources */,
				E64100521CE4235B0071DEDB /* SkeletonTableViewController.swift in Sources */,
				E6D1ECBB1C1EABA400995844 /* ImageViewController.swift in Sources */,
				CD9229E81BF4662B004BF267 /* AudioViewController.swift in Sources */,
				E6C35AC21C96B9FC0087771D /* AudioStreamViewController.swift in Sources */,
				CDD515A01BE306F200C5765C /* ZeroGapViewController.swift in Sources */,
				CDCD51711CE1BBF90000A86B /* AudioSingleViewController.swift in Sources */,
				CD6DFAF81BCFD39F0015E6CF /* MyUILabel.swift in Sources */,
				18B5ED071BE0AE4400B29BCC /* GraphicTableViewController.swift in Sources */,
				CDCD51651CE1847C0000A86B /* AFSoundQueue.m in Sources */,
				CD13C91A1BABE5B4007CDA32 /* SecondBeenPresentedViewController.swift in Sources */,
				18A9BB691BD5D93C00532575 /* DictionaryViewController.swift in Sources */,
				E64CBF551CED73B800157626 /* MenuButton.swift in Sources */,
				CD2B4D941BABB7D7003FFF19 /* BeenPresentedViewController.swift in Sources */,
				CD6582F11BC7C9710053BD0E /* PresentedViewController.swift in Sources */,
				E695290D1C7EF7C00032FDDC /* AutoLayoutViewController.swift in Sources */,
				189830A51BDDD60E00FFE854 /* ImagesCell.swift in Sources */,
				CD4661DA1BBA100B00FDFBDC /* FirstViewController.swift in Sources */,
				CD08E1F81CD21C7300615692 /* SnapViewController.swift in Sources */,
				CD5C7DC01CC64DEC00DB4448 /* RTAudio.swift in Sources */,
				18A9BB6B1BD5D9D900532575 /* ComponentsTableViewController.swift in Sources */,
				CD680CFA1CCF27A70002EA9D /* SixViewController.swift in Sources */,
				CD5C7DCA1CC6504200DB4448 /* AnimationTableViewController.swift in Sources */,
				CDA79E531CD33C0200DB5ABD /* RTBorder.swift in Sources */,
				18E5C74A1BD740AB0095D216 /* GlimmerViewController.swift in Sources */,
				CD8E90F11C103D6E00BF50EA /* BadgeViewController.swift in Sources */,
				CDCD51641CE1847C0000A86B /* AFSoundPlayback.m in Sources */,
				E63317AC1C867A3D008980DC /* ChatMessage.swift in Sources */,
				E69049011C474EBE006C5314 /* DynamicBehaviorViewController.swift in Sources */,
				CDB90D051BEC35D10090D802 /* BezierPathViewController.swift in Sources */,
				E63317B11C8682C8008980DC /* ChatVoiceMessage.swift in Sources */,
				CD5C7DC31CC64DEC00DB4448 /* RTNumber.swift in Sources */,
				E63317B61C869A94008980DC /* ChatVoiceCell.swift in Sources */,
				CD9193101C745E9000FA0011 /* RCTextField.swift in Sources */,
				18E5C7481BD740430095D216 /* RCGlimmer.swift in Sources */,
				CDC3350D1CD0F6C40050F3A8 /* AttachmentViewController.swift in Sources */,
				E63FD0331C8FCCC8002D8ADD /* SoundTableViewController.swift in Sources */,
				CD5C7DC61CC64DEC00DB4448 /* RTView.swift in Sources */,
				E641004F1CE421900071DEDB /* RTError.swift in Sources */,
				CD4BB2391BAA6D2300072773 /* ViewController.swift in Sources */,
				CD7C96AC1BB4E311001754A1 /* ScenesTransitionViewController.swift in Sources */,
				E63317A91C8677B0008980DC /* ChatCell.swift in Sources */,
				CDCD516D1CE193AD0000A86B /* RTAudioItem.swift in Sources */,
				1868A3751BE883A9007D5F47 /* TestNavigationController.swift in Sources */,
				CDCD516F1CE19A790000A86B /* RTAudioPlayback.swift in Sources */,
				E62B4D6B1C9263B70092F14F /* RTAudioStream.swift in Sources */,
				1838BEF11BDA204F005D7D8B /* GalleryDetailViewController.swift in Sources */,
				CD4661DC1BBA101600FDFBDC /* SecondViewController.swift in Sources */,
				E62CC7AD1C4F218500E8E84F /* TextFieldViewController.swift in Sources */,
				E64CBF531CED732500157626 /* MenuCustomCellViewController.swift in Sources */,
				CD4BB2591BAA70B000072773 /* WindowMaskViewController.swift in Sources */,
				CDCB3E8C1CFBF061008CA765 /* ScrollCatViewController.swift in Sources */,
				18B5ED091BE0AEA900B29BCC /* CarMovingViewController.swift in Sources */,
				E63317AF1C868260008980DC /* ChatTextMessage.swift in Sources */,
				E64CBF511CED555600157626 /* MenuViewController.swift in Sources */,
				E64CBF571CED756A00157626 /* MenuButtonTableViewCell.swift in Sources */,
				CDCD51671CE1847C0000A86B /* NSTimer+AFSoundManager.m in Sources */,
				E694936E1C85940C009F90D6 /* ChatViewController.swift in Sources */,
				CD5C7DC71CC64DEC00DB4448 /* RTWindow.swift in Sources */,
				CD4BB2371BAA6D2300072773 /* AppDelegate.swift in Sources */,
				CD4661DE1BBA102000FDFBDC /* ThirdViewController.swift in Sources */,
				18E03B081BD08FDB0080FA72 /* UIVerticalLabel.swift in Sources */,
				CDD515A51BE307CF00C5765C /* ControlsTableViewController.swift in Sources */,
				CDD515A81BE30E9800C5765C /* ZeriGapCollectionViewLayout.swift in Sources */,
				CDF1158F1CC719240007547D /* TextTableViewController.swift in Sources */,
				CD5C7DC11CC64DEC00DB4448 /* RTFile.swift in Sources */,
				CDCD51731CE1C7330000A86B /* RTAudioManager.swift in Sources */,
				CD5C7DC21CC64DEC00DB4448 /* RTMath.swift in Sources */,
				CD5C7DBF1CC64DEC00DB4448 /* RTAnimation.swift in Sources */,
				E6D1ECC31C1EAF4100995844 /* UIImage+animatedGIF.m in Sources */,
				CDB905551CFA9CD90063048D /* RTFuncs.swift in Sources */,
				E63317A71C867790008980DC /* ChatTextCell.swift in Sources */,
				E6EB898A1CF7FE420084F5A2 /* RTPrint.swift in Sources */,
				CD6DD9401BCBDC3A0092F561 /* ShadowViewController.swift in Sources */,
				CDCD51631CE1847C0000A86B /* AFSoundItem.m in Sources */,
				1868A3731BE87E8D007D5F47 /* CustomizedNavigationController.swift in Sources */,
				E6BE7EE31CA1191F00193597 /* AddressBookViewController.swift in Sources */,
				E64100541CE4241D0071DEDB /* ErrorViewController.swift in Sources */,
				E63FD0351C8FCDF9002D8ADD /* VibrateViewController.swift in Sources */,
				CDCD51661CE1847C0000A86B /* AFSoundRecord.m in Sources */,
				CD7FCDEA1BC6433200A126A6 /* FourthViewController.swift in Sources */,
				1838BEED1BD9CFAB005D7D8B /* GalleryBrowserViewController.swift in Sources */,
				CD2D80741C1A75A300E49AED /* LabelViewController.swift in Sources */,
				CDE315831BAD3F8100D2C6AF /* MaskViewController.swift in Sources */,
				CDBAC6E01BB5328200ADB568 /* ContainerViewController.swift in Sources */,
				CD5C7DC51CC64DEC00DB4448 /* RTTimer.swift in Sources */,
				CD2B4D971BABC263003FFF19 /* WithNavBeenPresentedViewController.swift in Sources */,
				CD0E779F1CD0A9E50086C038 /* ButtonViewController.swift in Sources */,
				CD5C7DC41CC64DEC00DB4448 /* RTText.swift in Sources */,
			);
			runOnlyForDeploymentPostprocessing = 0;
		};
		CD4BB2421BAA6D2400072773 /* Sources */ = {
			isa = PBXSourcesBuildPhase;
			buildActionMask = 2147483647;
			files = (
				CD4BB24D1BAA6D2400072773 /* RCToolsDemoTests.swift in Sources */,
				E6EB898B1CF7FE420084F5A2 /* RTPrint.swift in Sources */,
			);
			runOnlyForDeploymentPostprocessing = 0;
		};
/* End PBXSourcesBuildPhase section */

/* Begin PBXTargetDependency section */
		CD4BB2481BAA6D2400072773 /* PBXTargetDependency */ = {
			isa = PBXTargetDependency;
			target = CD4BB2301BAA6D2300072773 /* RCToolsDemo */;
			targetProxy = CD4BB2471BAA6D2400072773 /* PBXContainerItemProxy */;
		};
/* End PBXTargetDependency section */

/* Begin PBXVariantGroup section */
		CD4BB23A1BAA6D2300072773 /* Main.storyboard */ = {
			isa = PBXVariantGroup;
			children = (
				CD4BB23B1BAA6D2300072773 /* Base */,
			);
			name = Main.storyboard;
			sourceTree = "<group>";
		};
		CD4BB23F1BAA6D2300072773 /* LaunchScreen.xib */ = {
			isa = PBXVariantGroup;
			children = (
				CD4BB2401BAA6D2300072773 /* Base */,
			);
			name = LaunchScreen.xib;
			sourceTree = "<group>";
		};
/* End PBXVariantGroup section */

/* Begin XCBuildConfiguration section */
		CD4BB24E1BAA6D2400072773 /* Debug */ = {
			isa = XCBuildConfiguration;
			buildSettings = {
				ALWAYS_SEARCH_USER_PATHS = NO;
				CLANG_CXX_LANGUAGE_STANDARD = "gnu++0x";
				CLANG_CXX_LIBRARY = "libc++";
				CLANG_ENABLE_MODULES = YES;
				CLANG_ENABLE_OBJC_ARC = YES;
				CLANG_WARN_BOOL_CONVERSION = YES;
				CLANG_WARN_CONSTANT_CONVERSION = YES;
				CLANG_WARN_DIRECT_OBJC_ISA_USAGE = YES_ERROR;
				CLANG_WARN_EMPTY_BODY = YES;
				CLANG_WARN_ENUM_CONVERSION = YES;
				CLANG_WARN_INT_CONVERSION = YES;
				CLANG_WARN_OBJC_ROOT_CLASS = YES_ERROR;
				CLANG_WARN_UNREACHABLE_CODE = YES;
				CLANG_WARN__DUPLICATE_METHOD_MATCH = YES;
				"CODE_SIGN_IDENTITY[sdk=iphoneos*]" = "iPhone Developer";
				COPY_PHASE_STRIP = NO;
				DEBUG_INFORMATION_FORMAT = "dwarf-with-dsym";
				ENABLE_STRICT_OBJC_MSGSEND = YES;
				ENABLE_TESTABILITY = YES;
				GCC_C_LANGUAGE_STANDARD = gnu99;
				GCC_DYNAMIC_NO_PIC = NO;
				GCC_NO_COMMON_BLOCKS = YES;
				GCC_OPTIMIZATION_LEVEL = 0;
				GCC_PREPROCESSOR_DEFINITIONS = (
					"DEBUG=1",
					"$(inherited)",
				);
				GCC_SYMBOLS_PRIVATE_EXTERN = NO;
				GCC_WARN_64_TO_32_BIT_CONVERSION = YES;
				GCC_WARN_ABOUT_RETURN_TYPE = YES_ERROR;
				GCC_WARN_UNDECLARED_SELECTOR = YES;
				GCC_WARN_UNINITIALIZED_AUTOS = YES_AGGRESSIVE;
				GCC_WARN_UNUSED_FUNCTION = YES;
				GCC_WARN_UNUSED_VARIABLE = YES;
				IPHONEOS_DEPLOYMENT_TARGET = 8.4;
				MTL_ENABLE_DEBUG_INFO = YES;
				ONLY_ACTIVE_ARCH = YES;
				SDKROOT = iphoneos;
				SWIFT_OPTIMIZATION_LEVEL = "-Onone";
				TARGETED_DEVICE_FAMILY = "1,2";
			};
			name = Debug;
		};
		CD4BB24F1BAA6D2400072773 /* Release */ = {
			isa = XCBuildConfiguration;
			buildSettings = {
				ALWAYS_SEARCH_USER_PATHS = NO;
				CLANG_CXX_LANGUAGE_STANDARD = "gnu++0x";
				CLANG_CXX_LIBRARY = "libc++";
				CLANG_ENABLE_MODULES = YES;
				CLANG_ENABLE_OBJC_ARC = YES;
				CLANG_WARN_BOOL_CONVERSION = YES;
				CLANG_WARN_CONSTANT_CONVERSION = YES;
				CLANG_WARN_DIRECT_OBJC_ISA_USAGE = YES_ERROR;
				CLANG_WARN_EMPTY_BODY = YES;
				CLANG_WARN_ENUM_CONVERSION = YES;
				CLANG_WARN_INT_CONVERSION = YES;
				CLANG_WARN_OBJC_ROOT_CLASS = YES_ERROR;
				CLANG_WARN_UNREACHABLE_CODE = YES;
				CLANG_WARN__DUPLICATE_METHOD_MATCH = YES;
				"CODE_SIGN_IDENTITY[sdk=iphoneos*]" = "iPhone Developer";
				COPY_PHASE_STRIP = NO;
				DEBUG_INFORMATION_FORMAT = "dwarf-with-dsym";
				ENABLE_NS_ASSERTIONS = NO;
				ENABLE_STRICT_OBJC_MSGSEND = YES;
				GCC_C_LANGUAGE_STANDARD = gnu99;
				GCC_NO_COMMON_BLOCKS = YES;
				GCC_WARN_64_TO_32_BIT_CONVERSION = YES;
				GCC_WARN_ABOUT_RETURN_TYPE = YES_ERROR;
				GCC_WARN_UNDECLARED_SELECTOR = YES;
				GCC_WARN_UNINITIALIZED_AUTOS = YES_AGGRESSIVE;
				GCC_WARN_UNUSED_FUNCTION = YES;
				GCC_WARN_UNUSED_VARIABLE = YES;
				IPHONEOS_DEPLOYMENT_TARGET = 8.4;
				MTL_ENABLE_DEBUG_INFO = NO;
				SDKROOT = iphoneos;
				TARGETED_DEVICE_FAMILY = "1,2";
				VALIDATE_PRODUCT = YES;
			};
			name = Release;
		};
		CD4BB2511BAA6D2400072773 /* Debug */ = {
			isa = XCBuildConfiguration;
			baseConfigurationReference = B0704147E1EBE1FADCB45EA6 /* Pods.debug.xcconfig */;
			buildSettings = {
				ASSETCATALOG_COMPILER_APPICON_NAME = AppIcon;
				CLANG_ENABLE_MODULES = YES;
				CODE_SIGN_IDENTITY = "iPhone Developer";
				FRAMEWORK_SEARCH_PATHS = (
					"$(inherited)",
					"$(PROJECT_DIR)",
				);
				INFOPLIST_FILE = RCToolsDemo/Info.plist;
				LD_RUNPATH_SEARCH_PATHS = "$(inherited) @executable_path/Frameworks";
				PRODUCT_BUNDLE_IDENTIFIER = com.suanpi.nosmoking;
				PRODUCT_NAME = "$(TARGET_NAME)";
				SWIFT_OBJC_BRIDGING_HEADER = "RCToolsDemo/RCToolsDemo-Bridging-Header.h";
				SWIFT_OPTIMIZATION_LEVEL = "-Onone";
			};
			name = Debug;
		};
		CD4BB2521BAA6D2400072773 /* Release */ = {
			isa = XCBuildConfiguration;
			baseConfigurationReference = B955DFDD506B0E9E45209427 /* Pods.release.xcconfig */;
			buildSettings = {
				ASSETCATALOG_COMPILER_APPICON_NAME = AppIcon;
				CLANG_ENABLE_MODULES = YES;
				CODE_SIGN_IDENTITY = "iPhone Developer";
				FRAMEWORK_SEARCH_PATHS = (
					"$(inherited)",
					"$(PROJECT_DIR)",
				);
				INFOPLIST_FILE = RCToolsDemo/Info.plist;
				LD_RUNPATH_SEARCH_PATHS = "$(inherited) @executable_path/Frameworks";
				PRODUCT_BUNDLE_IDENTIFIER = com.suanpi.nosmoking;
				PRODUCT_NAME = "$(TARGET_NAME)";
				SWIFT_OBJC_BRIDGING_HEADER = "RCToolsDemo/RCToolsDemo-Bridging-Header.h";
			};
			name = Release;
		};
		CD4BB2541BAA6D2400072773 /* Debug */ = {
			isa = XCBuildConfiguration;
			buildSettings = {
				BUNDLE_LOADER = "$(TEST_HOST)";
				FRAMEWORK_SEARCH_PATHS = (
					"$(SDKROOT)/Developer/Library/Frameworks",
					"$(inherited)",
				);
				GCC_PREPROCESSOR_DEFINITIONS = (
					"DEBUG=1",
					"$(inherited)",
				);
				INFOPLIST_FILE = RCToolsDemoTests/Info.plist;
				LD_RUNPATH_SEARCH_PATHS = "$(inherited) @executable_path/Frameworks @loader_path/Frameworks";
				PRODUCT_BUNDLE_IDENTIFIER = "net.rexcao.$(PRODUCT_NAME:rfc1034identifier)";
				PRODUCT_NAME = "$(TARGET_NAME)";
				TEST_HOST = "$(BUILT_PRODUCTS_DIR)/RCToolsDemo.app/RCToolsDemo";
			};
			name = Debug;
		};
		CD4BB2551BAA6D2400072773 /* Release */ = {
			isa = XCBuildConfiguration;
			buildSettings = {
				BUNDLE_LOADER = "$(TEST_HOST)";
				FRAMEWORK_SEARCH_PATHS = (
					"$(SDKROOT)/Developer/Library/Frameworks",
					"$(inherited)",
				);
				INFOPLIST_FILE = RCToolsDemoTests/Info.plist;
				LD_RUNPATH_SEARCH_PATHS = "$(inherited) @executable_path/Frameworks @loader_path/Frameworks";
				PRODUCT_BUNDLE_IDENTIFIER = "net.rexcao.$(PRODUCT_NAME:rfc1034identifier)";
				PRODUCT_NAME = "$(TARGET_NAME)";
				TEST_HOST = "$(BUILT_PRODUCTS_DIR)/RCToolsDemo.app/RCToolsDemo";
			};
			name = Release;
		};
/* End XCBuildConfiguration section */

/* Begin XCConfigurationList section */
		CD4BB22C1BAA6D2300072773 /* Build configuration list for PBXProject "RCToolsDemo" */ = {
			isa = XCConfigurationList;
			buildConfigurations = (
				CD4BB24E1BAA6D2400072773 /* Debug */,
				CD4BB24F1BAA6D2400072773 /* Release */,
			);
			defaultConfigurationIsVisible = 0;
			defaultConfigurationName = Release;
		};
		CD4BB2501BAA6D2400072773 /* Build configuration list for PBXNativeTarget "RCToolsDemo" */ = {
			isa = XCConfigurationList;
			buildConfigurations = (
				CD4BB2511BAA6D2400072773 /* Debug */,
				CD4BB2521BAA6D2400072773 /* Release */,
			);
			defaultConfigurationIsVisible = 0;
			defaultConfigurationName = Release;
		};
		CD4BB2531BAA6D2400072773 /* Build configuration list for PBXNativeTarget "RCToolsDemoTests" */ = {
			isa = XCConfigurationList;
			buildConfigurations = (
				CD4BB2541BAA6D2400072773 /* Debug */,
				CD4BB2551BAA6D2400072773 /* Release */,
			);
			defaultConfigurationIsVisible = 0;
			defaultConfigurationName = Release;
		};
/* End XCConfigurationList section */
	};
	rootObject = CD4BB2291BAA6D2300072773 /* Project object */;
}
