// !$*UTF8*$!
{
	archiveVersion = 1;
	classes = {
	};
	objectVersion = 46;
	objects = {

/* Begin PBXBuildFile section */
		CD13C91A1BABE5B4007CDA32 /* SecondBeenPresentedViewController.swift in Sources */ = {isa = PBXBuildFile; fileRef = CD13C9191BABE5B4007CDA32 /* SecondBeenPresentedViewController.swift */; };
		CD2B4D941BABB7D7003FFF19 /* BeenPresentedViewController.swift in Sources */ = {isa = PBXBuildFile; fileRef = CD2B4D931BABB7D7003FFF19 /* BeenPresentedViewController.swift */; };
		CD2B4D971BABC263003FFF19 /* WithNavBeenPresentedViewController.swift in Sources */ = {isa = PBXBuildFile; fileRef = CD2B4D961BABC263003FFF19 /* WithNavBeenPresentedViewController.swift */; };
		CD2B4D9A1BABC5FA003FFF19 /* TestWindowMask.swift in Sources */ = {isa = PBXBuildFile; fileRef = CD2B4D991BABC5FA003FFF19 /* TestWindowMask.swift */; };
		CD4661DA1BBA100B00FDFBDC /* FirstViewController.swift in Sources */ = {isa = PBXBuildFile; fileRef = CD4661D91BBA100B00FDFBDC /* FirstViewController.swift */; };
		CD4661DC1BBA101600FDFBDC /* SecondViewController.swift in Sources */ = {isa = PBXBuildFile; fileRef = CD4661DB1BBA101600FDFBDC /* SecondViewController.swift */; };
		CD4661DE1BBA102000FDFBDC /* ThirdViewController.swift in Sources */ = {isa = PBXBuildFile; fileRef = CD4661DD1BBA102000FDFBDC /* ThirdViewController.swift */; };
		CD4BB2371BAA6D2300072773 /* AppDelegate.swift in Sources */ = {isa = PBXBuildFile; fileRef = CD4BB2361BAA6D2300072773 /* AppDelegate.swift */; };
		CD4BB2391BAA6D2300072773 /* ViewController.swift in Sources */ = {isa = PBXBuildFile; fileRef = CD4BB2381BAA6D2300072773 /* ViewController.swift */; };
		CD4BB23C1BAA6D2300072773 /* Main.storyboard in Resources */ = {isa = PBXBuildFile; fileRef = CD4BB23A1BAA6D2300072773 /* Main.storyboard */; };
		CD4BB23E1BAA6D2300072773 /* Images.xcassets in Resources */ = {isa = PBXBuildFile; fileRef = CD4BB23D1BAA6D2300072773 /* Images.xcassets */; };
		CD4BB2411BAA6D2300072773 /* LaunchScreen.xib in Resources */ = {isa = PBXBuildFile; fileRef = CD4BB23F1BAA6D2300072773 /* LaunchScreen.xib */; };
		CD4BB24D1BAA6D2400072773 /* RCToolsDemoTests.swift in Sources */ = {isa = PBXBuildFile; fileRef = CD4BB24C1BAA6D2400072773 /* RCToolsDemoTests.swift */; };
		CD4BB2591BAA70B000072773 /* WindowMaskViewController.swift in Sources */ = {isa = PBXBuildFile; fileRef = CD4BB2581BAA70B000072773 /* WindowMaskViewController.swift */; };
		CD4BB25B1BAA70F000072773 /* RCTools.swift in Sources */ = {isa = PBXBuildFile; fileRef = CD4BB25A1BAA70F000072773 /* RCTools.swift */; };
		CD6582EF1BC7C9610053BD0E /* FifthViewController.swift in Sources */ = {isa = PBXBuildFile; fileRef = CD6582EE1BC7C9610053BD0E /* FifthViewController.swift */; };
		CD6582F11BC7C9710053BD0E /* PresentedViewController.swift in Sources */ = {isa = PBXBuildFile; fileRef = CD6582F01BC7C9710053BD0E /* PresentedViewController.swift */; };
		CD7C96AC1BB4E311001754A1 /* ScenesTransitionViewController.swift in Sources */ = {isa = PBXBuildFile; fileRef = CD7C96AB1BB4E311001754A1 /* ScenesTransitionViewController.swift */; };
		CD7FCDEA1BC6433200A126A6 /* FourthViewController.swift in Sources */ = {isa = PBXBuildFile; fileRef = CD7FCDE91BC6433200A126A6 /* FourthViewController.swift */; };
		CD8816C41BBB959F0052EA45 /* SegueTools.swift in Sources */ = {isa = PBXBuildFile; fileRef = CD8816C31BBB959F0052EA45 /* SegueTools.swift */; };
		CDBAC6E01BB5328200ADB568 /* ContainerViewController.swift in Sources */ = {isa = PBXBuildFile; fileRef = CDBAC6DF1BB5328200ADB568 /* ContainerViewController.swift */; };
		CDE315831BAD3F8100D2C6AF /* MaskViewController.swift in Sources */ = {isa = PBXBuildFile; fileRef = CDE315821BAD3F8100D2C6AF /* MaskViewController.swift */; };
/* End PBXBuildFile section */

/* Begin PBXContainerItemProxy section */
		CD4BB2471BAA6D2400072773 /* PBXContainerItemProxy */ = {
			isa = PBXContainerItemProxy;
			containerPortal = CD4BB2291BAA6D2300072773 /* Project object */;
			proxyType = 1;
			remoteGlobalIDString = CD4BB2301BAA6D2300072773;
			remoteInfo = RCToolsDemo;
		};
/* End PBXContainerItemProxy section */

/* Begin PBXFileReference section */
		CD13C9191BABE5B4007CDA32 /* SecondBeenPresentedViewController.swift */ = {isa = PBXFileReference; fileEncoding = 4; lastKnownFileType = sourcecode.swift; path = SecondBeenPresentedViewController.swift; sourceTree = "<group>"; };
		CD2B4D931BABB7D7003FFF19 /* BeenPresentedViewController.swift */ = {isa = PBXFileReference; fileEncoding = 4; lastKnownFileType = sourcecode.swift; path = BeenPresentedViewController.swift; sourceTree = "<group>"; };
		CD2B4D961BABC263003FFF19 /* WithNavBeenPresentedViewController.swift */ = {isa = PBXFileReference; fileEncoding = 4; lastKnownFileType = sourcecode.swift; path = WithNavBeenPresentedViewController.swift; sourceTree = "<group>"; };
		CD2B4D991BABC5FA003FFF19 /* TestWindowMask.swift */ = {isa = PBXFileReference; fileEncoding = 4; lastKnownFileType = sourcecode.swift; path = TestWindowMask.swift; sourceTree = "<group>"; };
		CD4661D91BBA100B00FDFBDC /* FirstViewController.swift */ = {isa = PBXFileReference; fileEncoding = 4; lastKnownFileType = sourcecode.swift; path = FirstViewController.swift; sourceTree = "<group>"; };
		CD4661DB1BBA101600FDFBDC /* SecondViewController.swift */ = {isa = PBXFileReference; fileEncoding = 4; lastKnownFileType = sourcecode.swift; path = SecondViewController.swift; sourceTree = "<group>"; };
		CD4661DD1BBA102000FDFBDC /* ThirdViewController.swift */ = {isa = PBXFileReference; fileEncoding = 4; lastKnownFileType = sourcecode.swift; path = ThirdViewController.swift; sourceTree = "<group>"; };
		CD4BB2311BAA6D2300072773 /* RCToolsDemo.app */ = {isa = PBXFileReference; explicitFileType = wrapper.application; includeInIndex = 0; path = RCToolsDemo.app; sourceTree = BUILT_PRODUCTS_DIR; };
		CD4BB2351BAA6D2300072773 /* Info.plist */ = {isa = PBXFileReference; lastKnownFileType = text.plist.xml; path = Info.plist; sourceTree = "<group>"; };
		CD4BB2361BAA6D2300072773 /* AppDelegate.swift */ = {isa = PBXFileReference; lastKnownFileType = sourcecode.swift; path = AppDelegate.swift; sourceTree = "<group>"; };
		CD4BB2381BAA6D2300072773 /* ViewController.swift */ = {isa = PBXFileReference; lastKnownFileType = sourcecode.swift; path = ViewController.swift; sourceTree = "<group>"; };
		CD4BB23B1BAA6D2300072773 /* Base */ = {isa = PBXFileReference; lastKnownFileType = file.storyboard; name = Base; path = Base.lproj/Main.storyboard; sourceTree = "<group>"; };
		CD4BB23D1BAA6D2300072773 /* Images.xcassets */ = {isa = PBXFileReference; lastKnownFileType = folder.assetcatalog; path = Images.xcassets; sourceTree = "<group>"; };
		CD4BB2401BAA6D2300072773 /* Base */ = {isa = PBXFileReference; lastKnownFileType = file.xib; name = Base; path = Base.lproj/LaunchScreen.xib; sourceTree = "<group>"; };
		CD4BB2461BAA6D2400072773 /* RCToolsDemoTests.xctest */ = {isa = PBXFileReference; explicitFileType = wrapper.cfbundle; includeInIndex = 0; path = RCToolsDemoTests.xctest; sourceTree = BUILT_PRODUCTS_DIR; };
		CD4BB24B1BAA6D2400072773 /* Info.plist */ = {isa = PBXFileReference; lastKnownFileType = text.plist.xml; path = Info.plist; sourceTree = "<group>"; };
		CD4BB24C1BAA6D2400072773 /* RCToolsDemoTests.swift */ = {isa = PBXFileReference; lastKnownFileType = sourcecode.swift; path = RCToolsDemoTests.swift; sourceTree = "<group>"; };
		CD4BB2581BAA70B000072773 /* WindowMaskViewController.swift */ = {isa = PBXFileReference; fileEncoding = 4; lastKnownFileType = sourcecode.swift; path = WindowMaskViewController.swift; sourceTree = "<group>"; };
		CD4BB25A1BAA70F000072773 /* RCTools.swift */ = {isa = PBXFileReference; fileEncoding = 4; lastKnownFileType = sourcecode.swift; path = RCTools.swift; sourceTree = "<group>"; };
		CD6582EE1BC7C9610053BD0E /* FifthViewController.swift */ = {isa = PBXFileReference; fileEncoding = 4; lastKnownFileType = sourcecode.swift; path = FifthViewController.swift; sourceTree = "<group>"; };
		CD6582F01BC7C9710053BD0E /* PresentedViewController.swift */ = {isa = PBXFileReference; fileEncoding = 4; lastKnownFileType = sourcecode.swift; path = PresentedViewController.swift; sourceTree = "<group>"; };
		CD7C96AB1BB4E311001754A1 /* ScenesTransitionViewController.swift */ = {isa = PBXFileReference; fileEncoding = 4; lastKnownFileType = sourcecode.swift; path = ScenesTransitionViewController.swift; sourceTree = "<group>"; };
		CD7FCDE91BC6433200A126A6 /* FourthViewController.swift */ = {isa = PBXFileReference; fileEncoding = 4; lastKnownFileType = sourcecode.swift; path = FourthViewController.swift; sourceTree = "<group>"; };
		CD8816C31BBB959F0052EA45 /* SegueTools.swift */ = {isa = PBXFileReference; fileEncoding = 4; lastKnownFileType = sourcecode.swift; path = SegueTools.swift; sourceTree = "<group>"; };
		CDBAC6DF1BB5328200ADB568 /* ContainerViewController.swift */ = {isa = PBXFileReference; fileEncoding = 4; lastKnownFileType = sourcecode.swift; path = ContainerViewController.swift; sourceTree = "<group>"; };
		CDE315821BAD3F8100D2C6AF /* MaskViewController.swift */ = {isa = PBXFileReference; fileEncoding = 4; lastKnownFileType = sourcecode.swift; path = MaskViewController.swift; sourceTree = "<group>"; };
/* End PBXFileReference section */

/* Begin PBXFrameworksBuildPhase section */
		CD4BB22E1BAA6D2300072773 /* Frameworks */ = {
			isa = PBXFrameworksBuildPhase;
			buildActionMask = 2147483647;
			files = (
			);
			runOnlyForDeploymentPostprocessing = 0;
		};
		CD4BB2431BAA6D2400072773 /* Frameworks */ = {
			isa = PBXFrameworksBuildPhase;
			buildActionMask = 2147483647;
			files = (
			);
			runOnlyForDeploymentPostprocessing = 0;
		};
/* End PBXFrameworksBuildPhase section */

/* Begin PBXGroup section */
		CD2B4D951BABC1A4003FFF19 /* Mask */ = {
			isa = PBXGroup;
			children = (
				CD4BB2581BAA70B000072773 /* WindowMaskViewController.swift */,
				CD2B4D931BABB7D7003FFF19 /* BeenPresentedViewController.swift */,
				CD2B4D961BABC263003FFF19 /* WithNavBeenPresentedViewController.swift */,
				CD13C9191BABE5B4007CDA32 /* SecondBeenPresentedViewController.swift */,
				CDE315821BAD3F8100D2C6AF /* MaskViewController.swift */,
			);
			name = Mask;
			sourceTree = "<group>";
		};
		CD2B4D981BABC5DD003FFF19 /* Classes */ = {
			isa = PBXGroup;
			children = (
				CD2B4D991BABC5FA003FFF19 /* TestWindowMask.swift */,
			);
			name = Classes;
			sourceTree = "<group>";
		};
		CD4BB2281BAA6D2300072773 = {
			isa = PBXGroup;
			children = (
				CD4BB2561BAA6D4100072773 /* RCTools */,
				CD4BB2331BAA6D2300072773 /* RCToolsDemo */,
				CD4BB2491BAA6D2400072773 /* RCToolsDemoTests */,
				CD4BB2321BAA6D2300072773 /* Products */,
			);
			sourceTree = "<group>";
		};
		CD4BB2321BAA6D2300072773 /* Products */ = {
			isa = PBXGroup;
			children = (
				CD4BB2311BAA6D2300072773 /* RCToolsDemo.app */,
				CD4BB2461BAA6D2400072773 /* RCToolsDemoTests.xctest */,
			);
			name = Products;
			sourceTree = "<group>";
		};
		CD4BB2331BAA6D2300072773 /* RCToolsDemo */ = {
			isa = PBXGroup;
			children = (
				CD4BB2571BAA6D9800072773 /* Controllers */,
				CD4BB23A1BAA6D2300072773 /* Main.storyboard */,
				CD4BB2341BAA6D2300072773 /* Supporting Files */,
			);
			path = RCToolsDemo;
			sourceTree = "<group>";
		};
		CD4BB2341BAA6D2300072773 /* Supporting Files */ = {
			isa = PBXGroup;
			children = (
				CD4BB2361BAA6D2300072773 /* AppDelegate.swift */,
				CD4BB23D1BAA6D2300072773 /* Images.xcassets */,
				CD4BB23F1BAA6D2300072773 /* LaunchScreen.xib */,
				CD4BB2351BAA6D2300072773 /* Info.plist */,
			);
			name = "Supporting Files";
			sourceTree = "<group>";
		};
		CD4BB2491BAA6D2400072773 /* RCToolsDemoTests */ = {
			isa = PBXGroup;
			children = (
				CD4BB24C1BAA6D2400072773 /* RCToolsDemoTests.swift */,
				CD4BB24A1BAA6D2400072773 /* Supporting Files */,
			);
			path = RCToolsDemoTests;
			sourceTree = "<group>";
		};
		CD4BB24A1BAA6D2400072773 /* Supporting Files */ = {
			isa = PBXGroup;
			children = (
				CD4BB24B1BAA6D2400072773 /* Info.plist */,
			);
			name = "Supporting Files";
			sourceTree = "<group>";
		};
		CD4BB2561BAA6D4100072773 /* RCTools */ = {
			isa = PBXGroup;
			children = (
				CD4BB25A1BAA70F000072773 /* RCTools.swift */,
				CD8816C31BBB959F0052EA45 /* SegueTools.swift */,
			);
			name = RCTools;
			sourceTree = "<group>";
		};
		CD4BB2571BAA6D9800072773 /* Controllers */ = {
			isa = PBXGroup;
			children = (
				CD7C96AA1BB4E2FE001754A1 /* Transition */,
				CD2B4D981BABC5DD003FFF19 /* Classes */,
				CD2B4D951BABC1A4003FFF19 /* Mask */,
				CD4BB2381BAA6D2300072773 /* ViewController.swift */,
			);
			name = Controllers;
			sourceTree = "<group>";
		};
		CD7C96AA1BB4E2FE001754A1 /* Transition */ = {
			isa = PBXGroup;
			children = (
				CD7C96AB1BB4E311001754A1 /* ScenesTransitionViewController.swift */,
				CDBAC6DF1BB5328200ADB568 /* ContainerViewController.swift */,
				CD4661D91BBA100B00FDFBDC /* FirstViewController.swift */,
				CD4661DB1BBA101600FDFBDC /* SecondViewController.swift */,
				CD4661DD1BBA102000FDFBDC /* ThirdViewController.swift */,
				CD7FCDE91BC6433200A126A6 /* FourthViewController.swift */,
				CD6582EE1BC7C9610053BD0E /* FifthViewController.swift */,
				CD6582F01BC7C9710053BD0E /* PresentedViewController.swift */,
			);
			name = Transition;
			sourceTree = "<group>";
		};
/* End PBXGroup section */

/* Begin PBXNativeTarget section */
		CD4BB2301BAA6D2300072773 /* RCToolsDemo */ = {
			isa = PBXNativeTarget;
			buildConfigurationList = CD4BB2501BAA6D2400072773 /* Build configuration list for PBXNativeTarget "RCToolsDemo" */;
			buildPhases = (
				CD4BB22D1BAA6D2300072773 /* Sources */,
				CD4BB22E1BAA6D2300072773 /* Frameworks */,
				CD4BB22F1BAA6D2300072773 /* Resources */,
			);
			buildRules = (
			);
			dependencies = (
			);
			name = RCToolsDemo;
			productName = RCToolsDemo;
			productReference = CD4BB2311BAA6D2300072773 /* RCToolsDemo.app */;
			productType = "com.apple.product-type.application";
		};
		CD4BB2451BAA6D2400072773 /* RCToolsDemoTests */ = {
			isa = PBXNativeTarget;
			buildConfigurationList = CD4BB2531BAA6D2400072773 /* Build configuration list for PBXNativeTarget "RCToolsDemoTests" */;
			buildPhases = (
				CD4BB2421BAA6D2400072773 /* Sources */,
				CD4BB2431BAA6D2400072773 /* Frameworks */,
				CD4BB2441BAA6D2400072773 /* Resources */,
			);
			buildRules = (
			);
			dependencies = (
				CD4BB2481BAA6D2400072773 /* PBXTargetDependency */,
			);
			name = RCToolsDemoTests;
			productName = RCToolsDemoTests;
			productReference = CD4BB2461BAA6D2400072773 /* RCToolsDemoTests.xctest */;
			productType = "com.apple.product-type.bundle.unit-test";
		};
/* End PBXNativeTarget section */

/* Begin PBXProject section */
		CD4BB2291BAA6D2300072773 /* Project object */ = {
			isa = PBXProject;
			attributes = {
				LastUpgradeCheck = 0640;
				ORGANIZATIONNAME = rexcao;
				TargetAttributes = {
					CD4BB2301BAA6D2300072773 = {
						CreatedOnToolsVersion = 6.4;
					};
					CD4BB2451BAA6D2400072773 = {
						CreatedOnToolsVersion = 6.4;
						TestTargetID = CD4BB2301BAA6D2300072773;
					};
				};
			};
			buildConfigurationList = CD4BB22C1BAA6D2300072773 /* Build configuration list for PBXProject "RCToolsDemo" */;
			compatibilityVersion = "Xcode 3.2";
			developmentRegion = English;
			hasScannedForEncodings = 0;
			knownRegions = (
				en,
				Base,
			);
			mainGroup = CD4BB2281BAA6D2300072773;
			productRefGroup = CD4BB2321BAA6D2300072773 /* Products */;
			projectDirPath = "";
			projectRoot = "";
			targets = (
				CD4BB2301BAA6D2300072773 /* RCToolsDemo */,
				CD4BB2451BAA6D2400072773 /* RCToolsDemoTests */,
			);
		};
/* End PBXProject section */

/* Begin PBXResourcesBuildPhase section */
		CD4BB22F1BAA6D2300072773 /* Resources */ = {
			isa = PBXResourcesBuildPhase;
			buildActionMask = 2147483647;
			files = (
				CD4BB23C1BAA6D2300072773 /* Main.storyboard in Resources */,
				CD4BB2411BAA6D2300072773 /* LaunchScreen.xib in Resources */,
				CD4BB23E1BAA6D2300072773 /* Images.xcassets in Resources */,
			);
			runOnlyForDeploymentPostprocessing = 0;
		};
		CD4BB2441BAA6D2400072773 /* Resources */ = {
			isa = PBXResourcesBuildPhase;
			buildActionMask = 2147483647;
			files = (
			);
			runOnlyForDeploymentPostprocessing = 0;
		};
/* End PBXResourcesBuildPhase section */

/* Begin PBXSourcesBuildPhase section */
		CD4BB22D1BAA6D2300072773 /* Sources */ = {
			isa = PBXSourcesBuildPhase;
			buildActionMask = 2147483647;
			files = (
				CD8816C41BBB959F0052EA45 /* SegueTools.swift in Sources */,
				CD6582EF1BC7C9610053BD0E /* FifthViewController.swift in Sources */,
				CD2B4D9A1BABC5FA003FFF19 /* TestWindowMask.swift in Sources */,
				CD13C91A1BABE5B4007CDA32 /* SecondBeenPresentedViewController.swift in Sources */,
				CD2B4D941BABB7D7003FFF19 /* BeenPresentedViewController.swift in Sources */,
				CD6582F11BC7C9710053BD0E /* PresentedViewController.swift in Sources */,
				CD4661DA1BBA100B00FDFBDC /* FirstViewController.swift in Sources */,
				CD4BB2391BAA6D2300072773 /* ViewController.swift in Sources */,
				CD7C96AC1BB4E311001754A1 /* ScenesTransitionViewController.swift in Sources */,
				CD4661DC1BBA101600FDFBDC /* SecondViewController.swift in Sources */,
				CD4BB2591BAA70B000072773 /* WindowMaskViewController.swift in Sources */,
				CD4BB25B1BAA70F000072773 /* RCTools.swift in Sources */,
				CD4BB2371BAA6D2300072773 /* AppDelegate.swift in Sources */,
				CD4661DE1BBA102000FDFBDC /* ThirdViewController.swift in Sources */,
				CD7FCDEA1BC6433200A126A6 /* FourthViewController.swift in Sources */,
				CDE315831BAD3F8100D2C6AF /* MaskViewController.swift in Sources */,
				CDBAC6E01BB5328200ADB568 /* ContainerViewController.swift in Sources */,
				CD2B4D971BABC263003FFF19 /* WithNavBeenPresentedViewController.swift in Sources */,
			);
			runOnlyForDeploymentPostprocessing = 0;
		};
		CD4BB2421BAA6D2400072773 /* Sources */ = {
			isa = PBXSourcesBuildPhase;
			buildActionMask = 2147483647;
			files = (
				CD4BB24D1BAA6D2400072773 /* RCToolsDemoTests.swift in Sources */,
			);
			runOnlyForDeploymentPostprocessing = 0;
		};
/* End PBXSourcesBuildPhase section */

/* Begin PBXTargetDependency section */
		CD4BB2481BAA6D2400072773 /* PBXTargetDependency */ = {
			isa = PBXTargetDependency;
			target = CD4BB2301BAA6D2300072773 /* RCToolsDemo */;
			targetProxy = CD4BB2471BAA6D2400072773 /* PBXContainerItemProxy */;
		};
/* End PBXTargetDependency section */

/* Begin PBXVariantGroup section */
		CD4BB23A1BAA6D2300072773 /* Main.storyboard */ = {
			isa = PBXVariantGroup;
			children = (
				CD4BB23B1BAA6D2300072773 /* Base */,
			);
			name = Main.storyboard;
			sourceTree = "<group>";
		};
		CD4BB23F1BAA6D2300072773 /* LaunchScreen.xib */ = {
			isa = PBXVariantGroup;
			children = (
				CD4BB2401BAA6D2300072773 /* Base */,
			);
			name = LaunchScreen.xib;
			sourceTree = "<group>";
		};
/* End PBXVariantGroup section */

/* Begin XCBuildConfiguration section */
		CD4BB24E1BAA6D2400072773 /* Debug */ = {
			isa = XCBuildConfiguration;
			buildSettings = {
				ALWAYS_SEARCH_USER_PATHS = NO;
				CLANG_CXX_LANGUAGE_STANDARD = "gnu++0x";
				CLANG_CXX_LIBRARY = "libc++";
				CLANG_ENABLE_MODULES = YES;
				CLANG_ENABLE_OBJC_ARC = YES;
				CLANG_WARN_BOOL_CONVERSION = YES;
				CLANG_WARN_CONSTANT_CONVERSION = YES;
				CLANG_WARN_DIRECT_OBJC_ISA_USAGE = YES_ERROR;
				CLANG_WARN_EMPTY_BODY = YES;
				CLANG_WARN_ENUM_CONVERSION = YES;
				CLANG_WARN_INT_CONVERSION = YES;
				CLANG_WARN_OBJC_ROOT_CLASS = YES_ERROR;
				CLANG_WARN_UNREACHABLE_CODE = YES;
				CLANG_WARN__DUPLICATE_METHOD_MATCH = YES;
				"CODE_SIGN_IDENTITY[sdk=iphoneos*]" = "iPhone Developer";
				COPY_PHASE_STRIP = NO;
				DEBUG_INFORMATION_FORMAT = "dwarf-with-dsym";
				ENABLE_STRICT_OBJC_MSGSEND = YES;
				GCC_C_LANGUAGE_STANDARD = gnu99;
				GCC_DYNAMIC_NO_PIC = NO;
				GCC_NO_COMMON_BLOCKS = YES;
				GCC_OPTIMIZATION_LEVEL = 0;
				GCC_PREPROCESSOR_DEFINITIONS = (
					"DEBUG=1",
					"$(inherited)",
				);
				GCC_SYMBOLS_PRIVATE_EXTERN = NO;
				GCC_WARN_64_TO_32_BIT_CONVERSION = YES;
				GCC_WARN_ABOUT_RETURN_TYPE = YES_ERROR;
				GCC_WARN_UNDECLARED_SELECTOR = YES;
				GCC_WARN_UNINITIALIZED_AUTOS = YES_AGGRESSIVE;
				GCC_WARN_UNUSED_FUNCTION = YES;
				GCC_WARN_UNUSED_VARIABLE = YES;
				IPHONEOS_DEPLOYMENT_TARGET = 8.4;
				MTL_ENABLE_DEBUG_INFO = YES;
				ONLY_ACTIVE_ARCH = YES;
				SDKROOT = iphoneos;
				SWIFT_OPTIMIZATION_LEVEL = "-Onone";
				TARGETED_DEVICE_FAMILY = "1,2";
			};
			name = Debug;
		};
		CD4BB24F1BAA6D2400072773 /* Release */ = {
			isa = XCBuildConfiguration;
			buildSettings = {
				ALWAYS_SEARCH_USER_PATHS = NO;
				CLANG_CXX_LANGUAGE_STANDARD = "gnu++0x";
				CLANG_CXX_LIBRARY = "libc++";
				CLANG_ENABLE_MODULES = YES;
				CLANG_ENABLE_OBJC_ARC = YES;
				CLANG_WARN_BOOL_CONVERSION = YES;
				CLANG_WARN_CONSTANT_CONVERSION = YES;
				CLANG_WARN_DIRECT_OBJC_ISA_USAGE = YES_ERROR;
				CLANG_WARN_EMPTY_BODY = YES;
				CLANG_WARN_ENUM_CONVERSION = YES;
				CLANG_WARN_INT_CONVERSION = YES;
				CLANG_WARN_OBJC_ROOT_CLASS = YES_ERROR;
				CLANG_WARN_UNREACHABLE_CODE = YES;
				CLANG_WARN__DUPLICATE_METHOD_MATCH = YES;
				"CODE_SIGN_IDENTITY[sdk=iphoneos*]" = "iPhone Developer";
				COPY_PHASE_STRIP = NO;
				DEBUG_INFORMATION_FORMAT = "dwarf-with-dsym";
				ENABLE_NS_ASSERTIONS = NO;
				ENABLE_STRICT_OBJC_MSGSEND = YES;
				GCC_C_LANGUAGE_STANDARD = gnu99;
				GCC_NO_COMMON_BLOCKS = YES;
				GCC_WARN_64_TO_32_BIT_CONVERSION = YES;
				GCC_WARN_ABOUT_RETURN_TYPE = YES_ERROR;
				GCC_WARN_UNDECLARED_SELECTOR = YES;
				GCC_WARN_UNINITIALIZED_AUTOS = YES_AGGRESSIVE;
				GCC_WARN_UNUSED_FUNCTION = YES;
				GCC_WARN_UNUSED_VARIABLE = YES;
				IPHONEOS_DEPLOYMENT_TARGET = 8.4;
				MTL_ENABLE_DEBUG_INFO = NO;
				SDKROOT = iphoneos;
				TARGETED_DEVICE_FAMILY = "1,2";
				VALIDATE_PRODUCT = YES;
			};
			name = Release;
		};
		CD4BB2511BAA6D2400072773 /* Debug */ = {
			isa = XCBuildConfiguration;
			buildSettings = {
				ASSETCATALOG_COMPILER_APPICON_NAME = AppIcon;
				INFOPLIST_FILE = RCToolsDemo/Info.plist;
				LD_RUNPATH_SEARCH_PATHS = "$(inherited) @executable_path/Frameworks";
				PRODUCT_NAME = "$(TARGET_NAME)";
			};
			name = Debug;
		};
		CD4BB2521BAA6D2400072773 /* Release */ = {
			isa = XCBuildConfiguration;
			buildSettings = {
				ASSETCATALOG_COMPILER_APPICON_NAME = AppIcon;
				INFOPLIST_FILE = RCToolsDemo/Info.plist;
				LD_RUNPATH_SEARCH_PATHS = "$(inherited) @executable_path/Frameworks";
				PRODUCT_NAME = "$(TARGET_NAME)";
			};
			name = Release;
		};
		CD4BB2541BAA6D2400072773 /* Debug */ = {
			isa = XCBuildConfiguration;
			buildSettings = {
				BUNDLE_LOADER = "$(TEST_HOST)";
				FRAMEWORK_SEARCH_PATHS = (
					"$(SDKROOT)/Developer/Library/Frameworks",
					"$(inherited)",
				);
				GCC_PREPROCESSOR_DEFINITIONS = (
					"DEBUG=1",
					"$(inherited)",
				);
				INFOPLIST_FILE = RCToolsDemoTests/Info.plist;
				LD_RUNPATH_SEARCH_PATHS = "$(inherited) @executable_path/Frameworks @loader_path/Frameworks";
				PRODUCT_NAME = "$(TARGET_NAME)";
				TEST_HOST = "$(BUILT_PRODUCTS_DIR)/RCToolsDemo.app/RCToolsDemo";
			};
			name = Debug;
		};
		CD4BB2551BAA6D2400072773 /* Release */ = {
			isa = XCBuildConfiguration;
			buildSettings = {
				BUNDLE_LOADER = "$(TEST_HOST)";
				FRAMEWORK_SEARCH_PATHS = (
					"$(SDKROOT)/Developer/Library/Frameworks",
					"$(inherited)",
				);
				INFOPLIST_FILE = RCToolsDemoTests/Info.plist;
				LD_RUNPATH_SEARCH_PATHS = "$(inherited) @executable_path/Frameworks @loader_path/Frameworks";
				PRODUCT_NAME = "$(TARGET_NAME)";
				TEST_HOST = "$(BUILT_PRODUCTS_DIR)/RCToolsDemo.app/RCToolsDemo";
			};
			name = Release;
		};
/* End XCBuildConfiguration section */

/* Begin XCConfigurationList section */
		CD4BB22C1BAA6D2300072773 /* Build configuration list for PBXProject "RCToolsDemo" */ = {
			isa = XCConfigurationList;
			buildConfigurations = (
				CD4BB24E1BAA6D2400072773 /* Debug */,
				CD4BB24F1BAA6D2400072773 /* Release */,
			);
			defaultConfigurationIsVisible = 0;
			defaultConfigurationName = Release;
		};
		CD4BB2501BAA6D2400072773 /* Build configuration list for PBXNativeTarget "RCToolsDemo" */ = {
			isa = XCConfigurationList;
			buildConfigurations = (
				CD4BB2511BAA6D2400072773 /* Debug */,
				CD4BB2521BAA6D2400072773 /* Release */,
			);
			defaultConfigurationIsVisible = 0;
			defaultConfigurationName = Release;
		};
		CD4BB2531BAA6D2400072773 /* Build configuration list for PBXNativeTarget "RCToolsDemoTests" */ = {
			isa = XCConfigurationList;
			buildConfigurations = (
				CD4BB2541BAA6D2400072773 /* Debug */,
				CD4BB2551BAA6D2400072773 /* Release */,
			);
			defaultConfigurationIsVisible = 0;
			defaultConfigurationName = Release;
		};
/* End XCConfigurationList section */
	};
	rootObject = CD4BB2291BAA6D2300072773 /* Project object */;
}
